
Microsoft Visual Studio Solution File, Format Version 12.00
# Visual Studio Version 17
VisualStudioVersion = 17.4.33006.217
MinimumVisualStudioVersion = 10.0.40219.1
Project("{2150E333-8FDC-42A3-9474-1A3956D46DE8}") = "src", "src", "{AD7AB001-3AF0-48C7-B277-513A2A2D6275}"
EndProject
Project("{9A19103F-16F7-4668-BE54-9A1E7A4F7556}") = "DH.PluginCore", "src\DH.PluginCore\DH.PluginCore.csproj", "{E3453AC8-1D42-494B-8E21-2E4EFA105B8D}"
EndProject
Project("{2150E333-8FDC-42A3-9474-1A3956D46DE8}") = "Plugins", "Plugins", "{FE466F83-07F0-477A-82D5-3CD3B614D874}"
EndProject
Project("{9A19103F-16F7-4668-BE54-9A1E7A4F7556}") = "DH.PluginCore.IPlugins", "src\DH.PluginCore.IPlugins\DH.PluginCore.IPlugins.csproj", "{C25137B0-AEBD-48ED-B030-C22D7AE69448}"
EndProject
Project("{9A19103F-16F7-4668-BE54-9A1E7A4F7556}") = "DH.PluginCore.IPlugins.AspNetCore", "src\DH.PluginCore.IPlugins.AspNetCore\DH.PluginCore.IPlugins.AspNetCore.csproj", "{2BF53C82-636D-4852-BF0C-44267CDD70EF}"
EndProject
Project("{9A19103F-16F7-4668-BE54-9A1E7A4F7556}") = "DH.PluginCore.AspNetCore", "src\DH.PluginCore.AspNetCore\DH.PluginCore.AspNetCore.csproj", "{558F2084-BCA2-4261-AA28-F4B988E19B8E}"
EndProject
Project("{9A19103F-16F7-4668-BE54-9A1E7A4F7556}") = "DH.PluginCore.VueAspNetCore", "src\DH.PluginCore.VueAspNetCore\DH.PluginCore.VueAspNetCore.csproj", "{11F9A54D-EF5F-498C-9B6F-F452E41816F6}"
EndProject
Project("{2150E333-8FDC-42A3-9474-1A3956D46DE8}") = "demo", "demo", "{0101909E-8F59-4941-BF55-6B7D03716BC5}"
EndProject
Project("{2150E333-8FDC-42A3-9474-1A3956D46DE8}") = "plugins", "plugins", "{E8604150-407B-4959-B8F3-BC6A00AF4A2D}"
EndProject
Project("{9A19103F-16F7-4668-BE54-9A1E7A4F7556}") = "DemoPluginsNetCore7", "demo\DemoPluginsNetCore7\DemoPluginsNetCore7.csproj", "{8C0C2732-C3D9-4E88-B3DB-F16B20A21918}"
EndProject
Project("{9A19103F-16F7-4668-BE54-9A1E7A4F7556}") = "HelloWorldPlugin", "plugins\HelloWorldPlugin\HelloWorldPlugin.csproj", "{75DDED76-FB76-4A30-B1CC-D59197F82AEC}"
EndProject
Project("{9A19103F-16F7-4668-BE54-9A1E7A4F7556}") = "DemoPlugins1", "demo\DemoPlugins1\DemoPlugins1.csproj", "{8DB91DC5-8970-45A5-B85E-0413064D3118}"
EndProject
Project("{2150E333-8FDC-42A3-9474-1A3956D46DE8}") = "Plugin1", "Plugin1", "{E05CDE1D-08ED-4160-85A9-7AC8D2FA8517}"
	ProjectSection(SolutionItems) = preProject
		ReadMe.txt = ReadMe.txt
	EndProjectSection
EndProject
Project("{2150E333-8FDC-42A3-9474-1A3956D46DE8}") = "Plugin2", "Plugin2", "{263E5F6A-8C73-4B51-BE28-8BDE78CA3E65}"
EndProject
Project("{2150E333-8FDC-42A3-9474-1A3956D46DE8}") = "demo", "demo", "{9F6E4C76-E2FB-4008-B5EA-4C0E88AC9FA0}"
EndProject
Project("{9A19103F-16F7-4668-BE54-9A1E7A4F7556}") = "CoolCatPluginDemo", "demo\CoolCatPluginDemo\CoolCatPluginDemo.csproj", "{9914E29E-F86B-4569-B783-11133EF01A52}"
EndProject
Project("{9A19103F-16F7-4668-BE54-9A1E7A4F7556}") = "DH.CoolCat.Core", "src\DH.CoolCat.Core\DH.CoolCat.Core.csproj", "{81C99502-8AE4-43AF-9C82-13813BAFDA53}"
EndProject
Project("{9A19103F-16F7-4668-BE54-9A1E7A4F7556}") = "DH.CoolCat.Core.Mvc", "src\DH.CoolCat.Core.Mvc\DH.CoolCat.Core.Mvc.csproj", "{2CDB6483-8ADE-4973-9960-855FBEAA5395}"
EndProject
Project("{2150E333-8FDC-42A3-9474-1A3956D46DE8}") = "plugins", "plugins", "{3796F065-C4F6-45BA-A6EB-76D33E5863D8}"
EndProject
Project("{9A19103F-16F7-4668-BE54-9A1E7A4F7556}") = "DemoPlugin1", "plugins\DemoPlugin1\DemoPlugin1.csproj", "{A4893F49-D80D-4860-A231-5B3B02952E00}"
EndProject
Project("{2150E333-8FDC-42A3-9474-1A3956D46DE8}") = "解决方案项", "解决方案项", "{4CD50589-F057-406C-BCAE-50426AE9B0E5}"
	ProjectSection(SolutionItems) = preProject
		global.json = global.json
		NuGet.config = NuGet.config
		version.props = version.props
	EndProjectSection
EndProject
Project("{2150E333-8FDC-42A3-9474-1A3956D46DE8}") = "Demo", "Demo", "{5DD2E8CB-E978-4454-A6B3-F5FB58AC8965}"
EndProject
Global
	GlobalSection(SolutionConfigurationPlatforms) = preSolution
		Debug|Any CPU = Debug|Any CPU
		Release|Any CPU = Release|Any CPU
	EndGlobalSection
	GlobalSection(ProjectConfigurationPlatforms) = postSolution
		{E3453AC8-1D42-494B-8E21-2E4EFA105B8D}.Debug|Any CPU.ActiveCfg = Debug|Any CPU
		{E3453AC8-1D42-494B-8E21-2E4EFA105B8D}.Debug|Any CPU.Build.0 = Debug|Any CPU
		{E3453AC8-1D42-494B-8E21-2E4EFA105B8D}.Release|Any CPU.ActiveCfg = Release|Any CPU
		{E3453AC8-1D42-494B-8E21-2E4EFA105B8D}.Release|Any CPU.Build.0 = Release|Any CPU
		{C25137B0-AEBD-48ED-B030-C22D7AE69448}.Debug|Any CPU.ActiveCfg = Debug|Any CPU
		{C25137B0-AEBD-48ED-B030-C22D7AE69448}.Debug|Any CPU.Build.0 = Debug|Any CPU
		{C25137B0-AEBD-48ED-B030-C22D7AE69448}.Release|Any CPU.ActiveCfg = Release|Any CPU
		{C25137B0-AEBD-48ED-B030-C22D7AE69448}.Release|Any CPU.Build.0 = Release|Any CPU
		{2BF53C82-636D-4852-BF0C-44267CDD70EF}.Debug|Any CPU.ActiveCfg = Debug|Any CPU
		{2BF53C82-636D-4852-BF0C-44267CDD70EF}.Debug|Any CPU.Build.0 = Debug|Any CPU
		{2BF53C82-636D-4852-BF0C-44267CDD70EF}.Release|Any CPU.ActiveCfg = Release|Any CPU
		{2BF53C82-636D-4852-BF0C-44267CDD70EF}.Release|Any CPU.Build.0 = Release|Any CPU
		{558F2084-BCA2-4261-AA28-F4B988E19B8E}.Debug|Any CPU.ActiveCfg = Debug|Any CPU
		{558F2084-BCA2-4261-AA28-F4B988E19B8E}.Debug|Any CPU.Build.0 = Debug|Any CPU
		{558F2084-BCA2-4261-AA28-F4B988E19B8E}.Release|Any CPU.ActiveCfg = Release|Any CPU
		{558F2084-BCA2-4261-AA28-F4B988E19B8E}.Release|Any CPU.Build.0 = Release|Any CPU
		{11F9A54D-EF5F-498C-9B6F-F452E41816F6}.Debug|Any CPU.ActiveCfg = Debug|Any CPU
		{11F9A54D-EF5F-498C-9B6F-F452E41816F6}.Debug|Any CPU.Build.0 = Debug|Any CPU
		{11F9A54D-EF5F-498C-9B6F-F452E41816F6}.Release|Any CPU.ActiveCfg = Release|Any CPU
		{11F9A54D-EF5F-498C-9B6F-F452E41816F6}.Release|Any CPU.Build.0 = Release|Any CPU
		{8C0C2732-C3D9-4E88-B3DB-F16B20A21918}.Debug|Any CPU.ActiveCfg = Debug|Any CPU
		{8C0C2732-C3D9-4E88-B3DB-F16B20A21918}.Debug|Any CPU.Build.0 = Debug|Any CPU
		{8C0C2732-C3D9-4E88-B3DB-F16B20A21918}.Release|Any CPU.ActiveCfg = Release|Any CPU
		{8C0C2732-C3D9-4E88-B3DB-F16B20A21918}.Release|Any CPU.Build.0 = Release|Any CPU
		{75DDED76-FB76-4A30-B1CC-D59197F82AEC}.Debug|Any CPU.ActiveCfg = Debug|Any CPU
		{75DDED76-FB76-4A30-B1CC-D59197F82AEC}.Debug|Any CPU.Build.0 = Debug|Any CPU
		{75DDED76-FB76-4A30-B1CC-D59197F82AEC}.Release|Any CPU.ActiveCfg = Release|Any CPU
		{75DDED76-FB76-4A30-B1CC-D59197F82AEC}.Release|Any CPU.Build.0 = Release|Any CPU
		{8DB91DC5-8970-45A5-B85E-0413064D3118}.Debug|Any CPU.ActiveCfg = Debug|Any CPU
		{8DB91DC5-8970-45A5-B85E-0413064D3118}.Debug|Any CPU.Build.0 = Debug|Any CPU
		{8DB91DC5-8970-45A5-B85E-0413064D3118}.Release|Any CPU.ActiveCfg = Release|Any CPU
		{8DB91DC5-8970-45A5-B85E-0413064D3118}.Release|Any CPU.Build.0 = Release|Any CPU
		{9914E29E-F86B-4569-B783-11133EF01A52}.Debug|Any CPU.ActiveCfg = Debug|Any CPU
		{9914E29E-F86B-4569-B783-11133EF01A52}.Debug|Any CPU.Build.0 = Debug|Any CPU
		{9914E29E-F86B-4569-B783-11133EF01A52}.Release|Any CPU.ActiveCfg = Release|Any CPU
		{9914E29E-F86B-4569-B783-11133EF01A52}.Release|Any CPU.Build.0 = Release|Any CPU
		{81C99502-8AE4-43AF-9C82-13813BAFDA53}.Debug|Any CPU.ActiveCfg = Debug|Any CPU
		{81C99502-8AE4-43AF-9C82-13813BAFDA53}.Debug|Any CPU.Build.0 = Debug|Any CPU
		{81C99502-8AE4-43AF-9C82-13813BAFDA53}.Release|Any CPU.ActiveCfg = Release|Any CPU
		{81C99502-8AE4-43AF-9C82-13813BAFDA53}.Release|Any CPU.Build.0 = Release|Any CPU
		{2CDB6483-8ADE-4973-9960-855FBEAA5395}.Debug|Any CPU.ActiveCfg = Debug|Any CPU
		{2CDB6483-8ADE-4973-9960-855FBEAA5395}.Debug|Any CPU.Build.0 = Debug|Any CPU
		{2CDB6483-8ADE-4973-9960-855FBEAA5395}.Release|Any CPU.ActiveCfg = Release|Any CPU
		{2CDB6483-8ADE-4973-9960-855FBEAA5395}.Release|Any CPU.Build.0 = Release|Any CPU
		{A4893F49-D80D-4860-A231-5B3B02952E00}.Debug|Any CPU.ActiveCfg = Debug|Any CPU
		{A4893F49-D80D-4860-A231-5B3B02952E00}.Debug|Any CPU.Build.0 = Debug|Any CPU
		{A4893F49-D80D-4860-A231-5B3B02952E00}.Release|Any CPU.ActiveCfg = Release|Any CPU
		{A4893F49-D80D-4860-A231-5B3B02952E00}.Release|Any CPU.Build.0 = Release|Any CPU
	EndGlobalSection
	GlobalSection(SolutionProperties) = preSolution
		HideSolutionNode = FALSE
	EndGlobalSection
	GlobalSection(NestedProjects) = preSolution
		{E3453AC8-1D42-494B-8E21-2E4EFA105B8D} = {E05CDE1D-08ED-4160-85A9-7AC8D2FA8517}
		{FE466F83-07F0-477A-82D5-3CD3B614D874} = {5DD2E8CB-E978-4454-A6B3-F5FB58AC8965}
		{C25137B0-AEBD-48ED-B030-C22D7AE69448} = {E05CDE1D-08ED-4160-85A9-7AC8D2FA8517}
		{2BF53C82-636D-4852-BF0C-44267CDD70EF} = {E05CDE1D-08ED-4160-85A9-7AC8D2FA8517}
		{558F2084-BCA2-4261-AA28-F4B988E19B8E} = {E05CDE1D-08ED-4160-85A9-7AC8D2FA8517}
		{11F9A54D-EF5F-498C-9B6F-F452E41816F6} = {E05CDE1D-08ED-4160-85A9-7AC8D2FA8517}
		{0101909E-8F59-4941-BF55-6B7D03716BC5} = {E05CDE1D-08ED-4160-85A9-7AC8D2FA8517}
		{E8604150-407B-4959-B8F3-BC6A00AF4A2D} = {E05CDE1D-08ED-4160-85A9-7AC8D2FA8517}
		{8C0C2732-C3D9-4E88-B3DB-F16B20A21918} = {0101909E-8F59-4941-BF55-6B7D03716BC5}
		{75DDED76-FB76-4A30-B1CC-D59197F82AEC} = {E8604150-407B-4959-B8F3-BC6A00AF4A2D}
		{8DB91DC5-8970-45A5-B85E-0413064D3118} = {0101909E-8F59-4941-BF55-6B7D03716BC5}
		{E05CDE1D-08ED-4160-85A9-7AC8D2FA8517} = {FE466F83-07F0-477A-82D5-3CD3B614D874}
		{263E5F6A-8C73-4B51-BE28-8BDE78CA3E65} = {FE466F83-07F0-477A-82D5-3CD3B614D874}
		{9F6E4C76-E2FB-4008-B5EA-4C0E88AC9FA0} = {263E5F6A-8C73-4B51-BE28-8BDE78CA3E65}
		{9914E29E-F86B-4569-B783-11133EF01A52} = {9F6E4C76-E2FB-4008-B5EA-4C0E88AC9FA0}
		{81C99502-8AE4-43AF-9C82-13813BAFDA53} = {263E5F6A-8C73-4B51-BE28-8BDE78CA3E65}
		{2CDB6483-8ADE-4973-9960-855FBEAA5395} = {263E5F6A-8C73-4B51-BE28-8BDE78CA3E65}
		{3796F065-C4F6-45BA-A6EB-76D33E5863D8} = {263E5F6A-8C73-4B51-BE28-8BDE78CA3E65}
		{A4893F49-D80D-4860-A231-5B3B02952E00} = {3796F065-C4F6-45BA-A6EB-76D33E5863D8}
	EndGlobalSection
	GlobalSection(ExtensibilityGlobals) = postSolution
		SolutionGuid = {8C334959-AE8C-42FF-B144-7B36F5C1B16A}
	EndGlobalSection
EndGlobal
