
Microsoft Visual Studio Solution File, Format Version 12.00
# Visual Studio Version 17
VisualStudioVersion = 17.4.33006.217
MinimumVisualStudioVersion = 10.0.40219.1
Project("{2150E333-8FDC-42A3-9474-1A3956D46DE8}") = "src", "src", "{AD7AB001-3AF0-48C7-B277-513A2A2D6275}"
EndProject
Project("{9A19103F-16F7-4668-BE54-9A1E7A4F7556}") = "DH.PluginCore", "src\DH.PluginCore\DH.PluginCore.csproj", "{E3453AC8-1D42-494B-8E21-2E4EFA105B8D}"
EndProject
Project("{2150E333-8FDC-42A3-9474-1A3956D46DE8}") = "Plugins", "Plugins", "{FE466F83-07F0-477A-82D5-3CD3B614D874}"
EndProject
Project("{9A19103F-16F7-4668-BE54-9A1E7A4F7556}") = "DH.PluginCore.IPlugins", "src\DH.PluginCore.IPlugins\DH.PluginCore.IPlugins.csproj", "{C25137B0-AEBD-48ED-B030-C22D7AE69448}"
EndProject
Project("{9A19103F-16F7-4668-BE54-9A1E7A4F7556}") = "DH.PluginCore.IPlugins.AspNetCore", "src\DH.PluginCore.IPlugins.AspNetCore\DH.PluginCore.IPlugins.AspNetCore.csproj", "{2BF53C82-636D-4852-BF0C-44267CDD70EF}"
EndProject
Project("{9A19103F-16F7-4668-BE54-9A1E7A4F7556}") = "DH.PluginCore.VueAspNetCore", "src\DH.PluginCore.VueAspNetCore\DH.PluginCore.VueAspNetCore.csproj", "{11F9A54D-EF5F-498C-9B6F-F452E41816F6}"
EndProject
Project("{2150E333-8FDC-42A3-9474-1A3956D46DE8}") = "demo", "demo", "{0101909E-8F59-4941-BF55-6B7D03716BC5}"
EndProject
Project("{2150E333-8FDC-42A3-9474-1A3956D46DE8}") = "plugins", "plugins", "{E8604150-407B-4959-B8F3-BC6A00AF4A2D}"
EndProject
Project("{9A19103F-16F7-4668-BE54-9A1E7A4F7556}") = "DemoPluginsNetCore7", "demo\DemoPluginsNetCore7\DemoPluginsNetCore7.csproj", "{8C0C2732-C3D9-4E88-B3DB-F16B20A21918}"
EndProject
Project("{9A19103F-16F7-4668-BE54-9A1E7A4F7556}") = "HelloWorldPlugin", "plugins\HelloWorldPlugin\HelloWorldPlugin.csproj", "{75DDED76-FB76-4A30-B1CC-D59197F82AEC}"
EndProject
Project("{9A19103F-16F7-4668-BE54-9A1E7A4F7556}") = "DemoPlugins1", "demo\DemoPlugins1\DemoPlugins1.csproj", "{8DB91DC5-8970-45A5-B85E-0413064D3118}"
EndProject
Project("{2150E333-8FDC-42A3-9474-1A3956D46DE8}") = "Plugin1", "Plugin1", "{E05CDE1D-08ED-4160-85A9-7AC8D2FA8517}"
	ProjectSection(SolutionItems) = preProject
		src\DH.PluginCore.VueAspNetCore\ReadMe.txt = src\DH.PluginCore.VueAspNetCore\ReadMe.txt
	EndProjectSection
EndProject
Project("{2150E333-8FDC-42A3-9474-1A3956D46DE8}") = "Plugin2", "Plugin2", "{263E5F6A-8C73-4B51-BE28-8BDE78CA3E65}"
EndProject
Project("{2150E333-8FDC-42A3-9474-1A3956D46DE8}") = "demo", "demo", "{9F6E4C76-E2FB-4008-B5EA-4C0E88AC9FA0}"
EndProject
Project("{9A19103F-16F7-4668-BE54-9A1E7A4F7556}") = "CoolCatPluginDemo", "demo\CoolCatPluginDemo\CoolCatPluginDemo.csproj", "{9914E29E-F86B-4569-B783-11133EF01A52}"
EndProject
Project("{9A19103F-16F7-4668-BE54-9A1E7A4F7556}") = "DH.CoolCat.Core", "src\DH.CoolCat.Core\DH.CoolCat.Core.csproj", "{81C99502-8AE4-43AF-9C82-13813BAFDA53}"
EndProject
Project("{9A19103F-16F7-4668-BE54-9A1E7A4F7556}") = "DH.CoolCat.Core.Mvc", "src\DH.CoolCat.Core.Mvc\DH.CoolCat.Core.Mvc.csproj", "{2CDB6483-8ADE-4973-9960-855FBEAA5395}"
EndProject
Project("{2150E333-8FDC-42A3-9474-1A3956D46DE8}") = "plugins", "plugins", "{3796F065-C4F6-45BA-A6EB-76D33E5863D8}"
EndProject
Project("{9A19103F-16F7-4668-BE54-9A1E7A4F7556}") = "DemoPlugin1", "plugins\DemoPlugin1\DemoPlugin1.csproj", "{A4893F49-D80D-4860-A231-5B3B02952E00}"
EndProject
Project("{2150E333-8FDC-42A3-9474-1A3956D46DE8}") = "Files", "Files", "{4CD50589-F057-406C-BCAE-50426AE9B0E5}"
	ProjectSection(SolutionItems) = preProject
		global.json = global.json
		NuGet.config = NuGet.config
		README.md = README.md
		version.props = version.props
	EndProjectSection
EndProject
Project("{2150E333-8FDC-42A3-9474-1A3956D46DE8}") = "Demo", "Demo", "{5DD2E8CB-E978-4454-A6B3-F5FB58AC8965}"
EndProject
Project("{9A19103F-16F7-4668-BE54-9A1E7A4F7556}") = "NopDemo", "demo\NopDemo\NopDemo.csproj", "{9D676C73-1AAA-4CDE-945C-43B47EBE820B}"
EndProject
Project("{2150E333-8FDC-42A3-9474-1A3956D46DE8}") = "Libraries", "Libraries", "{8ED504DD-57C1-47D3-82E7-9F7E4CDE4137}"
EndProject
Project("{9A19103F-16F7-4668-BE54-9A1E7A4F7556}") = "DH.Web.Framework", "src\DH.Web.Framework\DH.Web.Framework.csproj", "{24DEDFFB-7A34-4344-8414-87089F9B8799}"
EndProject
Project("{9A19103F-16F7-4668-BE54-9A1E7A4F7556}") = "DH.Core", "src\DH.Core\DH.Core.csproj", "{9D65A2C3-AD07-4ED2-8B92-730A4E291071}"
EndProject
Project("{9A19103F-16F7-4668-BE54-9A1E7A4F7556}") = "DH.Services", "src\DH.Services\DH.Services.csproj", "{2D11ADB6-B927-4EAD-BB15-98B56AA559CF}"
EndProject
Project("{9A19103F-16F7-4668-BE54-9A1E7A4F7556}") = "TestPlugin", "demo\TestPlugin\TestPlugin.csproj", "{27FBA0C2-F91B-4F16-AFDA-10323561C4AB}"
EndProject
Project("{2150E333-8FDC-42A3-9474-1A3956D46DE8}") = "tools", "tools", "{E0A9B7A1-3E2C-4912-B04D-9F63FB14FB8F}"
EndProject
Project("{9A19103F-16F7-4668-BE54-9A1E7A4F7556}") = "PushNuget", "tools\PushNuget\PushNuget.csproj", "{9F489723-F037-4F83-BFB4-D27CFBBF8D4E}"
EndProject
Project("{2150E333-8FDC-42A3-9474-1A3956D46DE8}") = "X", "X", "{4C297731-A1FE-49DE-9895-2CE755535553}"
EndProject
Project("{9A19103F-16F7-4668-BE54-9A1E7A4F7556}") = "DH.NCore", "src\DH.NCore\DH.NCore.csproj", "{80CF98CA-B476-4B28-98AC-F963BCF92063}"
EndProject
Project("{9A19103F-16F7-4668-BE54-9A1E7A4F7556}") = "DH.Base", "src\DH.Base\DH.Base.csproj", "{56E454DC-4CCC-4481-81D7-57DA93201617}"
EndProject
Project("{9A19103F-16F7-4668-BE54-9A1E7A4F7556}") = "DH.NCode", "src\DH.NCode\DH.NCode.csproj", "{A9489173-6D1E-4E48-A8B3-57F5DF612229}"
EndProject
Project("{9A19103F-16F7-4668-BE54-9A1E7A4F7556}") = "DH.MDB", "src\DH.MDB\DH.MDB.csproj", "{F7C798D8-2C08-45DF-9254-F636715B86E6}"
EndProject
Project("{9A19103F-16F7-4668-BE54-9A1E7A4F7556}") = "CheckSite", "tools\CheckSite\CheckSite.csproj", "{141AB4E5-C2DE-4816-B15F-273EBAF1AAC4}"
EndProject
Project("{9A19103F-16F7-4668-BE54-9A1E7A4F7556}") = "DH.NAgent", "src\DH.NAgent\DH.NAgent.csproj", "{6FC26152-7BBB-457E-94B0-453CEDBD63F2}"
EndProject
Project("{9A19103F-16F7-4668-BE54-9A1E7A4F7556}") = "DH.WebHook", "src\DH.WebHook\DH.WebHook.csproj", "{4491416F-D1B2-4BFB-9D8C-BFBEA019615B}"
EndProject
Project("{9A19103F-16F7-4668-BE54-9A1E7A4F7556}") = "DH.NStardust", "src\DH.NStardust\DH.NStardust.csproj", "{025F8279-5F71-41D5-ABF4-C8E2BAF5CFF8}"
EndProject
Project("{9A19103F-16F7-4668-BE54-9A1E7A4F7556}") = "DH.NRemoting", "src\DH.NRemoting\DH.NRemoting.csproj", "{F253FF2A-33A4-4DD2-8867-7113CEA5D85B}"
EndProject
Project("{9A19103F-16F7-4668-BE54-9A1E7A4F7556}") = "DH.NStardust.Extensions", "src\DH.NStardust.Extensions\DH.NStardust.Extensions.csproj", "{B30E7D08-9661-4DC5-928B-076FE934FE60}"
EndProject
Project("{9A19103F-16F7-4668-BE54-9A1E7A4F7556}") = "DH.Ftp", "src\DH.Ftp\DH.Ftp.csproj", "{0A0B8F38-4D0B-489C-B959-939AB2CA9382}"
EndProject
Project("{9A19103F-16F7-4668-BE54-9A1E7A4F7556}") = "DH.Extensions.Hosting.AgentService", "src\DH.Extensions.Hosting.AgentService\DH.Extensions.Hosting.AgentService.csproj", "{EDF3028D-807B-45BE-93DD-227D87B12C86}"
EndProject
Project("{9A19103F-16F7-4668-BE54-9A1E7A4F7556}") = "DH.NRedis", "src\DH.NRedis\DH.NRedis.csproj", "{E7F37070-7953-47B7-9521-EEB165B08A32}"
EndProject
Project("{9A19103F-16F7-4668-BE54-9A1E7A4F7556}") = "DH.Extensions.Caching.Redis", "src\DH.Extensions.Caching.Redis\DH.Extensions.Caching.Redis.csproj", "{993202CF-A379-4070-8020-22AB767F1BBE}"
EndProject
Project("{9A19103F-16F7-4668-BE54-9A1E7A4F7556}") = "DH.NIP", "src\DH.NIP\DH.NIP.csproj", "{E22A1DE9-0E6C-46A0-81AD-5F7DF98598B2}"
EndProject
Project("{9A19103F-16F7-4668-BE54-9A1E7A4F7556}") = "DH.NMap", "src\DH.NMap\DH.NMap.csproj", "{AA759742-CB9C-4F75-AD9B-FA7D038AE3D5}"
EndProject
Project("{9A19103F-16F7-4668-BE54-9A1E7A4F7556}") = "DH.NMQTT", "src\DH.NMQTT\DH.NMQTT.csproj", "{E4A2DF3E-A1DF-4658-A415-30204617C841}"
EndProject
Project("{9A19103F-16F7-4668-BE54-9A1E7A4F7556}") = "DH.XCode", "src\DH.XCode\DH.XCode.csproj", "{0200E979-335D-46E7-8796-79FA6A7DC26B}"
EndProject
Project("{9A19103F-16F7-4668-BE54-9A1E7A4F7556}") = "DH.XCodeTool", "tools\DH.XCodeTool\DH.XCodeTool.csproj", "{5DE0A772-0CC7-4F1A-A695-2EE7E7948966}"
EndProject
Project("{9A19103F-16F7-4668-BE54-9A1E7A4F7556}") = "DH.VirtualFileSystem", "src\DH.VirtualFileSystem\DH.VirtualFileSystem.csproj", "{C0C34500-96AA-4815-A705-61A85B8C0CD7}"
EndProject
Project("{9A19103F-16F7-4668-BE54-9A1E7A4F7556}") = "DH.AspNetCore", "src\DH.AspNetCore\DH.AspNetCore.csproj", "{DF623799-8206-486C-8476-F18297DD920E}"
EndProject
Project("{9A19103F-16F7-4668-BE54-9A1E7A4F7556}") = "UIDemo1", "demo\UIDemo1\UIDemo1.csproj", "{D67989B4-6F98-441A-ADE2-683F241C5254}"
EndProject
Project("{2150E333-8FDC-42A3-9474-1A3956D46DE8}") = "开放平台SDK", "开放平台SDK", "{7F26E37B-587F-4D59-89C4-831059828932}"
EndProject
Project("{9A19103F-16F7-4668-BE54-9A1E7A4F7556}") = "DH.SKIT.FlurlHttpClient.Common", "src\DH.SKIT.FlurlHttpClient.Common\DH.SKIT.FlurlHttpClient.Common.csproj", "{A9E9BF21-F6A4-4604-88B1-96B141CBAF49}"
EndProject
Project("{2150E333-8FDC-42A3-9474-1A3956D46DE8}") = "Wechat", "Wechat", "{E0368C4F-3B62-4442-987B-128005CF27C6}"
EndProject
Project("{9A19103F-16F7-4668-BE54-9A1E7A4F7556}") = "DH.SKIT.FlurlHttpClient.Wechat.Ads", "src\DH.SKIT.FlurlHttpClient.Wechat.Ads\DH.SKIT.FlurlHttpClient.Wechat.Ads.csproj", "{C0180058-7357-41D6-8D00-E461FC265D41}"
EndProject
Project("{9A19103F-16F7-4668-BE54-9A1E7A4F7556}") = "DH.SKIT.FlurlHttpClient.Wechat.Api", "src\DH.SKIT.FlurlHttpClient.Wechat.Api\DH.SKIT.FlurlHttpClient.Wechat.Api.csproj", "{42BFD363-BEC6-4F59-B2EA-754FB01056FF}"
EndProject
Project("{9A19103F-16F7-4668-BE54-9A1E7A4F7556}") = "DH.SKIT.FlurlHttpClient.Wechat.OpenAI", "src\DH.SKIT.FlurlHttpClient.Wechat.OpenAI\DH.SKIT.FlurlHttpClient.Wechat.OpenAI.csproj", "{CED3A636-3A6C-4095-9A00-BB89D44602FA}"
EndProject
Project("{9A19103F-16F7-4668-BE54-9A1E7A4F7556}") = "DH.SKIT.FlurlHttpClient.Wechat.TenpayBusiness", "src\DH.SKIT.FlurlHttpClient.Wechat.TenpayBusiness\DH.SKIT.FlurlHttpClient.Wechat.TenpayBusiness.csproj", "{022E9C0A-A24E-4965-8063-68E1CD3FFD0B}"
EndProject
Project("{9A19103F-16F7-4668-BE54-9A1E7A4F7556}") = "DH.SKIT.FlurlHttpClient.Wechat.TenpayV2", "src\DH.SKIT.FlurlHttpClient.Wechat.TenpayV2\DH.SKIT.FlurlHttpClient.Wechat.TenpayV2.csproj", "{B8261278-B5FF-459D-9C4B-EF9BE5128CCF}"
EndProject
Project("{9A19103F-16F7-4668-BE54-9A1E7A4F7556}") = "DH.SKIT.FlurlHttpClient.Wechat.TenpayV3", "src\DH.SKIT.FlurlHttpClient.Wechat.TenpayV3\DH.SKIT.FlurlHttpClient.Wechat.TenpayV3.csproj", "{DCD3BDBA-A8F7-4D48-9255-A4FAE671F21C}"
EndProject
Project("{9A19103F-16F7-4668-BE54-9A1E7A4F7556}") = "DH.SKIT.FlurlHttpClient.Wechat.Work", "src\DH.SKIT.FlurlHttpClient.Wechat.Work\DH.SKIT.FlurlHttpClient.Wechat.Work.csproj", "{AA065A9C-CA7A-41E5-9A69-558906A5773B}"
EndProject
Project("{2150E333-8FDC-42A3-9474-1A3956D46DE8}") = "客如云", "客如云", "{B61A36DE-CA74-46DD-9A24-4AD08C522EA6}"
EndProject
Project("{2150E333-8FDC-42A3-9474-1A3956D46DE8}") = "银豹收银", "银豹收银", "{4540ADBA-9366-4768-B635-5CC67806FC48}"
EndProject
Project("{9A19103F-16F7-4668-BE54-9A1E7A4F7556}") = "DH.FlurlHttpClient.Pospal.Api", "src\DH.FlurlHttpClient.Pospal.Api\DH.FlurlHttpClient.Pospal.Api.csproj", "{4A8F4E5A-A250-43FA-92D3-D6E7C23026F4}"
EndProject
Project("{9A19103F-16F7-4668-BE54-9A1E7A4F7556}") = "DH.FlurlHttpClient.KeRuYun.Api", "src\DH.FlurlHttpClient.KeRuYun.Api\DH.FlurlHttpClient.KeRuYun.Api.csproj", "{DBACECEA-FCE5-42A9-8067-996C37E91943}"
EndProject
Project("{9A19103F-16F7-4668-BE54-9A1E7A4F7556}") = "DH.Utils", "src\DH.Utils\DH.Utils.csproj", "{EE7EB382-02C3-4D8A-AD48-68F46DE16B97}"
EndProject
Project("{2150E333-8FDC-42A3-9474-1A3956D46DE8}") = "又拍云", "又拍云", "{1AEF378F-6D31-4DA0-AFFD-BBA26999EDD6}"
EndProject
Project("{9A19103F-16F7-4668-BE54-9A1E7A4F7556}") = "DH.SKIT.FlurlHttpClient.Upyun.Console", "src\DH.SKIT.FlurlHttpClient.Upyun.Console\DH.SKIT.FlurlHttpClient.Upyun.Console.csproj", "{4FED2765-A63D-431F-BDF3-D1E1F95F18EF}"
EndProject
Project("{9A19103F-16F7-4668-BE54-9A1E7A4F7556}") = "DH.SKIT.FlurlHttpClient.Upyun.Sim", "src\DH.SKIT.FlurlHttpClient.Upyun.Sim\DH.SKIT.FlurlHttpClient.Upyun.Sim.csproj", "{7B9A7CAB-E7FC-4299-BBA7-9769559FB573}"
EndProject
Project("{9A19103F-16F7-4668-BE54-9A1E7A4F7556}") = "DH.SKIT.FlurlHttpClient.Upyun.Sms", "src\DH.SKIT.FlurlHttpClient.Upyun.Sms\DH.SKIT.FlurlHttpClient.Upyun.Sms.csproj", "{1EBB93F8-C158-4127-AA4D-99024EFDF089}"
EndProject
Project("{9A19103F-16F7-4668-BE54-9A1E7A4F7556}") = "DH.SKIT.FlurlHttpClient.Upyun.Uss", "src\DH.SKIT.FlurlHttpClient.Upyun.Uss\DH.SKIT.FlurlHttpClient.Upyun.Uss.csproj", "{7494FFAC-4FE9-4072-B9FA-DF42D35C113C}"
EndProject
Project("{2150E333-8FDC-42A3-9474-1A3956D46DE8}") = "抖音", "抖音", "{A990D6A6-E99A-4A1F-911D-D8A9392F4560}"
EndProject
Project("{9A19103F-16F7-4668-BE54-9A1E7A4F7556}") = "DH.SKIT.FlurlHttpClient.ByteDance.MicroApp", "src\DH.SKIT.FlurlHttpClient.ByteDance.MicroApp\DH.SKIT.FlurlHttpClient.ByteDance.MicroApp.csproj", "{4F600104-44BC-44DC-9685-901A78F2F1DF}"
EndProject
Project("{9A19103F-16F7-4668-BE54-9A1E7A4F7556}") = "DH.SKIT.FlurlHttpClient.ByteDance.OceanEngine", "src\DH.SKIT.FlurlHttpClient.ByteDance.OceanEngine\DH.SKIT.FlurlHttpClient.ByteDance.OceanEngine.csproj", "{615D6993-9A81-48DD-8EA5-4517AFEEEBE7}"
EndProject
Project("{9A19103F-16F7-4668-BE54-9A1E7A4F7556}") = "DH.SKIT.FlurlHttpClient.ByteDance.TikTok", "src\DH.SKIT.FlurlHttpClient.ByteDance.TikTok\DH.SKIT.FlurlHttpClient.ByteDance.TikTok.csproj", "{777E98A6-4666-4A40-9122-2B7664A87E27}"
EndProject
Project("{9A19103F-16F7-4668-BE54-9A1E7A4F7556}") = "DH.SKIT.FlurlHttpClient.ByteDance.TikTokShop", "src\DH.SKIT.FlurlHttpClient.ByteDance.TikTokShop\DH.SKIT.FlurlHttpClient.ByteDance.TikTokShop.csproj", "{F3C5DFE5-D009-4C6B-BB52-2D165F9CF7DB}"
EndProject
Project("{9A19103F-16F7-4668-BE54-9A1E7A4F7556}") = "DH.NModbus", "src\DH.NModbus\DH.NModbus.csproj", "{0293F3C3-806E-4159-BA56-8C9CC9180885}"
EndProject
Project("{9A19103F-16F7-4668-BE54-9A1E7A4F7556}") = "DH.NIoT", "src\DH.NIoT\DH.NIoT.csproj", "{02E82E23-FB67-4282-B7F2-EC417812BB59}"
EndProject
Project("{9A19103F-16F7-4668-BE54-9A1E7A4F7556}") = "DH.MockData", "src\DH.MockData\DH.MockData.csproj", "{482C6847-3720-419E-8716-216D4E43C263}"
EndProject
Project("{9A19103F-16F7-4668-BE54-9A1E7A4F7556}") = "DH.NModbusRTU", "src\DH.NModbusRTU\DH.NModbusRTU.csproj", "{A3A1CFA1-EF6C-41CC-8CE8-43ABACC342DA}"
EndProject
Project("{9A19103F-16F7-4668-BE54-9A1E7A4F7556}") = "DH.SSH", "src\DH.SSH\DH.SSH.csproj", "{93D0C858-E5D0-4C3B-AEC2-96799AE60899}"
EndProject
Project("{9A19103F-16F7-4668-BE54-9A1E7A4F7556}") = "DH.SignalR", "src\DH.SignalR\DH.SignalR.csproj", "{7E3660CF-99CD-4A38-AEDD-95A2F53B50E4}"
EndProject
Project("{9A19103F-16F7-4668-BE54-9A1E7A4F7556}") = "DH.SKIT.FlurlHttpClient.ByteDance.TikTokGlobal", "src\DH.SKIT.FlurlHttpClient.ByteDance.TikTokGlobal\DH.SKIT.FlurlHttpClient.ByteDance.TikTokGlobal.csproj", "{EC5EB766-A3BA-4A6C-B58E-CBCD054033F8}"
EndProject
Project("{FAE04EC0-301F-11D3-BF4B-00C04F79EFBC}") = "DH.Clay", "src\DH.Clay\DH.Clay.csproj", "{49C69686-7E00-4E8B-8297-8519D74FA001}"
EndProject
Project("{9A19103F-16F7-4668-BE54-9A1E7A4F7556}") = "DH.VueCliMiddleware", "src\DH.VueCliMiddleware\DH.VueCliMiddleware.csproj", "{380B98D8-15AE-4BA8-AB94-BE68ED5C35B3}"
EndProject
Global
	GlobalSection(SolutionConfigurationPlatforms) = preSolution
		Debug|Any CPU = Debug|Any CPU
		Release|Any CPU = Release|Any CPU
	EndGlobalSection
	GlobalSection(ProjectConfigurationPlatforms) = postSolution
		{E3453AC8-1D42-494B-8E21-2E4EFA105B8D}.Debug|Any CPU.ActiveCfg = Debug|Any CPU
		{E3453AC8-1D42-494B-8E21-2E4EFA105B8D}.Debug|Any CPU.Build.0 = Debug|Any CPU
		{E3453AC8-1D42-494B-8E21-2E4EFA105B8D}.Release|Any CPU.ActiveCfg = Release|Any CPU
		{E3453AC8-1D42-494B-8E21-2E4EFA105B8D}.Release|Any CPU.Build.0 = Release|Any CPU
		{C25137B0-AEBD-48ED-B030-C22D7AE69448}.Debug|Any CPU.ActiveCfg = Debug|Any CPU
		{C25137B0-AEBD-48ED-B030-C22D7AE69448}.Debug|Any CPU.Build.0 = Debug|Any CPU
		{C25137B0-AEBD-48ED-B030-C22D7AE69448}.Release|Any CPU.ActiveCfg = Release|Any CPU
		{C25137B0-AEBD-48ED-B030-C22D7AE69448}.Release|Any CPU.Build.0 = Release|Any CPU
		{2BF53C82-636D-4852-BF0C-44267CDD70EF}.Debug|Any CPU.ActiveCfg = Debug|Any CPU
		{2BF53C82-636D-4852-BF0C-44267CDD70EF}.Debug|Any CPU.Build.0 = Debug|Any CPU
		{2BF53C82-636D-4852-BF0C-44267CDD70EF}.Release|Any CPU.ActiveCfg = Release|Any CPU
		{2BF53C82-636D-4852-BF0C-44267CDD70EF}.Release|Any CPU.Build.0 = Release|Any CPU
		{11F9A54D-EF5F-498C-9B6F-F452E41816F6}.Debug|Any CPU.ActiveCfg = Debug|Any CPU
		{11F9A54D-EF5F-498C-9B6F-F452E41816F6}.Debug|Any CPU.Build.0 = Debug|Any CPU
		{11F9A54D-EF5F-498C-9B6F-F452E41816F6}.Release|Any CPU.ActiveCfg = Release|Any CPU
		{11F9A54D-EF5F-498C-9B6F-F452E41816F6}.Release|Any CPU.Build.0 = Release|Any CPU
		{8C0C2732-C3D9-4E88-B3DB-F16B20A21918}.Debug|Any CPU.ActiveCfg = Debug|Any CPU
		{8C0C2732-C3D9-4E88-B3DB-F16B20A21918}.Debug|Any CPU.Build.0 = Debug|Any CPU
		{8C0C2732-C3D9-4E88-B3DB-F16B20A21918}.Release|Any CPU.ActiveCfg = Release|Any CPU
		{8C0C2732-C3D9-4E88-B3DB-F16B20A21918}.Release|Any CPU.Build.0 = Release|Any CPU
		{75DDED76-FB76-4A30-B1CC-D59197F82AEC}.Debug|Any CPU.ActiveCfg = Debug|Any CPU
		{75DDED76-FB76-4A30-B1CC-D59197F82AEC}.Debug|Any CPU.Build.0 = Debug|Any CPU
		{75DDED76-FB76-4A30-B1CC-D59197F82AEC}.Release|Any CPU.ActiveCfg = Release|Any CPU
		{75DDED76-FB76-4A30-B1CC-D59197F82AEC}.Release|Any CPU.Build.0 = Release|Any CPU
		{8DB91DC5-8970-45A5-B85E-0413064D3118}.Debug|Any CPU.ActiveCfg = Debug|Any CPU
		{8DB91DC5-8970-45A5-B85E-0413064D3118}.Debug|Any CPU.Build.0 = Debug|Any CPU
		{8DB91DC5-8970-45A5-B85E-0413064D3118}.Release|Any CPU.ActiveCfg = Release|Any CPU
		{8DB91DC5-8970-45A5-B85E-0413064D3118}.Release|Any CPU.Build.0 = Release|Any CPU
		{9914E29E-F86B-4569-B783-11133EF01A52}.Debug|Any CPU.ActiveCfg = Debug|Any CPU
		{9914E29E-F86B-4569-B783-11133EF01A52}.Debug|Any CPU.Build.0 = Debug|Any CPU
		{9914E29E-F86B-4569-B783-11133EF01A52}.Release|Any CPU.ActiveCfg = Release|Any CPU
		{9914E29E-F86B-4569-B783-11133EF01A52}.Release|Any CPU.Build.0 = Release|Any CPU
		{81C99502-8AE4-43AF-9C82-13813BAFDA53}.Debug|Any CPU.ActiveCfg = Debug|Any CPU
		{81C99502-8AE4-43AF-9C82-13813BAFDA53}.Debug|Any CPU.Build.0 = Debug|Any CPU
		{81C99502-8AE4-43AF-9C82-13813BAFDA53}.Release|Any CPU.ActiveCfg = Release|Any CPU
		{81C99502-8AE4-43AF-9C82-13813BAFDA53}.Release|Any CPU.Build.0 = Release|Any CPU
		{2CDB6483-8ADE-4973-9960-855FBEAA5395}.Debug|Any CPU.ActiveCfg = Debug|Any CPU
		{2CDB6483-8ADE-4973-9960-855FBEAA5395}.Debug|Any CPU.Build.0 = Debug|Any CPU
		{2CDB6483-8ADE-4973-9960-855FBEAA5395}.Release|Any CPU.ActiveCfg = Release|Any CPU
		{2CDB6483-8ADE-4973-9960-855FBEAA5395}.Release|Any CPU.Build.0 = Release|Any CPU
		{A4893F49-D80D-4860-A231-5B3B02952E00}.Debug|Any CPU.ActiveCfg = Debug|Any CPU
		{A4893F49-D80D-4860-A231-5B3B02952E00}.Debug|Any CPU.Build.0 = Debug|Any CPU
		{A4893F49-D80D-4860-A231-5B3B02952E00}.Release|Any CPU.ActiveCfg = Release|Any CPU
		{A4893F49-D80D-4860-A231-5B3B02952E00}.Release|Any CPU.Build.0 = Release|Any CPU
		{9D676C73-1AAA-4CDE-945C-43B47EBE820B}.Debug|Any CPU.ActiveCfg = Debug|Any CPU
		{9D676C73-1AAA-4CDE-945C-43B47EBE820B}.Debug|Any CPU.Build.0 = Debug|Any CPU
		{9D676C73-1AAA-4CDE-945C-43B47EBE820B}.Release|Any CPU.ActiveCfg = Release|Any CPU
		{9D676C73-1AAA-4CDE-945C-43B47EBE820B}.Release|Any CPU.Build.0 = Release|Any CPU
		{24DEDFFB-7A34-4344-8414-87089F9B8799}.Debug|Any CPU.ActiveCfg = Debug|Any CPU
		{24DEDFFB-7A34-4344-8414-87089F9B8799}.Debug|Any CPU.Build.0 = Debug|Any CPU
		{24DEDFFB-7A34-4344-8414-87089F9B8799}.Release|Any CPU.ActiveCfg = Release|Any CPU
		{24DEDFFB-7A34-4344-8414-87089F9B8799}.Release|Any CPU.Build.0 = Release|Any CPU
		{9D65A2C3-AD07-4ED2-8B92-730A4E291071}.Debug|Any CPU.ActiveCfg = Debug|Any CPU
		{9D65A2C3-AD07-4ED2-8B92-730A4E291071}.Debug|Any CPU.Build.0 = Debug|Any CPU
		{9D65A2C3-AD07-4ED2-8B92-730A4E291071}.Release|Any CPU.ActiveCfg = Release|Any CPU
		{9D65A2C3-AD07-4ED2-8B92-730A4E291071}.Release|Any CPU.Build.0 = Release|Any CPU
		{2D11ADB6-B927-4EAD-BB15-98B56AA559CF}.Debug|Any CPU.ActiveCfg = Debug|Any CPU
		{2D11ADB6-B927-4EAD-BB15-98B56AA559CF}.Debug|Any CPU.Build.0 = Debug|Any CPU
		{2D11ADB6-B927-4EAD-BB15-98B56AA559CF}.Release|Any CPU.ActiveCfg = Release|Any CPU
		{2D11ADB6-B927-4EAD-BB15-98B56AA559CF}.Release|Any CPU.Build.0 = Release|Any CPU
		{27FBA0C2-F91B-4F16-AFDA-10323561C4AB}.Debug|Any CPU.ActiveCfg = Debug|Any CPU
		{27FBA0C2-F91B-4F16-AFDA-10323561C4AB}.Debug|Any CPU.Build.0 = Debug|Any CPU
		{27FBA0C2-F91B-4F16-AFDA-10323561C4AB}.Release|Any CPU.ActiveCfg = Release|Any CPU
		{27FBA0C2-F91B-4F16-AFDA-10323561C4AB}.Release|Any CPU.Build.0 = Release|Any CPU
		{9F489723-F037-4F83-BFB4-D27CFBBF8D4E}.Debug|Any CPU.ActiveCfg = Debug|Any CPU
		{9F489723-F037-4F83-BFB4-D27CFBBF8D4E}.Debug|Any CPU.Build.0 = Debug|Any CPU
		{9F489723-F037-4F83-BFB4-D27CFBBF8D4E}.Release|Any CPU.ActiveCfg = Release|Any CPU
		{9F489723-F037-4F83-BFB4-D27CFBBF8D4E}.Release|Any CPU.Build.0 = Release|Any CPU
		{80CF98CA-B476-4B28-98AC-F963BCF92063}.Debug|Any CPU.ActiveCfg = Debug|Any CPU
		{80CF98CA-B476-4B28-98AC-F963BCF92063}.Debug|Any CPU.Build.0 = Debug|Any CPU
		{80CF98CA-B476-4B28-98AC-F963BCF92063}.Release|Any CPU.ActiveCfg = Release|Any CPU
		{80CF98CA-B476-4B28-98AC-F963BCF92063}.Release|Any CPU.Build.0 = Release|Any CPU
		{56E454DC-4CCC-4481-81D7-57DA93201617}.Debug|Any CPU.ActiveCfg = Debug|Any CPU
		{56E454DC-4CCC-4481-81D7-57DA93201617}.Debug|Any CPU.Build.0 = Debug|Any CPU
		{56E454DC-4CCC-4481-81D7-57DA93201617}.Release|Any CPU.ActiveCfg = Release|Any CPU
		{56E454DC-4CCC-4481-81D7-57DA93201617}.Release|Any CPU.Build.0 = Release|Any CPU
		{A9489173-6D1E-4E48-A8B3-57F5DF612229}.Debug|Any CPU.ActiveCfg = Debug|Any CPU
		{A9489173-6D1E-4E48-A8B3-57F5DF612229}.Debug|Any CPU.Build.0 = Debug|Any CPU
		{A9489173-6D1E-4E48-A8B3-57F5DF612229}.Release|Any CPU.ActiveCfg = Release|Any CPU
		{A9489173-6D1E-4E48-A8B3-57F5DF612229}.Release|Any CPU.Build.0 = Release|Any CPU
		{F7C798D8-2C08-45DF-9254-F636715B86E6}.Debug|Any CPU.ActiveCfg = Debug|Any CPU
		{F7C798D8-2C08-45DF-9254-F636715B86E6}.Debug|Any CPU.Build.0 = Debug|Any CPU
		{F7C798D8-2C08-45DF-9254-F636715B86E6}.Release|Any CPU.ActiveCfg = Release|Any CPU
		{F7C798D8-2C08-45DF-9254-F636715B86E6}.Release|Any CPU.Build.0 = Release|Any CPU
		{141AB4E5-C2DE-4816-B15F-273EBAF1AAC4}.Debug|Any CPU.ActiveCfg = Debug|Any CPU
		{141AB4E5-C2DE-4816-B15F-273EBAF1AAC4}.Debug|Any CPU.Build.0 = Debug|Any CPU
		{141AB4E5-C2DE-4816-B15F-273EBAF1AAC4}.Release|Any CPU.ActiveCfg = Release|Any CPU
		{141AB4E5-C2DE-4816-B15F-273EBAF1AAC4}.Release|Any CPU.Build.0 = Release|Any CPU
		{6FC26152-7BBB-457E-94B0-453CEDBD63F2}.Debug|Any CPU.ActiveCfg = Debug|Any CPU
		{6FC26152-7BBB-457E-94B0-453CEDBD63F2}.Debug|Any CPU.Build.0 = Debug|Any CPU
		{6FC26152-7BBB-457E-94B0-453CEDBD63F2}.Release|Any CPU.ActiveCfg = Release|Any CPU
		{6FC26152-7BBB-457E-94B0-453CEDBD63F2}.Release|Any CPU.Build.0 = Release|Any CPU
		{4491416F-D1B2-4BFB-9D8C-BFBEA019615B}.Debug|Any CPU.ActiveCfg = Debug|Any CPU
		{4491416F-D1B2-4BFB-9D8C-BFBEA019615B}.Debug|Any CPU.Build.0 = Debug|Any CPU
		{4491416F-D1B2-4BFB-9D8C-BFBEA019615B}.Release|Any CPU.ActiveCfg = Release|Any CPU
		{4491416F-D1B2-4BFB-9D8C-BFBEA019615B}.Release|Any CPU.Build.0 = Release|Any CPU
		{025F8279-5F71-41D5-ABF4-C8E2BAF5CFF8}.Debug|Any CPU.ActiveCfg = Debug|Any CPU
		{025F8279-5F71-41D5-ABF4-C8E2BAF5CFF8}.Debug|Any CPU.Build.0 = Debug|Any CPU
		{025F8279-5F71-41D5-ABF4-C8E2BAF5CFF8}.Release|Any CPU.ActiveCfg = Release|Any CPU
		{025F8279-5F71-41D5-ABF4-C8E2BAF5CFF8}.Release|Any CPU.Build.0 = Release|Any CPU
		{F253FF2A-33A4-4DD2-8867-7113CEA5D85B}.Debug|Any CPU.ActiveCfg = Debug|Any CPU
		{F253FF2A-33A4-4DD2-8867-7113CEA5D85B}.Debug|Any CPU.Build.0 = Debug|Any CPU
		{F253FF2A-33A4-4DD2-8867-7113CEA5D85B}.Release|Any CPU.ActiveCfg = Release|Any CPU
		{F253FF2A-33A4-4DD2-8867-7113CEA5D85B}.Release|Any CPU.Build.0 = Release|Any CPU
		{B30E7D08-9661-4DC5-928B-076FE934FE60}.Debug|Any CPU.ActiveCfg = Debug|Any CPU
		{B30E7D08-9661-4DC5-928B-076FE934FE60}.Debug|Any CPU.Build.0 = Debug|Any CPU
		{B30E7D08-9661-4DC5-928B-076FE934FE60}.Release|Any CPU.ActiveCfg = Release|Any CPU
		{B30E7D08-9661-4DC5-928B-076FE934FE60}.Release|Any CPU.Build.0 = Release|Any CPU
		{0A0B8F38-4D0B-489C-B959-939AB2CA9382}.Debug|Any CPU.ActiveCfg = Debug|Any CPU
		{0A0B8F38-4D0B-489C-B959-939AB2CA9382}.Debug|Any CPU.Build.0 = Debug|Any CPU
		{0A0B8F38-4D0B-489C-B959-939AB2CA9382}.Release|Any CPU.ActiveCfg = Release|Any CPU
		{0A0B8F38-4D0B-489C-B959-939AB2CA9382}.Release|Any CPU.Build.0 = Release|Any CPU
		{EDF3028D-807B-45BE-93DD-227D87B12C86}.Debug|Any CPU.ActiveCfg = Debug|Any CPU
		{EDF3028D-807B-45BE-93DD-227D87B12C86}.Debug|Any CPU.Build.0 = Debug|Any CPU
		{EDF3028D-807B-45BE-93DD-227D87B12C86}.Release|Any CPU.ActiveCfg = Release|Any CPU
		{EDF3028D-807B-45BE-93DD-227D87B12C86}.Release|Any CPU.Build.0 = Release|Any CPU
		{E7F37070-7953-47B7-9521-EEB165B08A32}.Debug|Any CPU.ActiveCfg = Debug|Any CPU
		{E7F37070-7953-47B7-9521-EEB165B08A32}.Debug|Any CPU.Build.0 = Debug|Any CPU
		{E7F37070-7953-47B7-9521-EEB165B08A32}.Release|Any CPU.ActiveCfg = Release|Any CPU
		{E7F37070-7953-47B7-9521-EEB165B08A32}.Release|Any CPU.Build.0 = Release|Any CPU
		{993202CF-A379-4070-8020-22AB767F1BBE}.Debug|Any CPU.ActiveCfg = Debug|Any CPU
		{993202CF-A379-4070-8020-22AB767F1BBE}.Debug|Any CPU.Build.0 = Debug|Any CPU
		{993202CF-A379-4070-8020-22AB767F1BBE}.Release|Any CPU.ActiveCfg = Release|Any CPU
		{993202CF-A379-4070-8020-22AB767F1BBE}.Release|Any CPU.Build.0 = Release|Any CPU
		{E22A1DE9-0E6C-46A0-81AD-5F7DF98598B2}.Debug|Any CPU.ActiveCfg = Debug|Any CPU
		{E22A1DE9-0E6C-46A0-81AD-5F7DF98598B2}.Debug|Any CPU.Build.0 = Debug|Any CPU
		{E22A1DE9-0E6C-46A0-81AD-5F7DF98598B2}.Release|Any CPU.ActiveCfg = Release|Any CPU
		{E22A1DE9-0E6C-46A0-81AD-5F7DF98598B2}.Release|Any CPU.Build.0 = Release|Any CPU
		{AA759742-CB9C-4F75-AD9B-FA7D038AE3D5}.Debug|Any CPU.ActiveCfg = Debug|Any CPU
		{AA759742-CB9C-4F75-AD9B-FA7D038AE3D5}.Debug|Any CPU.Build.0 = Debug|Any CPU
		{AA759742-CB9C-4F75-AD9B-FA7D038AE3D5}.Release|Any CPU.ActiveCfg = Release|Any CPU
		{AA759742-CB9C-4F75-AD9B-FA7D038AE3D5}.Release|Any CPU.Build.0 = Release|Any CPU
		{E4A2DF3E-A1DF-4658-A415-30204617C841}.Debug|Any CPU.ActiveCfg = Debug|Any CPU
		{E4A2DF3E-A1DF-4658-A415-30204617C841}.Debug|Any CPU.Build.0 = Debug|Any CPU
		{E4A2DF3E-A1DF-4658-A415-30204617C841}.Release|Any CPU.ActiveCfg = Release|Any CPU
		{E4A2DF3E-A1DF-4658-A415-30204617C841}.Release|Any CPU.Build.0 = Release|Any CPU
		{0200E979-335D-46E7-8796-79FA6A7DC26B}.Debug|Any CPU.ActiveCfg = Debug|Any CPU
		{0200E979-335D-46E7-8796-79FA6A7DC26B}.Debug|Any CPU.Build.0 = Debug|Any CPU
		{0200E979-335D-46E7-8796-79FA6A7DC26B}.Release|Any CPU.ActiveCfg = Release|Any CPU
		{0200E979-335D-46E7-8796-79FA6A7DC26B}.Release|Any CPU.Build.0 = Release|Any CPU
		{5DE0A772-0CC7-4F1A-A695-2EE7E7948966}.Debug|Any CPU.ActiveCfg = Debug|Any CPU
		{5DE0A772-0CC7-4F1A-A695-2EE7E7948966}.Debug|Any CPU.Build.0 = Debug|Any CPU
		{5DE0A772-0CC7-4F1A-A695-2EE7E7948966}.Release|Any CPU.ActiveCfg = Release|Any CPU
		{5DE0A772-0CC7-4F1A-A695-2EE7E7948966}.Release|Any CPU.Build.0 = Release|Any CPU
		{C0C34500-96AA-4815-A705-61A85B8C0CD7}.Debug|Any CPU.ActiveCfg = Debug|Any CPU
		{C0C34500-96AA-4815-A705-61A85B8C0CD7}.Debug|Any CPU.Build.0 = Debug|Any CPU
		{C0C34500-96AA-4815-A705-61A85B8C0CD7}.Release|Any CPU.ActiveCfg = Release|Any CPU
		{C0C34500-96AA-4815-A705-61A85B8C0CD7}.Release|Any CPU.Build.0 = Release|Any CPU
		{DF623799-8206-486C-8476-F18297DD920E}.Debug|Any CPU.ActiveCfg = Debug|Any CPU
		{DF623799-8206-486C-8476-F18297DD920E}.Debug|Any CPU.Build.0 = Debug|Any CPU
		{DF623799-8206-486C-8476-F18297DD920E}.Release|Any CPU.ActiveCfg = Release|Any CPU
		{DF623799-8206-486C-8476-F18297DD920E}.Release|Any CPU.Build.0 = Release|Any CPU
		{D67989B4-6F98-441A-ADE2-683F241C5254}.Debug|Any CPU.ActiveCfg = Debug|Any CPU
		{D67989B4-6F98-441A-ADE2-683F241C5254}.Debug|Any CPU.Build.0 = Debug|Any CPU
		{D67989B4-6F98-441A-ADE2-683F241C5254}.Release|Any CPU.ActiveCfg = Release|Any CPU
		{D67989B4-6F98-441A-ADE2-683F241C5254}.Release|Any CPU.Build.0 = Release|Any CPU
		{A9E9BF21-F6A4-4604-88B1-96B141CBAF49}.Debug|Any CPU.ActiveCfg = Debug|Any CPU
		{A9E9BF21-F6A4-4604-88B1-96B141CBAF49}.Debug|Any CPU.Build.0 = Debug|Any CPU
		{A9E9BF21-F6A4-4604-88B1-96B141CBAF49}.Release|Any CPU.ActiveCfg = Release|Any CPU
		{A9E9BF21-F6A4-4604-88B1-96B141CBAF49}.Release|Any CPU.Build.0 = Release|Any CPU
		{C0180058-7357-41D6-8D00-E461FC265D41}.Debug|Any CPU.ActiveCfg = Debug|Any CPU
		{C0180058-7357-41D6-8D00-E461FC265D41}.Debug|Any CPU.Build.0 = Debug|Any CPU
		{C0180058-7357-41D6-8D00-E461FC265D41}.Release|Any CPU.ActiveCfg = Release|Any CPU
		{C0180058-7357-41D6-8D00-E461FC265D41}.Release|Any CPU.Build.0 = Release|Any CPU
		{42BFD363-BEC6-4F59-B2EA-754FB01056FF}.Debug|Any CPU.ActiveCfg = Debug|Any CPU
		{42BFD363-BEC6-4F59-B2EA-754FB01056FF}.Debug|Any CPU.Build.0 = Debug|Any CPU
		{42BFD363-BEC6-4F59-B2EA-754FB01056FF}.Release|Any CPU.ActiveCfg = Release|Any CPU
		{42BFD363-BEC6-4F59-B2EA-754FB01056FF}.Release|Any CPU.Build.0 = Release|Any CPU
		{CED3A636-3A6C-4095-9A00-BB89D44602FA}.Debug|Any CPU.ActiveCfg = Debug|Any CPU
		{CED3A636-3A6C-4095-9A00-BB89D44602FA}.Debug|Any CPU.Build.0 = Debug|Any CPU
		{CED3A636-3A6C-4095-9A00-BB89D44602FA}.Release|Any CPU.ActiveCfg = Release|Any CPU
		{CED3A636-3A6C-4095-9A00-BB89D44602FA}.Release|Any CPU.Build.0 = Release|Any CPU
		{022E9C0A-A24E-4965-8063-68E1CD3FFD0B}.Debug|Any CPU.ActiveCfg = Debug|Any CPU
		{022E9C0A-A24E-4965-8063-68E1CD3FFD0B}.Debug|Any CPU.Build.0 = Debug|Any CPU
		{022E9C0A-A24E-4965-8063-68E1CD3FFD0B}.Release|Any CPU.ActiveCfg = Release|Any CPU
		{022E9C0A-A24E-4965-8063-68E1CD3FFD0B}.Release|Any CPU.Build.0 = Release|Any CPU
		{B8261278-B5FF-459D-9C4B-EF9BE5128CCF}.Debug|Any CPU.ActiveCfg = Debug|Any CPU
		{B8261278-B5FF-459D-9C4B-EF9BE5128CCF}.Debug|Any CPU.Build.0 = Debug|Any CPU
		{B8261278-B5FF-459D-9C4B-EF9BE5128CCF}.Release|Any CPU.ActiveCfg = Release|Any CPU
		{B8261278-B5FF-459D-9C4B-EF9BE5128CCF}.Release|Any CPU.Build.0 = Release|Any CPU
		{DCD3BDBA-A8F7-4D48-9255-A4FAE671F21C}.Debug|Any CPU.ActiveCfg = Debug|Any CPU
		{DCD3BDBA-A8F7-4D48-9255-A4FAE671F21C}.Debug|Any CPU.Build.0 = Debug|Any CPU
		{DCD3BDBA-A8F7-4D48-9255-A4FAE671F21C}.Release|Any CPU.ActiveCfg = Release|Any CPU
		{DCD3BDBA-A8F7-4D48-9255-A4FAE671F21C}.Release|Any CPU.Build.0 = Release|Any CPU
		{AA065A9C-CA7A-41E5-9A69-558906A5773B}.Debug|Any CPU.ActiveCfg = Debug|Any CPU
		{AA065A9C-CA7A-41E5-9A69-558906A5773B}.Debug|Any CPU.Build.0 = Debug|Any CPU
		{AA065A9C-CA7A-41E5-9A69-558906A5773B}.Release|Any CPU.ActiveCfg = Release|Any CPU
		{AA065A9C-CA7A-41E5-9A69-558906A5773B}.Release|Any CPU.Build.0 = Release|Any CPU
		{4A8F4E5A-A250-43FA-92D3-D6E7C23026F4}.Debug|Any CPU.ActiveCfg = Debug|Any CPU
		{4A8F4E5A-A250-43FA-92D3-D6E7C23026F4}.Debug|Any CPU.Build.0 = Debug|Any CPU
		{4A8F4E5A-A250-43FA-92D3-D6E7C23026F4}.Release|Any CPU.ActiveCfg = Release|Any CPU
		{4A8F4E5A-A250-43FA-92D3-D6E7C23026F4}.Release|Any CPU.Build.0 = Release|Any CPU
		{DBACECEA-FCE5-42A9-8067-996C37E91943}.Debug|Any CPU.ActiveCfg = Debug|Any CPU
		{DBACECEA-FCE5-42A9-8067-996C37E91943}.Debug|Any CPU.Build.0 = Debug|Any CPU
		{DBACECEA-FCE5-42A9-8067-996C37E91943}.Release|Any CPU.ActiveCfg = Release|Any CPU
		{DBACECEA-FCE5-42A9-8067-996C37E91943}.Release|Any CPU.Build.0 = Release|Any CPU
		{EE7EB382-02C3-4D8A-AD48-68F46DE16B97}.Debug|Any CPU.ActiveCfg = Debug|Any CPU
		{EE7EB382-02C3-4D8A-AD48-68F46DE16B97}.Debug|Any CPU.Build.0 = Debug|Any CPU
		{EE7EB382-02C3-4D8A-AD48-68F46DE16B97}.Release|Any CPU.ActiveCfg = Release|Any CPU
		{EE7EB382-02C3-4D8A-AD48-68F46DE16B97}.Release|Any CPU.Build.0 = Release|Any CPU
		{4FED2765-A63D-431F-BDF3-D1E1F95F18EF}.Debug|Any CPU.ActiveCfg = Debug|Any CPU
		{4FED2765-A63D-431F-BDF3-D1E1F95F18EF}.Debug|Any CPU.Build.0 = Debug|Any CPU
		{4FED2765-A63D-431F-BDF3-D1E1F95F18EF}.Release|Any CPU.ActiveCfg = Release|Any CPU
		{4FED2765-A63D-431F-BDF3-D1E1F95F18EF}.Release|Any CPU.Build.0 = Release|Any CPU
		{7B9A7CAB-E7FC-4299-BBA7-9769559FB573}.Debug|Any CPU.ActiveCfg = Debug|Any CPU
		{7B9A7CAB-E7FC-4299-BBA7-9769559FB573}.Debug|Any CPU.Build.0 = Debug|Any CPU
		{7B9A7CAB-E7FC-4299-BBA7-9769559FB573}.Release|Any CPU.ActiveCfg = Release|Any CPU
		{7B9A7CAB-E7FC-4299-BBA7-9769559FB573}.Release|Any CPU.Build.0 = Release|Any CPU
		{1EBB93F8-C158-4127-AA4D-99024EFDF089}.Debug|Any CPU.ActiveCfg = Debug|Any CPU
		{1EBB93F8-C158-4127-AA4D-99024EFDF089}.Debug|Any CPU.Build.0 = Debug|Any CPU
		{1EBB93F8-C158-4127-AA4D-99024EFDF089}.Release|Any CPU.ActiveCfg = Release|Any CPU
		{1EBB93F8-C158-4127-AA4D-99024EFDF089}.Release|Any CPU.Build.0 = Release|Any CPU
		{7494FFAC-4FE9-4072-B9FA-DF42D35C113C}.Debug|Any CPU.ActiveCfg = Debug|Any CPU
		{7494FFAC-4FE9-4072-B9FA-DF42D35C113C}.Debug|Any CPU.Build.0 = Debug|Any CPU
		{7494FFAC-4FE9-4072-B9FA-DF42D35C113C}.Release|Any CPU.ActiveCfg = Release|Any CPU
		{7494FFAC-4FE9-4072-B9FA-DF42D35C113C}.Release|Any CPU.Build.0 = Release|Any CPU
		{4F600104-44BC-44DC-9685-901A78F2F1DF}.Debug|Any CPU.ActiveCfg = Debug|Any CPU
		{4F600104-44BC-44DC-9685-901A78F2F1DF}.Debug|Any CPU.Build.0 = Debug|Any CPU
		{4F600104-44BC-44DC-9685-901A78F2F1DF}.Release|Any CPU.ActiveCfg = Release|Any CPU
		{4F600104-44BC-44DC-9685-901A78F2F1DF}.Release|Any CPU.Build.0 = Release|Any CPU
		{615D6993-9A81-48DD-8EA5-4517AFEEEBE7}.Debug|Any CPU.ActiveCfg = Debug|Any CPU
		{615D6993-9A81-48DD-8EA5-4517AFEEEBE7}.Debug|Any CPU.Build.0 = Debug|Any CPU
		{615D6993-9A81-48DD-8EA5-4517AFEEEBE7}.Release|Any CPU.ActiveCfg = Release|Any CPU
		{615D6993-9A81-48DD-8EA5-4517AFEEEBE7}.Release|Any CPU.Build.0 = Release|Any CPU
		{777E98A6-4666-4A40-9122-2B7664A87E27}.Debug|Any CPU.ActiveCfg = Debug|Any CPU
		{777E98A6-4666-4A40-9122-2B7664A87E27}.Debug|Any CPU.Build.0 = Debug|Any CPU
		{777E98A6-4666-4A40-9122-2B7664A87E27}.Release|Any CPU.ActiveCfg = Release|Any CPU
		{777E98A6-4666-4A40-9122-2B7664A87E27}.Release|Any CPU.Build.0 = Release|Any CPU
		{F3C5DFE5-D009-4C6B-BB52-2D165F9CF7DB}.Debug|Any CPU.ActiveCfg = Debug|Any CPU
		{F3C5DFE5-D009-4C6B-BB52-2D165F9CF7DB}.Debug|Any CPU.Build.0 = Debug|Any CPU
		{F3C5DFE5-D009-4C6B-BB52-2D165F9CF7DB}.Release|Any CPU.ActiveCfg = Release|Any CPU
		{F3C5DFE5-D009-4C6B-BB52-2D165F9CF7DB}.Release|Any CPU.Build.0 = Release|Any CPU
		{0293F3C3-806E-4159-BA56-8C9CC9180885}.Debug|Any CPU.ActiveCfg = Debug|Any CPU
		{0293F3C3-806E-4159-BA56-8C9CC9180885}.Debug|Any CPU.Build.0 = Debug|Any CPU
		{0293F3C3-806E-4159-BA56-8C9CC9180885}.Release|Any CPU.ActiveCfg = Release|Any CPU
		{0293F3C3-806E-4159-BA56-8C9CC9180885}.Release|Any CPU.Build.0 = Release|Any CPU
		{02E82E23-FB67-4282-B7F2-EC417812BB59}.Debug|Any CPU.ActiveCfg = Debug|Any CPU
		{02E82E23-FB67-4282-B7F2-EC417812BB59}.Debug|Any CPU.Build.0 = Debug|Any CPU
		{02E82E23-FB67-4282-B7F2-EC417812BB59}.Release|Any CPU.ActiveCfg = Release|Any CPU
		{02E82E23-FB67-4282-B7F2-EC417812BB59}.Release|Any CPU.Build.0 = Release|Any CPU
		{482C6847-3720-419E-8716-216D4E43C263}.Debug|Any CPU.ActiveCfg = Debug|Any CPU
		{482C6847-3720-419E-8716-216D4E43C263}.Debug|Any CPU.Build.0 = Debug|Any CPU
		{482C6847-3720-419E-8716-216D4E43C263}.Release|Any CPU.ActiveCfg = Release|Any CPU
		{482C6847-3720-419E-8716-216D4E43C263}.Release|Any CPU.Build.0 = Release|Any CPU
		{A3A1CFA1-EF6C-41CC-8CE8-43ABACC342DA}.Debug|Any CPU.ActiveCfg = Debug|Any CPU
		{A3A1CFA1-EF6C-41CC-8CE8-43ABACC342DA}.Debug|Any CPU.Build.0 = Debug|Any CPU
		{A3A1CFA1-EF6C-41CC-8CE8-43ABACC342DA}.Release|Any CPU.ActiveCfg = Release|Any CPU
		{A3A1CFA1-EF6C-41CC-8CE8-43ABACC342DA}.Release|Any CPU.Build.0 = Release|Any CPU
		{93D0C858-E5D0-4C3B-AEC2-96799AE60899}.Debug|Any CPU.ActiveCfg = Debug|Any CPU
		{93D0C858-E5D0-4C3B-AEC2-96799AE60899}.Debug|Any CPU.Build.0 = Debug|Any CPU
		{93D0C858-E5D0-4C3B-AEC2-96799AE60899}.Release|Any CPU.ActiveCfg = Release|Any CPU
		{93D0C858-E5D0-4C3B-AEC2-96799AE60899}.Release|Any CPU.Build.0 = Release|Any CPU
		{7E3660CF-99CD-4A38-AEDD-95A2F53B50E4}.Debug|Any CPU.ActiveCfg = Debug|Any CPU
		{7E3660CF-99CD-4A38-AEDD-95A2F53B50E4}.Debug|Any CPU.Build.0 = Debug|Any CPU
		{7E3660CF-99CD-4A38-AEDD-95A2F53B50E4}.Release|Any CPU.ActiveCfg = Release|Any CPU
		{7E3660CF-99CD-4A38-AEDD-95A2F53B50E4}.Release|Any CPU.Build.0 = Release|Any CPU
		{EC5EB766-A3BA-4A6C-B58E-CBCD054033F8}.Debug|Any CPU.ActiveCfg = Debug|Any CPU
		{EC5EB766-A3BA-4A6C-B58E-CBCD054033F8}.Debug|Any CPU.Build.0 = Debug|Any CPU
		{EC5EB766-A3BA-4A6C-B58E-CBCD054033F8}.Release|Any CPU.ActiveCfg = Release|Any CPU
		{EC5EB766-A3BA-4A6C-B58E-CBCD054033F8}.Release|Any CPU.Build.0 = Release|Any CPU
		{49C69686-7E00-4E8B-8297-8519D74FA001}.Debug|Any CPU.ActiveCfg = Debug|Any CPU
		{49C69686-7E00-4E8B-8297-8519D74FA001}.Debug|Any CPU.Build.0 = Debug|Any CPU
		{49C69686-7E00-4E8B-8297-8519D74FA001}.Release|Any CPU.ActiveCfg = Release|Any CPU
		{49C69686-7E00-4E8B-8297-8519D74FA001}.Release|Any CPU.Build.0 = Release|Any CPU
		{380B98D8-15AE-4BA8-AB94-BE68ED5C35B3}.Debug|Any CPU.ActiveCfg = Debug|Any CPU
		{380B98D8-15AE-4BA8-AB94-BE68ED5C35B3}.Debug|Any CPU.Build.0 = Debug|Any CPU
		{380B98D8-15AE-4BA8-AB94-BE68ED5C35B3}.Release|Any CPU.ActiveCfg = Release|Any CPU
		{380B98D8-15AE-4BA8-AB94-BE68ED5C35B3}.Release|Any CPU.Build.0 = Release|Any CPU
	EndGlobalSection
	GlobalSection(SolutionProperties) = preSolution
		HideSolutionNode = FALSE
	EndGlobalSection
	GlobalSection(NestedProjects) = preSolution
		{E3453AC8-1D42-494B-8E21-2E4EFA105B8D} = {E05CDE1D-08ED-4160-85A9-7AC8D2FA8517}
		{FE466F83-07F0-477A-82D5-3CD3B614D874} = {5DD2E8CB-E978-4454-A6B3-F5FB58AC8965}
		{C25137B0-AEBD-48ED-B030-C22D7AE69448} = {E05CDE1D-08ED-4160-85A9-7AC8D2FA8517}
		{2BF53C82-636D-4852-BF0C-44267CDD70EF} = {E05CDE1D-08ED-4160-85A9-7AC8D2FA8517}
		{11F9A54D-EF5F-498C-9B6F-F452E41816F6} = {E05CDE1D-08ED-4160-85A9-7AC8D2FA8517}
		{0101909E-8F59-4941-BF55-6B7D03716BC5} = {E05CDE1D-08ED-4160-85A9-7AC8D2FA8517}
		{E8604150-407B-4959-B8F3-BC6A00AF4A2D} = {E05CDE1D-08ED-4160-85A9-7AC8D2FA8517}
		{8C0C2732-C3D9-4E88-B3DB-F16B20A21918} = {0101909E-8F59-4941-BF55-6B7D03716BC5}
		{75DDED76-FB76-4A30-B1CC-D59197F82AEC} = {E8604150-407B-4959-B8F3-BC6A00AF4A2D}
		{8DB91DC5-8970-45A5-B85E-0413064D3118} = {0101909E-8F59-4941-BF55-6B7D03716BC5}
		{E05CDE1D-08ED-4160-85A9-7AC8D2FA8517} = {FE466F83-07F0-477A-82D5-3CD3B614D874}
		{263E5F6A-8C73-4B51-BE28-8BDE78CA3E65} = {FE466F83-07F0-477A-82D5-3CD3B614D874}
		{9F6E4C76-E2FB-4008-B5EA-4C0E88AC9FA0} = {263E5F6A-8C73-4B51-BE28-8BDE78CA3E65}
		{9914E29E-F86B-4569-B783-11133EF01A52} = {9F6E4C76-E2FB-4008-B5EA-4C0E88AC9FA0}
		{81C99502-8AE4-43AF-9C82-13813BAFDA53} = {263E5F6A-8C73-4B51-BE28-8BDE78CA3E65}
		{2CDB6483-8ADE-4973-9960-855FBEAA5395} = {263E5F6A-8C73-4B51-BE28-8BDE78CA3E65}
		{3796F065-C4F6-45BA-A6EB-76D33E5863D8} = {263E5F6A-8C73-4B51-BE28-8BDE78CA3E65}
		{A4893F49-D80D-4860-A231-5B3B02952E00} = {3796F065-C4F6-45BA-A6EB-76D33E5863D8}
		{9D676C73-1AAA-4CDE-945C-43B47EBE820B} = {5DD2E8CB-E978-4454-A6B3-F5FB58AC8965}
		{8ED504DD-57C1-47D3-82E7-9F7E4CDE4137} = {AD7AB001-3AF0-48C7-B277-513A2A2D6275}
		{24DEDFFB-7A34-4344-8414-87089F9B8799} = {AD7AB001-3AF0-48C7-B277-513A2A2D6275}
		{9D65A2C3-AD07-4ED2-8B92-730A4E291071} = {AD7AB001-3AF0-48C7-B277-513A2A2D6275}
		{2D11ADB6-B927-4EAD-BB15-98B56AA559CF} = {AD7AB001-3AF0-48C7-B277-513A2A2D6275}
		{27FBA0C2-F91B-4F16-AFDA-10323561C4AB} = {FE466F83-07F0-477A-82D5-3CD3B614D874}
		{9F489723-F037-4F83-BFB4-D27CFBBF8D4E} = {E0A9B7A1-3E2C-4912-B04D-9F63FB14FB8F}
		{4C297731-A1FE-49DE-9895-2CE755535553} = {8ED504DD-57C1-47D3-82E7-9F7E4CDE4137}
		{80CF98CA-B476-4B28-98AC-F963BCF92063} = {4C297731-A1FE-49DE-9895-2CE755535553}
		{56E454DC-4CCC-4481-81D7-57DA93201617} = {AD7AB001-3AF0-48C7-B277-513A2A2D6275}
		{A9489173-6D1E-4E48-A8B3-57F5DF612229} = {4C297731-A1FE-49DE-9895-2CE755535553}
		{F7C798D8-2C08-45DF-9254-F636715B86E6} = {8ED504DD-57C1-47D3-82E7-9F7E4CDE4137}
		{141AB4E5-C2DE-4816-B15F-273EBAF1AAC4} = {E0A9B7A1-3E2C-4912-B04D-9F63FB14FB8F}
		{6FC26152-7BBB-457E-94B0-453CEDBD63F2} = {4C297731-A1FE-49DE-9895-2CE755535553}
		{4491416F-D1B2-4BFB-9D8C-BFBEA019615B} = {8ED504DD-57C1-47D3-82E7-9F7E4CDE4137}
		{025F8279-5F71-41D5-ABF4-C8E2BAF5CFF8} = {4C297731-A1FE-49DE-9895-2CE755535553}
		{F253FF2A-33A4-4DD2-8867-7113CEA5D85B} = {4C297731-A1FE-49DE-9895-2CE755535553}
		{B30E7D08-9661-4DC5-928B-076FE934FE60} = {4C297731-A1FE-49DE-9895-2CE755535553}
		{0A0B8F38-4D0B-489C-B959-939AB2CA9382} = {8ED504DD-57C1-47D3-82E7-9F7E4CDE4137}
		{EDF3028D-807B-45BE-93DD-227D87B12C86} = {4C297731-A1FE-49DE-9895-2CE755535553}
		{E7F37070-7953-47B7-9521-EEB165B08A32} = {4C297731-A1FE-49DE-9895-2CE755535553}
		{993202CF-A379-4070-8020-22AB767F1BBE} = {4C297731-A1FE-49DE-9895-2CE755535553}
		{E22A1DE9-0E6C-46A0-81AD-5F7DF98598B2} = {4C297731-A1FE-49DE-9895-2CE755535553}
		{AA759742-CB9C-4F75-AD9B-FA7D038AE3D5} = {4C297731-A1FE-49DE-9895-2CE755535553}
		{E4A2DF3E-A1DF-4658-A415-30204617C841} = {4C297731-A1FE-49DE-9895-2CE755535553}
		{0200E979-335D-46E7-8796-79FA6A7DC26B} = {4C297731-A1FE-49DE-9895-2CE755535553}
		{5DE0A772-0CC7-4F1A-A695-2EE7E7948966} = {E0A9B7A1-3E2C-4912-B04D-9F63FB14FB8F}
		{C0C34500-96AA-4815-A705-61A85B8C0CD7} = {8ED504DD-57C1-47D3-82E7-9F7E4CDE4137}
		{DF623799-8206-486C-8476-F18297DD920E} = {8ED504DD-57C1-47D3-82E7-9F7E4CDE4137}
		{D67989B4-6F98-441A-ADE2-683F241C5254} = {5DD2E8CB-E978-4454-A6B3-F5FB58AC8965}
		{7F26E37B-587F-4D59-89C4-831059828932} = {8ED504DD-57C1-47D3-82E7-9F7E4CDE4137}
		{A9E9BF21-F6A4-4604-88B1-96B141CBAF49} = {7F26E37B-587F-4D59-89C4-831059828932}
		{E0368C4F-3B62-4442-987B-128005CF27C6} = {7F26E37B-587F-4D59-89C4-831059828932}
		{C0180058-7357-41D6-8D00-E461FC265D41} = {E0368C4F-3B62-4442-987B-128005CF27C6}
		{42BFD363-BEC6-4F59-B2EA-754FB01056FF} = {E0368C4F-3B62-4442-987B-128005CF27C6}
		{CED3A636-3A6C-4095-9A00-BB89D44602FA} = {E0368C4F-3B62-4442-987B-128005CF27C6}
		{022E9C0A-A24E-4965-8063-68E1CD3FFD0B} = {E0368C4F-3B62-4442-987B-128005CF27C6}
		{B8261278-B5FF-459D-9C4B-EF9BE5128CCF} = {E0368C4F-3B62-4442-987B-128005CF27C6}
		{DCD3BDBA-A8F7-4D48-9255-A4FAE671F21C} = {E0368C4F-3B62-4442-987B-128005CF27C6}
		{AA065A9C-CA7A-41E5-9A69-558906A5773B} = {E0368C4F-3B62-4442-987B-128005CF27C6}
		{B61A36DE-CA74-46DD-9A24-4AD08C522EA6} = {7F26E37B-587F-4D59-89C4-831059828932}
		{4540ADBA-9366-4768-B635-5CC67806FC48} = {7F26E37B-587F-4D59-89C4-831059828932}
		{4A8F4E5A-A250-43FA-92D3-D6E7C23026F4} = {4540ADBA-9366-4768-B635-5CC67806FC48}
		{DBACECEA-FCE5-42A9-8067-996C37E91943} = {B61A36DE-CA74-46DD-9A24-4AD08C522EA6}
		{EE7EB382-02C3-4D8A-AD48-68F46DE16B97} = {AD7AB001-3AF0-48C7-B277-513A2A2D6275}
		{1AEF378F-6D31-4DA0-AFFD-BBA26999EDD6} = {7F26E37B-587F-4D59-89C4-831059828932}
		{4FED2765-A63D-431F-BDF3-D1E1F95F18EF} = {1AEF378F-6D31-4DA0-AFFD-BBA26999EDD6}
		{7B9A7CAB-E7FC-4299-BBA7-9769559FB573} = {1AEF378F-6D31-4DA0-AFFD-BBA26999EDD6}
		{1EBB93F8-C158-4127-AA4D-99024EFDF089} = {1AEF378F-6D31-4DA0-AFFD-BBA26999EDD6}
		{7494FFAC-4FE9-4072-B9FA-DF42D35C113C} = {1AEF378F-6D31-4DA0-AFFD-BBA26999EDD6}
		{A990D6A6-E99A-4A1F-911D-D8A9392F4560} = {7F26E37B-587F-4D59-89C4-831059828932}
		{4F600104-44BC-44DC-9685-901A78F2F1DF} = {A990D6A6-E99A-4A1F-911D-D8A9392F4560}
		{615D6993-9A81-48DD-8EA5-4517AFEEEBE7} = {A990D6A6-E99A-4A1F-911D-D8A9392F4560}
		{777E98A6-4666-4A40-9122-2B7664A87E27} = {A990D6A6-E99A-4A1F-911D-D8A9392F4560}
		{F3C5DFE5-D009-4C6B-BB52-2D165F9CF7DB} = {A990D6A6-E99A-4A1F-911D-D8A9392F4560}
		{0293F3C3-806E-4159-BA56-8C9CC9180885} = {4C297731-A1FE-49DE-9895-2CE755535553}
		{02E82E23-FB67-4282-B7F2-EC417812BB59} = {4C297731-A1FE-49DE-9895-2CE755535553}
		{482C6847-3720-419E-8716-216D4E43C263} = {8ED504DD-57C1-47D3-82E7-9F7E4CDE4137}
		{A3A1CFA1-EF6C-41CC-8CE8-43ABACC342DA} = {4C297731-A1FE-49DE-9895-2CE755535553}
		{93D0C858-E5D0-4C3B-AEC2-96799AE60899} = {8ED504DD-57C1-47D3-82E7-9F7E4CDE4137}
		{7E3660CF-99CD-4A38-AEDD-95A2F53B50E4} = {8ED504DD-57C1-47D3-82E7-9F7E4CDE4137}
		{EC5EB766-A3BA-4A6C-B58E-CBCD054033F8} = {A990D6A6-E99A-4A1F-911D-D8A9392F4560}
		{49C69686-7E00-4E8B-8297-8519D74FA001} = {AD7AB001-3AF0-48C7-B277-513A2A2D6275}
		{380B98D8-15AE-4BA8-AB94-BE68ED5C35B3} = {AD7AB001-3AF0-48C7-B277-513A2A2D6275}
	EndGlobalSection
	GlobalSection(ExtensibilityGlobals) = postSolution
		SolutionGuid = {8C334959-AE8C-42FF-B144-7B36F5C1B16A}
	EndGlobalSection
EndGlobal
