
Microsoft Visual Studio Solution File, Format Version 12.00
# Visual Studio Version 17
VisualStudioVersion = 17.4.33006.217
MinimumVisualStudioVersion = 10.0.40219.1
Project("{2150E333-8FDC-42A3-9474-1A3956D46DE8}") = "src", "src", "{AD7AB001-3AF0-48C7-B277-513A2A2D6275}"
EndProject
Project("{9A19103F-16F7-4668-BE54-9A1E7A4F7556}") = "DG.PluginCore", "src\DG.PluginCore\DG.PluginCore.csproj", "{E3453AC8-1D42-494B-8E21-2E4EFA105B8D}"
EndProject
Project("{2150E333-8FDC-42A3-9474-1A3956D46DE8}") = "Plugins", "Plugins", "{FE466F83-07F0-477A-82D5-3CD3B614D874}"
EndProject
Project("{FAE04EC0-301F-11D3-BF4B-00C04F79EFBC}") = "DG.PluginCore.IPlugins", "src\DG.PluginCore.IPlugins\DG.PluginCore.IPlugins.csproj", "{C25137B0-AEBD-48ED-B030-C22D7AE69448}"
EndProject
Global
	GlobalSection(SolutionConfigurationPlatforms) = preSolution
		Debug|Any CPU = Debug|Any CPU
		Release|Any CPU = Release|Any CPU
	EndGlobalSection
	GlobalSection(ProjectConfigurationPlatforms) = postSolution
		{E3453AC8-1D42-494B-8E21-2E4EFA105B8D}.Debug|Any CPU.ActiveCfg = Debug|Any CPU
		{E3453AC8-1D42-494B-8E21-2E4EFA105B8D}.Debug|Any CPU.Build.0 = Debug|Any CPU
		{E3453AC8-1D42-494B-8E21-2E4EFA105B8D}.Release|Any CPU.ActiveCfg = Release|Any CPU
		{E3453AC8-1D42-494B-8E21-2E4EFA105B8D}.Release|Any CPU.Build.0 = Release|Any CPU
		{C25137B0-AEBD-48ED-B030-C22D7AE69448}.Debug|Any CPU.ActiveCfg = Debug|Any CPU
		{C25137B0-AEBD-48ED-B030-C22D7AE69448}.Debug|Any CPU.Build.0 = Debug|Any CPU
		{C25137B0-AEBD-48ED-B030-C22D7AE69448}.Release|Any CPU.ActiveCfg = Release|Any CPU
		{C25137B0-AEBD-48ED-B030-C22D7AE69448}.Release|Any CPU.Build.0 = Release|Any CPU
	EndGlobalSection
	GlobalSection(SolutionProperties) = preSolution
		HideSolutionNode = FALSE
	EndGlobalSection
	GlobalSection(NestedProjects) = preSolution
		{E3453AC8-1D42-494B-8E21-2E4EFA105B8D} = {FE466F83-07F0-477A-82D5-3CD3B614D874}
		{FE466F83-07F0-477A-82D5-3CD3B614D874} = {AD7AB001-3AF0-48C7-B277-513A2A2D6275}
		{C25137B0-AEBD-48ED-B030-C22D7AE69448} = {FE466F83-07F0-477A-82D5-3CD3B614D874}
	EndGlobalSection
	GlobalSection(ExtensibilityGlobals) = postSolution
		SolutionGuid = {8C334959-AE8C-42FF-B144-7B36F5C1B16A}
	EndGlobalSection
EndGlobal
