
Microsoft Visual Studio Solution File, Format Version 12.00
# Visual Studio Version 17
VisualStudioVersion = 17.5.002.0
MinimumVisualStudioVersion = 10.0.40219.1
Project("{9A19103F-16F7-4668-BE54-9A1E7A4F7556}") = "DH.AMap", "DH.AMap\DH.AMap.csproj", "{613BB809-78BE-4536-816E-4692CA488B97}"
EndProject
Project("{9A19103F-16F7-4668-BE54-9A1E7A4F7556}") = "DH.AspNetCore", "DH.AspNetCore\DH.AspNetCore.csproj", "{D48B05AF-950A-4510-9273-62133F02D68C}"
EndProject
Project("{9A19103F-16F7-4668-BE54-9A1E7A4F7556}") = "DH.AspNetCore.Kestrel.Certificates", "DH.AspNetCore.Kestrel.Certificates\DH.AspNetCore.Kestrel.Certificates.csproj", "{53AF6F0A-1C0E-405D-8592-17C66306E39C}"
EndProject
Project("{9A19103F-16F7-4668-BE54-9A1E7A4F7556}") = "DH.AspNetCore.ServerSentEvents", "DH.AspNetCore.ServerSentEvents\DH.AspNetCore.ServerSentEvents.csproj", "{5BC0E89B-B39C-4169-87EF-8189EE2A506C}"
EndProject
Project("{9A19103F-16F7-4668-BE54-9A1E7A4F7556}") = "DH.BaiDuAipSdk", "DH.BaiDuAipSdk\DH.BaiDuAipSdk.csproj", "{2874C926-54F4-4317-8145-4BAD079AB3C7}"
EndProject
Project("{9A19103F-16F7-4668-BE54-9A1E7A4F7556}") = "DH.Barcoder", "DH.Barcoder\DH.Barcoder.csproj", "{8506E8CB-BD74-4940-AAE9-741B0B8E2EBC}"
EndProject
Project("{9A19103F-16F7-4668-BE54-9A1E7A4F7556}") = "DH.Barcoder.Renderer.Image", "DH.Barcoder.Renderer.Image\DH.Barcoder.Renderer.Image.csproj", "{FA1213ED-219A-44F6-AB6F-989356471C8E}"
EndProject
Project("{9A19103F-16F7-4668-BE54-9A1E7A4F7556}") = "DH.Barcoder.Renderer.Svg", "DH.Barcoder.Renderer.Svg\DH.Barcoder.Renderer.Svg.csproj", "{7709ADCC-74CF-47EF-BBE9-C810AEDBCD99}"
EndProject
Project("{9A19103F-16F7-4668-BE54-9A1E7A4F7556}") = "DH.Base", "DH.Base\DH.Base.csproj", "{F4DBE205-8B92-4497-B59C-8E596CA662FF}"
EndProject
Project("{9A19103F-16F7-4668-BE54-9A1E7A4F7556}") = "DH.BDYYSDK", "DH.BDYYSDK\DH.BDYYSDK.csproj", "{E6750F98-BF50-4DA8-BD05-7451A891B69A}"
EndProject
Project("{9A19103F-16F7-4668-BE54-9A1E7A4F7556}") = "DH.Clay", "DH.Clay\DH.Clay.csproj", "{77A59340-03B0-430F-A54A-5B8E72DB6FE1}"
EndProject
Project("{9A19103F-16F7-4668-BE54-9A1E7A4F7556}") = "DH.CliWrap", "DH.CliWrap\DH.CliWrap.csproj", "{EC24E737-503B-436F-B8E5-C69448973212}"
EndProject
Project("{9A19103F-16F7-4668-BE54-9A1E7A4F7556}") = "DH.Common", "DH.Common\DH.Common.csproj", "{6CF95D9C-F3B5-4F20-AFA5-13540080C219}"
EndProject
Project("{9A19103F-16F7-4668-BE54-9A1E7A4F7556}") = "DH.CoolCat.Core", "DH.CoolCat.Core\DH.CoolCat.Core.csproj", "{C53E3A7C-964B-41C9-A99D-1ACA544178BF}"
EndProject
Project("{9A19103F-16F7-4668-BE54-9A1E7A4F7556}") = "DH.CoolCat.Core.Mvc", "DH.CoolCat.Core.Mvc\DH.CoolCat.Core.Mvc.csproj", "{573C1858-F3A6-4E19-BC43-8E2660C9257A}"
EndProject
Project("{9A19103F-16F7-4668-BE54-9A1E7A4F7556}") = "DH.Core", "DH.Core\DH.Core.csproj", "{23257BA3-4F8A-4657-8896-8D265943FC5C}"
EndProject
Project("{9A19103F-16F7-4668-BE54-9A1E7A4F7556}") = "DH.EasyNotice", "DH.EasyNotice\DH.EasyNotice.csproj", "{D44AC569-1DB8-4468-ABEC-F6E81E984F84}"
EndProject
Project("{9A19103F-16F7-4668-BE54-9A1E7A4F7556}") = "DH.EasyNotice.Dingtalk", "DH.EasyNotice.Dingtalk\DH.EasyNotice.Dingtalk.csproj", "{6BC2B046-11EB-4D71-B001-487F26783B07}"
EndProject
Project("{9A19103F-16F7-4668-BE54-9A1E7A4F7556}") = "DH.EasyNotice.Email", "DH.EasyNotice.Email\DH.EasyNotice.Email.csproj", "{785F4102-D0E2-4A8A-BE8B-0FF2A08AC098}"
EndProject
Project("{9A19103F-16F7-4668-BE54-9A1E7A4F7556}") = "DH.EasyNotice.Feishu", "DH.EasyNotice.Feishu\DH.EasyNotice.Feishu.csproj", "{175774C5-E59A-42BA-9A44-16FFA83B6A57}"
EndProject
Project("{9A19103F-16F7-4668-BE54-9A1E7A4F7556}") = "DH.EasyNotice.QyWeixin", "DH.EasyNotice.QyWeixin\DH.EasyNotice.QyWeixin.csproj", "{4DB28A6A-67D9-4E31-A5BC-113A81323F64}"
EndProject
Project("{9A19103F-16F7-4668-BE54-9A1E7A4F7556}") = "DH.EnumsNet", "DH.EnumsNet\DH.EnumsNet.csproj", "{B9661149-3F98-4BF1-A4A9-EEABA997B2DF}"
EndProject
Project("{9A19103F-16F7-4668-BE54-9A1E7A4F7556}") = "DH.Extensions.Hosting.AgentService", "DH.Extensions.Hosting.AgentService\DH.Extensions.Hosting.AgentService.csproj", "{D8AB6390-8DF8-4B05-A3E3-554B6780F23E}"
EndProject
Project("{9A19103F-16F7-4668-BE54-9A1E7A4F7556}") = "DH.FileZilla.Api", "DH.FileZilla.Api\DH.FileZilla.Api.csproj", "{0A0B1200-4DB9-4EBF-AEB4-502BF98262E0}"
EndProject
Project("{9A19103F-16F7-4668-BE54-9A1E7A4F7556}") = "DH.FlurlHttpClient.KeRuYun.Api", "DH.FlurlHttpClient.KeRuYun.Api\DH.FlurlHttpClient.KeRuYun.Api.csproj", "{49067DCA-26F1-4D52-8D1D-655CC256D0B3}"
EndProject
Project("{9A19103F-16F7-4668-BE54-9A1E7A4F7556}") = "DH.FlurlHttpClient.Pospal.Api", "DH.FlurlHttpClient.Pospal.Api\DH.FlurlHttpClient.Pospal.Api.csproj", "{DC6F432E-22E7-4981-8452-2793A4B0F6D2}"
EndProject
Project("{9A19103F-16F7-4668-BE54-9A1E7A4F7556}") = "DH.Ftp", "DH.Ftp\DH.Ftp.csproj", "{45AFE9DF-7229-4311-B220-33C8B30417FB}"
EndProject
Project("{9A19103F-16F7-4668-BE54-9A1E7A4F7556}") = "DH.Grpc", "DH.Grpc\DH.Grpc.csproj", "{AC053F62-034D-4554-95B8-2FD3F0DBDB94}"
EndProject
Project("{9A19103F-16F7-4668-BE54-9A1E7A4F7556}") = "DH.HttpHelper", "DH.HttpHelper\DH.HttpHelper.csproj", "{C90C688B-138B-4D42-81DB-7676B825587D}"
EndProject
Project("{9A19103F-16F7-4668-BE54-9A1E7A4F7556}") = "DH.LazyCaptcha", "DH.LazyCaptcha\DH.LazyCaptcha.csproj", "{2A3EE9A4-5CDC-43BA-B9C4-276FBE9D0151}"
EndProject
Project("{9A19103F-16F7-4668-BE54-9A1E7A4F7556}") = "DH.LettuceEncrypt", "DH.LettuceEncrypt\DH.LettuceEncrypt.csproj", "{F166D622-8989-43FB-A6A3-E4883510FB30}"
EndProject
Project("{9A19103F-16F7-4668-BE54-9A1E7A4F7556}") = "DH.LettuceEncrypt.Azure", "DH.LettuceEncrypt.Azure\DH.LettuceEncrypt.Azure.csproj", "{39A4BF6B-25C0-44CC-ABBB-56B14B010D6A}"
EndProject
Project("{9A19103F-16F7-4668-BE54-9A1E7A4F7556}") = "DH.Magicodes.IE.Excel", "DH.Magicodes.IE.Excel\DH.Magicodes.IE.Excel.csproj", "{D62195EA-2ACF-416C-8654-5B6ACFB9C6D5}"
EndProject
Project("{9A19103F-16F7-4668-BE54-9A1E7A4F7556}") = "DH.Magicodes.IE.Pdf", "DH.Magicodes.IE.Pdf\DH.Magicodes.IE.Pdf.csproj", "{34C11CED-34D3-4D2B-AFFA-1F16889739F5}"
EndProject
Project("{9A19103F-16F7-4668-BE54-9A1E7A4F7556}") = "DH.Magicodes.IE.Word", "DH.Magicodes.IE.Word\DH.Magicodes.IE.Word.csproj", "{FBD06889-8247-4D8C-B564-B444B67511F3}"
EndProject
Project("{9A19103F-16F7-4668-BE54-9A1E7A4F7556}") = "DH.MailKit", "DH.MailKit\DH.MailKit.csproj", "{209AAB35-06DD-4410-B3DB-922F92150A50}"
EndProject
Project("{9A19103F-16F7-4668-BE54-9A1E7A4F7556}") = "DH.MDB", "DH.MDB\DH.MDB.csproj", "{93ABAD0B-12E7-4844-AEB3-ED93A58981C0}"
EndProject
Project("{9A19103F-16F7-4668-BE54-9A1E7A4F7556}") = "DH.MiniExcel", "DH.MiniExcel\DH.MiniExcel.csproj", "{CDA30519-5089-40C9-BDEE-38020A96E19D}"
EndProject
Project("{9A19103F-16F7-4668-BE54-9A1E7A4F7556}") = "DH.MiniWord", "DH.MiniWord\DH.MiniWord.csproj", "{77C099F3-581D-4246-81DE-38A17E9AB81A}"
EndProject
Project("{9A19103F-16F7-4668-BE54-9A1E7A4F7556}") = "DH.MockData", "DH.MockData\DH.MockData.csproj", "{333903CA-231F-4613-8593-FA2F3F7ED049}"
EndProject
Project("{9A19103F-16F7-4668-BE54-9A1E7A4F7556}") = "DH.NAgent", "DH.NAgent\DH.NAgent.csproj", "{7E94C5FF-4A2F-4164-B71A-A1CE30D35A9B}"
EndProject
Project("{9A19103F-16F7-4668-BE54-9A1E7A4F7556}") = "DH.NBACnet", "DH.NBACnet\DH.NBACnet.csproj", "{1EC36D14-571A-496F-96F7-05F51865A293}"
EndProject
Project("{9A19103F-16F7-4668-BE54-9A1E7A4F7556}") = "DH.NCode", "DH.NCode\DH.NCode.csproj", "{6CB945C8-540F-4B28-B6C4-2215CD438BE1}"
EndProject
Project("{9A19103F-16F7-4668-BE54-9A1E7A4F7556}") = "DH.NCore", "DH.NCore\DH.NCore.csproj", "{F4AC9336-6FE5-43AF-968C-D52E2CB82616}"
EndProject
Project("{9A19103F-16F7-4668-BE54-9A1E7A4F7556}") = "DH.NEasyIO", "DH.NEasyIO\DH.NEasyIO.csproj", "{F0DC73B6-59C1-4961-9192-ED7870A0FBDB}"
EndProject
Project("{9A19103F-16F7-4668-BE54-9A1E7A4F7556}") = "DH.NEasyWeb", "DH.NEasyWeb\DH.NEasyWeb.csproj", "{56180875-AA34-4A73-ADF1-6A667C33DABD}"
EndProject
Project("{9A19103F-16F7-4668-BE54-9A1E7A4F7556}") = "DH.NIoT", "DH.NIoT\DH.NIoT.csproj", "{B63C8F60-3695-43F5-9EC1-094EC675DAFA}"
EndProject
Project("{9A19103F-16F7-4668-BE54-9A1E7A4F7556}") = "DH.NIP", "DH.NIP\DH.NIP.csproj", "{1AC66DB5-89DA-48FD-AF01-EF985DC273EC}"
EndProject
Project("{9A19103F-16F7-4668-BE54-9A1E7A4F7556}") = "DH.NLoRa", "DH.NLoRa\DH.NLoRa.csproj", "{136009B0-48DE-468A-9E48-2DAEB49EDD2C}"
EndProject
Project("{9A19103F-16F7-4668-BE54-9A1E7A4F7556}") = "DH.NMap", "DH.NMap\DH.NMap.csproj", "{4964AED3-8FA2-4D86-8638-EF55B5B6195A}"
EndProject
Project("{9A19103F-16F7-4668-BE54-9A1E7A4F7556}") = "DH.NModbus", "DH.NModbus\DH.NModbus.csproj", "{75B3156B-ADC4-4F9B-9B7D-D368088C607A}"
EndProject
Project("{9A19103F-16F7-4668-BE54-9A1E7A4F7556}") = "DH.NModbusRTU", "DH.NModbusRTU\DH.NModbusRTU.csproj", "{62AF5FE8-16D6-4236-BB2E-92E4F67D3688}"
EndProject
Project("{9A19103F-16F7-4668-BE54-9A1E7A4F7556}") = "DH.NMQTT", "DH.NMQTT\DH.NMQTT.csproj", "{4D6D88AD-469F-4772-9712-BBC6401B6882}"
EndProject
Project("{9A19103F-16F7-4668-BE54-9A1E7A4F7556}") = "DH.NMqttServer", "DH.NMqttServer\DH.NMqttServer.csproj", "{EA3B8F19-E8AE-44F3-9E50-E55172490C28}"
EndProject
Project("{9A19103F-16F7-4668-BE54-9A1E7A4F7556}") = "DH.NNetPing", "DH.NNetPing\DH.NNetPing.csproj", "{D5F4F2F1-391C-40F1-A7FC-50225B0A70CE}"
EndProject
Project("{9A19103F-16F7-4668-BE54-9A1E7A4F7556}") = "DH.NPC", "DH.NPC\DH.NPC.csproj", "{5F971F3C-F81D-4F0E-95FD-F1B422927C8B}"
EndProject
Project("{9A19103F-16F7-4668-BE54-9A1E7A4F7556}") = "DH.Npoi", "DH.Npoi\DH.Npoi.csproj", "{EE1351D5-639D-46D9-8465-2A8F6B748FC5}"
EndProject
Project("{9A19103F-16F7-4668-BE54-9A1E7A4F7556}") = "DH.NRedis", "DH.NRedis\DH.NRedis.csproj", "{220EADF3-4A08-47AB-A2AF-1CF1341C5B7F}"
EndProject
Project("{9A19103F-16F7-4668-BE54-9A1E7A4F7556}") = "DH.NRedis.Extensions", "DH.NRedis.Extensions\DH.NRedis.Extensions.csproj", "{2F04A4AD-2DE5-48E7-B5F3-DEC97861C135}"
EndProject
Project("{9A19103F-16F7-4668-BE54-9A1E7A4F7556}") = "DH.NRemoting", "DH.NRemoting\DH.NRemoting.csproj", "{4B73FC4C-1861-42F1-A932-BD28D90B1031}"
EndProject
Project("{9A19103F-16F7-4668-BE54-9A1E7A4F7556}") = "DH.NRocketMQ", "DH.NRocketMQ\DH.NRocketMQ.csproj", "{B651551F-8240-4E58-94D7-10A861153483}"
EndProject
Project("{9A19103F-16F7-4668-BE54-9A1E7A4F7556}") = "DH.NSchneider", "DH.NSchneider\DH.NSchneider.csproj", "{73100902-3E38-45D4-A5A1-BC8B6C9044ED}"
EndProject
Project("{9A19103F-16F7-4668-BE54-9A1E7A4F7556}") = "DH.NSiemens", "DH.NSiemens\DH.NSiemens.csproj", "{05E7A599-D59F-433D-86B3-BB3B2DB4DEE3}"
EndProject
Project("{9A19103F-16F7-4668-BE54-9A1E7A4F7556}") = "DH.NStardust", "DH.NStardust\DH.NStardust.csproj", "{252BFEFA-186D-49D1-B657-F0E2F4BE65A6}"
EndProject
Project("{9A19103F-16F7-4668-BE54-9A1E7A4F7556}") = "DH.NStardust.Extensions", "DH.NStardust.Extensions\DH.NStardust.Extensions.csproj", "{AD6E69C9-F2A7-4B24-A8FA-45D683D5D068}"
EndProject
Project("{9A19103F-16F7-4668-BE54-9A1E7A4F7556}") = "DH.Payment.Alipay", "DH.Payment.Alipay\DH.Payment.Alipay.csproj", "{A559FCB2-DDC8-43BA-A54F-4DE60DC8C7D5}"
EndProject
Project("{9A19103F-16F7-4668-BE54-9A1E7A4F7556}") = "DH.Payment.JDPay", "DH.Payment.JDPay\DH.Payment.JDPay.csproj", "{7EF0BB5B-95ED-409D-9386-C2C8B7A45268}"
EndProject
Project("{9A19103F-16F7-4668-BE54-9A1E7A4F7556}") = "DH.Payment.LianLianPay", "DH.Payment.LianLianPay\DH.Payment.LianLianPay.csproj", "{3037E7CB-7E30-4EEA-B2ED-44D53D60797E}"
EndProject
Project("{9A19103F-16F7-4668-BE54-9A1E7A4F7556}") = "DH.Payment.PayPal", "DH.Payment.PayPal\DH.Payment.PayPal.csproj", "{29566E53-10EC-4490-976C-059C796AB7AE}"
EndProject
Project("{9A19103F-16F7-4668-BE54-9A1E7A4F7556}") = "DH.Payment.QPay", "DH.Payment.QPay\DH.Payment.QPay.csproj", "{564BEEC8-911F-44E4-ADFF-9934FB85FBE9}"
EndProject
Project("{9A19103F-16F7-4668-BE54-9A1E7A4F7556}") = "DH.Payment.Security", "DH.Payment.Security\DH.Payment.Security.csproj", "{80E92496-AF48-48FA-8C40-A56E006A2DD4}"
EndProject
Project("{9A19103F-16F7-4668-BE54-9A1E7A4F7556}") = "DH.Payment.UnionPay", "DH.Payment.UnionPay\DH.Payment.UnionPay.csproj", "{ED0FECBC-E121-4913-AB42-A9D2FB3C8B77}"
EndProject
Project("{9A19103F-16F7-4668-BE54-9A1E7A4F7556}") = "DH.Payment.WeChatPay", "DH.Payment.WeChatPay\DH.Payment.WeChatPay.csproj", "{B3C8BC76-A7C1-431E-8340-7AD33A9AC14F}"
EndProject
Project("{9A19103F-16F7-4668-BE54-9A1E7A4F7556}") = "DH.PaySharp", "DH.PaySharp\DH.PaySharp.csproj", "{BBF269D8-CDA7-499C-8DE2-DDAA54EC5DF1}"
EndProject
Project("{9A19103F-16F7-4668-BE54-9A1E7A4F7556}") = "DH.PaySharp.Allinpay", "DH.PaySharp.Allinpay\DH.PaySharp.Allinpay.csproj", "{DC8E8A24-93D2-4FD9-986D-EDB3E4BFC93F}"
EndProject
Project("{9A19103F-16F7-4668-BE54-9A1E7A4F7556}") = "DH.PdfSharpCore", "DH.PdfSharpCore\DH.PdfSharpCore.csproj", "{1E5A04E5-D35C-41CE-83B4-BF070A31EB1F}"
EndProject
Project("{9A19103F-16F7-4668-BE54-9A1E7A4F7556}") = "DH.Pdu", "DH.Pdu\DH.Pdu.csproj", "{99ADFBD6-50C8-40C3-B5A6-BE7320AA80F1}"
EndProject
Project("{9A19103F-16F7-4668-BE54-9A1E7A4F7556}") = "DH.Permissions", "DH.Permissions\DH.Permissions.csproj", "{D4F6661E-031F-489F-A509-92AD0747CE0C}"
EndProject
Project("{9A19103F-16F7-4668-BE54-9A1E7A4F7556}") = "DH.Platform.Windows", "DH.Platform.Windows\DH.Platform.Windows.csproj", "{214B02DB-81D5-4956-804C-7852BE2354C6}"
EndProject
Project("{9A19103F-16F7-4668-BE54-9A1E7A4F7556}") = "DH.PluginCore", "DH.PluginCore\DH.PluginCore.csproj", "{6795ACFB-F77A-4983-8857-AC67A8985A91}"
EndProject
Project("{9A19103F-16F7-4668-BE54-9A1E7A4F7556}") = "DH.PluginCore.IPlugins", "DH.PluginCore.IPlugins\DH.PluginCore.IPlugins.csproj", "{6F83A2AE-AFB5-4E19-B483-081608CD8296}"
EndProject
Project("{9A19103F-16F7-4668-BE54-9A1E7A4F7556}") = "DH.PluginCore.IPlugins.AspNetCore", "DH.PluginCore.IPlugins.AspNetCore\DH.PluginCore.IPlugins.AspNetCore.csproj", "{4E35E16B-33B4-4CFC-9ABE-8937217FD623}"
EndProject
Project("{9A19103F-16F7-4668-BE54-9A1E7A4F7556}") = "DH.PluginCore.VueAspNetCore", "DH.PluginCore.VueAspNetCore\DH.PluginCore.VueAspNetCore.csproj", "{FBBF00F5-636A-4F23-8A48-A5F5C28C1A4F}"
EndProject
Project("{9A19103F-16F7-4668-BE54-9A1E7A4F7556}") = "DH.QRCode", "DH.QRCode\DH.QRCode.csproj", "{7261CECF-44E6-42DC-AFF8-E6D74A8815A4}"
EndProject
Project("{9A19103F-16F7-4668-BE54-9A1E7A4F7556}") = "DH.QuestPDF", "DH.QuestPDF\DH.QuestPDF.csproj", "{AC497E5F-9DBA-4C6E-9444-73BD639CFD63}"
EndProject
Project("{9A19103F-16F7-4668-BE54-9A1E7A4F7556}") = "DH.RateLimter", "DH.RateLimter\DH.RateLimter.csproj", "{F2DFB0A4-5DE8-4911-8D93-0DE78174DBB9}"
EndProject
Project("{9A19103F-16F7-4668-BE54-9A1E7A4F7556}") = "DH.RoslynCompile", "DH.RoslynCompile\DH.RoslynCompile.csproj", "{4DAF7D46-7ED2-40D6-88E6-F66ADC72CE4B}"
EndProject
Project("{9A19103F-16F7-4668-BE54-9A1E7A4F7556}") = "DH.SafeOrbit", "DH.SafeOrbit\DH.SafeOrbit.csproj", "{18B36255-98C2-4146-AFE0-845C5CB06179}"
EndProject
Project("{9A19103F-16F7-4668-BE54-9A1E7A4F7556}") = "DH.SearchEngine", "DH.SearchEngine\DH.SearchEngine.csproj", "{A51C7336-77B0-46FA-9347-4A200C953AA1}"
EndProject
Project("{9A19103F-16F7-4668-BE54-9A1E7A4F7556}") = "DH.ServerSentEvent.Client", "DH.ServerSentEvent.Client\DH.ServerSentEvent.Client.csproj", "{DB52FDCC-164C-40D7-B5F8-AFFD6FD54602}"
EndProject
Project("{9A19103F-16F7-4668-BE54-9A1E7A4F7556}") = "DH.Services", "DH.Services\DH.Services.csproj", "{9B241BA6-6B69-48C4-BA03-3241FB3C62BD}"
EndProject
Project("{9A19103F-16F7-4668-BE54-9A1E7A4F7556}") = "DH.ShippingRates", "DH.ShippingRates\DH.ShippingRates.csproj", "{AD96CD88-9732-4EED-A0E5-10EC23CEBEFB}"
EndProject
Project("{9A19103F-16F7-4668-BE54-9A1E7A4F7556}") = "DH.SignalR", "DH.SignalR\DH.SignalR.csproj", "{11384B97-D2C8-4F44-B132-5D64A8FE9EBD}"
EndProject
Project("{9A19103F-16F7-4668-BE54-9A1E7A4F7556}") = "DH.SkiaCaptcha", "DH.SkiaCaptcha\DH.SkiaCaptcha.csproj", "{2CCD920A-07EE-4403-B277-16467B224C68}"
EndProject
Project("{9A19103F-16F7-4668-BE54-9A1E7A4F7556}") = "DH.SKIT.FlurlHttpClient.Baidu.Push", "DH.SKIT.FlurlHttpClient.Baidu.Push\DH.SKIT.FlurlHttpClient.Baidu.Push.csproj", "{3B25EDE3-B079-4BFF-BB0E-55730415DFAA}"
EndProject
Project("{9A19103F-16F7-4668-BE54-9A1E7A4F7556}") = "DH.SKIT.FlurlHttpClient.Baidu.SmartApp", "DH.SKIT.FlurlHttpClient.Baidu.SmartApp\DH.SKIT.FlurlHttpClient.Baidu.SmartApp.csproj", "{1F51C632-9E57-41D1-B6B7-EBBF4CF505FA}"
EndProject
Project("{9A19103F-16F7-4668-BE54-9A1E7A4F7556}") = "DH.SKIT.FlurlHttpClient.Baidu.Translate", "DH.SKIT.FlurlHttpClient.Baidu.Translate\DH.SKIT.FlurlHttpClient.Baidu.Translate.csproj", "{7FE01CF6-7CFB-45DE-842D-B128F910BFD3}"
EndProject
Project("{9A19103F-16F7-4668-BE54-9A1E7A4F7556}") = "DH.SKIT.FlurlHttpClient.ByteDance.DouyinOpen", "DH.SKIT.FlurlHttpClient.ByteDance.DouyinOpen\DH.SKIT.FlurlHttpClient.ByteDance.DouyinOpen.csproj", "{298B60B5-8F24-4FB2-B1AC-3FAF90C5D1B2}"
EndProject
Project("{9A19103F-16F7-4668-BE54-9A1E7A4F7556}") = "DH.SKIT.FlurlHttpClient.ByteDance.DouyinShop", "DH.SKIT.FlurlHttpClient.ByteDance.DouyinShop\DH.SKIT.FlurlHttpClient.ByteDance.DouyinShop.csproj", "{168A0C70-9DC3-48CF-84AE-5CA1C7282BF3}"
EndProject
Project("{9A19103F-16F7-4668-BE54-9A1E7A4F7556}") = "DH.SKIT.FlurlHttpClient.ByteDance.MicroApp", "DH.SKIT.FlurlHttpClient.ByteDance.MicroApp\DH.SKIT.FlurlHttpClient.ByteDance.MicroApp.csproj", "{A507E22B-1C1F-41AA-9D0B-759DC9E802AC}"
EndProject
Project("{9A19103F-16F7-4668-BE54-9A1E7A4F7556}") = "DH.SKIT.FlurlHttpClient.ByteDance.OceanEngine", "DH.SKIT.FlurlHttpClient.ByteDance.OceanEngine\DH.SKIT.FlurlHttpClient.ByteDance.OceanEngine.csproj", "{C2701375-7EFA-476E-846E-4063341B05DC}"
EndProject
Project("{9A19103F-16F7-4668-BE54-9A1E7A4F7556}") = "DH.SKIT.FlurlHttpClient.ByteDance.TikTokGlobal", "DH.SKIT.FlurlHttpClient.ByteDance.TikTokGlobal\DH.SKIT.FlurlHttpClient.ByteDance.TikTokGlobal.csproj", "{4D2C08A6-5703-4F6A-B4F1-5074846EADBF}"
EndProject
Project("{9A19103F-16F7-4668-BE54-9A1E7A4F7556}") = "DH.SKIT.FlurlHttpClient.ByteDance.TikTokGlobalShop", "DH.SKIT.FlurlHttpClient.ByteDance.TikTokGlobalShop\DH.SKIT.FlurlHttpClient.ByteDance.TikTokGlobalShop.csproj", "{899A4F04-ECBC-4523-BACB-8615B4CCF01F}"
EndProject
Project("{9A19103F-16F7-4668-BE54-9A1E7A4F7556}") = "DH.SKIT.FlurlHttpClient.Common", "DH.SKIT.FlurlHttpClient.Common\DH.SKIT.FlurlHttpClient.Common.csproj", "{23444A30-4E73-4E97-84F1-9870EAAA8A02}"
EndProject
Project("{9A19103F-16F7-4668-BE54-9A1E7A4F7556}") = "DH.SKIT.FlurlHttpClient.Upyun.Console", "DH.SKIT.FlurlHttpClient.Upyun.Console\DH.SKIT.FlurlHttpClient.Upyun.Console.csproj", "{F0CD814E-60DA-420A-AA66-4321B3156648}"
EndProject
Project("{9A19103F-16F7-4668-BE54-9A1E7A4F7556}") = "DH.SKIT.FlurlHttpClient.Upyun.Sim", "DH.SKIT.FlurlHttpClient.Upyun.Sim\DH.SKIT.FlurlHttpClient.Upyun.Sim.csproj", "{929DC03F-4994-4CF1-BF2F-CD0E3AB26D59}"
EndProject
Project("{9A19103F-16F7-4668-BE54-9A1E7A4F7556}") = "DH.SKIT.FlurlHttpClient.Upyun.Sms", "DH.SKIT.FlurlHttpClient.Upyun.Sms\DH.SKIT.FlurlHttpClient.Upyun.Sms.csproj", "{197F34E1-1967-4513-B009-A390D84E70B8}"
EndProject
Project("{9A19103F-16F7-4668-BE54-9A1E7A4F7556}") = "DH.SKIT.FlurlHttpClient.Upyun.Uss", "DH.SKIT.FlurlHttpClient.Upyun.Uss\DH.SKIT.FlurlHttpClient.Upyun.Uss.csproj", "{935E5027-087C-45E5-91E4-B3D08DFC9D3D}"
EndProject
Project("{9A19103F-16F7-4668-BE54-9A1E7A4F7556}") = "DH.SKIT.FlurlHttpClient.Wechat.Ads", "DH.SKIT.FlurlHttpClient.Wechat.Ads\DH.SKIT.FlurlHttpClient.Wechat.Ads.csproj", "{1E7229A6-F897-4A48-990B-748F8758BAC8}"
EndProject
Project("{9A19103F-16F7-4668-BE54-9A1E7A4F7556}") = "DH.SKIT.FlurlHttpClient.Wechat.Api", "DH.SKIT.FlurlHttpClient.Wechat.Api\DH.SKIT.FlurlHttpClient.Wechat.Api.csproj", "{7C081DFA-936C-4B51-8374-F927791AF976}"
EndProject
Project("{9A19103F-16F7-4668-BE54-9A1E7A4F7556}") = "DH.SKIT.FlurlHttpClient.Wechat.OpenAI", "DH.SKIT.FlurlHttpClient.Wechat.OpenAI\DH.SKIT.FlurlHttpClient.Wechat.OpenAI.csproj", "{E35DEC21-EECA-4873-8D64-DFC478309A09}"
EndProject
Project("{9A19103F-16F7-4668-BE54-9A1E7A4F7556}") = "DH.SKIT.FlurlHttpClient.Wechat.TenpayBusiness", "DH.SKIT.FlurlHttpClient.Wechat.TenpayBusiness\DH.SKIT.FlurlHttpClient.Wechat.TenpayBusiness.csproj", "{D2058D41-A8CB-4044-90F7-0AF82B84FFB4}"
EndProject
Project("{9A19103F-16F7-4668-BE54-9A1E7A4F7556}") = "DH.SKIT.FlurlHttpClient.Wechat.TenpayV2", "DH.SKIT.FlurlHttpClient.Wechat.TenpayV2\DH.SKIT.FlurlHttpClient.Wechat.TenpayV2.csproj", "{EEA43EC3-3789-4029-8A89-5D0C9152994E}"
EndProject
Project("{9A19103F-16F7-4668-BE54-9A1E7A4F7556}") = "DH.SKIT.FlurlHttpClient.Wechat.TenpayV3", "DH.SKIT.FlurlHttpClient.Wechat.TenpayV3\DH.SKIT.FlurlHttpClient.Wechat.TenpayV3.csproj", "{8A95A3F2-1F93-49C2-8E19-5D29D9009C50}"
EndProject
Project("{9A19103F-16F7-4668-BE54-9A1E7A4F7556}") = "DH.SKIT.FlurlHttpClient.Wechat.Work", "DH.SKIT.FlurlHttpClient.Wechat.Work\DH.SKIT.FlurlHttpClient.Wechat.Work.csproj", "{372B25EC-4D4E-4C63-A0E1-79A8D5661E72}"
EndProject
Project("{9A19103F-16F7-4668-BE54-9A1E7A4F7556}") = "DH.SLazyCaptcha", "DH.SLazyCaptcha\DH.SLazyCaptcha.csproj", "{B3FFA3BE-F0A6-4A69-8C9F-A660506BC636}"
EndProject
Project("{9A19103F-16F7-4668-BE54-9A1E7A4F7556}") = "DH.Sms", "DH.Sms\DH.Sms.csproj", "{6289E344-78DF-476B-A004-B383639F122E}"
EndProject
Project("{9A19103F-16F7-4668-BE54-9A1E7A4F7556}") = "DH.SmsPdu", "DH.SmsPdu\DH.SmsPdu.csproj", "{435B3D32-4A4E-4A5E-9987-2746751461DF}"
EndProject
Project("{9A19103F-16F7-4668-BE54-9A1E7A4F7556}") = "DH.SSH", "DH.SSH\DH.SSH.csproj", "{A4A21398-2138-48CF-B9FD-17FFB0D1A7DF}"
EndProject
Project("{9A19103F-16F7-4668-BE54-9A1E7A4F7556}") = "DH.Swagger", "DH.Swagger\DH.Swagger.csproj", "{2C2D9071-8D6D-43A7-8D4D-386445FF7EDD}"
EndProject
Project("{9A19103F-16F7-4668-BE54-9A1E7A4F7556}") = "DH.Utils", "DH.Utils\DH.Utils.csproj", "{750EA57B-0E5B-4B07-AEC8-5350883AFFF2}"
EndProject
Project("{9A19103F-16F7-4668-BE54-9A1E7A4F7556}") = "DH.VirtualFileSystem", "DH.VirtualFileSystem\DH.VirtualFileSystem.csproj", "{54E24DC9-CF86-4FC5-A395-2D76CDD56233}"
EndProject
Project("{9A19103F-16F7-4668-BE54-9A1E7A4F7556}") = "DH.VueCliMiddleware", "DH.VueCliMiddleware\DH.VueCliMiddleware.csproj", "{DC72D911-B0E1-41C6-9C9D-C69A15E9020A}"
EndProject
Project("{9A19103F-16F7-4668-BE54-9A1E7A4F7556}") = "DH.WebHook", "DH.WebHook\DH.WebHook.csproj", "{F2A735AD-647F-410F-B139-BC905A8C0F9F}"
EndProject
Project("{9A19103F-16F7-4668-BE54-9A1E7A4F7556}") = "DH.XCode", "DH.XCode\DH.XCode.csproj", "{FFE5989A-108D-42FF-B771-487EA3F744B2}"
EndProject
Global
	GlobalSection(SolutionConfigurationPlatforms) = preSolution
		Debug|Any CPU = Debug|Any CPU
		Release|Any CPU = Release|Any CPU
	EndGlobalSection
	GlobalSection(ProjectConfigurationPlatforms) = postSolution
		{613BB809-78BE-4536-816E-4692CA488B97}.Debug|Any CPU.ActiveCfg = Debug|Any CPU
		{613BB809-78BE-4536-816E-4692CA488B97}.Debug|Any CPU.Build.0 = Debug|Any CPU
		{613BB809-78BE-4536-816E-4692CA488B97}.Release|Any CPU.ActiveCfg = Release|Any CPU
		{613BB809-78BE-4536-816E-4692CA488B97}.Release|Any CPU.Build.0 = Release|Any CPU
		{D48B05AF-950A-4510-9273-62133F02D68C}.Debug|Any CPU.ActiveCfg = Debug|Any CPU
		{D48B05AF-950A-4510-9273-62133F02D68C}.Debug|Any CPU.Build.0 = Debug|Any CPU
		{D48B05AF-950A-4510-9273-62133F02D68C}.Release|Any CPU.ActiveCfg = Release|Any CPU
		{D48B05AF-950A-4510-9273-62133F02D68C}.Release|Any CPU.Build.0 = Release|Any CPU
		{53AF6F0A-1C0E-405D-8592-17C66306E39C}.Debug|Any CPU.ActiveCfg = Debug|Any CPU
		{53AF6F0A-1C0E-405D-8592-17C66306E39C}.Debug|Any CPU.Build.0 = Debug|Any CPU
		{53AF6F0A-1C0E-405D-8592-17C66306E39C}.Release|Any CPU.ActiveCfg = Release|Any CPU
		{53AF6F0A-1C0E-405D-8592-17C66306E39C}.Release|Any CPU.Build.0 = Release|Any CPU
		{5BC0E89B-B39C-4169-87EF-8189EE2A506C}.Debug|Any CPU.ActiveCfg = Debug|Any CPU
		{5BC0E89B-B39C-4169-87EF-8189EE2A506C}.Debug|Any CPU.Build.0 = Debug|Any CPU
		{5BC0E89B-B39C-4169-87EF-8189EE2A506C}.Release|Any CPU.ActiveCfg = Release|Any CPU
		{5BC0E89B-B39C-4169-87EF-8189EE2A506C}.Release|Any CPU.Build.0 = Release|Any CPU
		{2874C926-54F4-4317-8145-4BAD079AB3C7}.Debug|Any CPU.ActiveCfg = Debug|Any CPU
		{2874C926-54F4-4317-8145-4BAD079AB3C7}.Debug|Any CPU.Build.0 = Debug|Any CPU
		{2874C926-54F4-4317-8145-4BAD079AB3C7}.Release|Any CPU.ActiveCfg = Release|Any CPU
		{2874C926-54F4-4317-8145-4BAD079AB3C7}.Release|Any CPU.Build.0 = Release|Any CPU
		{8506E8CB-BD74-4940-AAE9-741B0B8E2EBC}.Debug|Any CPU.ActiveCfg = Debug|Any CPU
		{8506E8CB-BD74-4940-AAE9-741B0B8E2EBC}.Debug|Any CPU.Build.0 = Debug|Any CPU
		{8506E8CB-BD74-4940-AAE9-741B0B8E2EBC}.Release|Any CPU.ActiveCfg = Release|Any CPU
		{8506E8CB-BD74-4940-AAE9-741B0B8E2EBC}.Release|Any CPU.Build.0 = Release|Any CPU
		{FA1213ED-219A-44F6-AB6F-989356471C8E}.Debug|Any CPU.ActiveCfg = Debug|Any CPU
		{FA1213ED-219A-44F6-AB6F-989356471C8E}.Debug|Any CPU.Build.0 = Debug|Any CPU
		{FA1213ED-219A-44F6-AB6F-989356471C8E}.Release|Any CPU.ActiveCfg = Release|Any CPU
		{FA1213ED-219A-44F6-AB6F-989356471C8E}.Release|Any CPU.Build.0 = Release|Any CPU
		{7709ADCC-74CF-47EF-BBE9-C810AEDBCD99}.Debug|Any CPU.ActiveCfg = Debug|Any CPU
		{7709ADCC-74CF-47EF-BBE9-C810AEDBCD99}.Debug|Any CPU.Build.0 = Debug|Any CPU
		{7709ADCC-74CF-47EF-BBE9-C810AEDBCD99}.Release|Any CPU.ActiveCfg = Release|Any CPU
		{7709ADCC-74CF-47EF-BBE9-C810AEDBCD99}.Release|Any CPU.Build.0 = Release|Any CPU
		{F4DBE205-8B92-4497-B59C-8E596CA662FF}.Debug|Any CPU.ActiveCfg = Debug|Any CPU
		{F4DBE205-8B92-4497-B59C-8E596CA662FF}.Debug|Any CPU.Build.0 = Debug|Any CPU
		{F4DBE205-8B92-4497-B59C-8E596CA662FF}.Release|Any CPU.ActiveCfg = Release|Any CPU
		{F4DBE205-8B92-4497-B59C-8E596CA662FF}.Release|Any CPU.Build.0 = Release|Any CPU
		{E6750F98-BF50-4DA8-BD05-7451A891B69A}.Debug|Any CPU.ActiveCfg = Debug|Any CPU
		{E6750F98-BF50-4DA8-BD05-7451A891B69A}.Debug|Any CPU.Build.0 = Debug|Any CPU
		{E6750F98-BF50-4DA8-BD05-7451A891B69A}.Release|Any CPU.ActiveCfg = Release|Any CPU
		{E6750F98-BF50-4DA8-BD05-7451A891B69A}.Release|Any CPU.Build.0 = Release|Any CPU
		{77A59340-03B0-430F-A54A-5B8E72DB6FE1}.Debug|Any CPU.ActiveCfg = Debug|Any CPU
		{77A59340-03B0-430F-A54A-5B8E72DB6FE1}.Debug|Any CPU.Build.0 = Debug|Any CPU
		{77A59340-03B0-430F-A54A-5B8E72DB6FE1}.Release|Any CPU.ActiveCfg = Release|Any CPU
		{77A59340-03B0-430F-A54A-5B8E72DB6FE1}.Release|Any CPU.Build.0 = Release|Any CPU
		{EC24E737-503B-436F-B8E5-C69448973212}.Debug|Any CPU.ActiveCfg = Debug|Any CPU
		{EC24E737-503B-436F-B8E5-C69448973212}.Debug|Any CPU.Build.0 = Debug|Any CPU
		{EC24E737-503B-436F-B8E5-C69448973212}.Release|Any CPU.ActiveCfg = Release|Any CPU
		{EC24E737-503B-436F-B8E5-C69448973212}.Release|Any CPU.Build.0 = Release|Any CPU
		{6CF95D9C-F3B5-4F20-AFA5-13540080C219}.Debug|Any CPU.ActiveCfg = Debug|Any CPU
		{6CF95D9C-F3B5-4F20-AFA5-13540080C219}.Debug|Any CPU.Build.0 = Debug|Any CPU
		{6CF95D9C-F3B5-4F20-AFA5-13540080C219}.Release|Any CPU.ActiveCfg = Release|Any CPU
		{6CF95D9C-F3B5-4F20-AFA5-13540080C219}.Release|Any CPU.Build.0 = Release|Any CPU
		{C53E3A7C-964B-41C9-A99D-1ACA544178BF}.Debug|Any CPU.ActiveCfg = Debug|Any CPU
		{C53E3A7C-964B-41C9-A99D-1ACA544178BF}.Debug|Any CPU.Build.0 = Debug|Any CPU
		{C53E3A7C-964B-41C9-A99D-1ACA544178BF}.Release|Any CPU.ActiveCfg = Release|Any CPU
		{C53E3A7C-964B-41C9-A99D-1ACA544178BF}.Release|Any CPU.Build.0 = Release|Any CPU
		{573C1858-F3A6-4E19-BC43-8E2660C9257A}.Debug|Any CPU.ActiveCfg = Debug|Any CPU
		{573C1858-F3A6-4E19-BC43-8E2660C9257A}.Debug|Any CPU.Build.0 = Debug|Any CPU
		{573C1858-F3A6-4E19-BC43-8E2660C9257A}.Release|Any CPU.ActiveCfg = Release|Any CPU
		{573C1858-F3A6-4E19-BC43-8E2660C9257A}.Release|Any CPU.Build.0 = Release|Any CPU
		{23257BA3-4F8A-4657-8896-8D265943FC5C}.Debug|Any CPU.ActiveCfg = Debug|Any CPU
		{23257BA3-4F8A-4657-8896-8D265943FC5C}.Debug|Any CPU.Build.0 = Debug|Any CPU
		{23257BA3-4F8A-4657-8896-8D265943FC5C}.Release|Any CPU.ActiveCfg = Release|Any CPU
		{23257BA3-4F8A-4657-8896-8D265943FC5C}.Release|Any CPU.Build.0 = Release|Any CPU
		{D44AC569-1DB8-4468-ABEC-F6E81E984F84}.Debug|Any CPU.ActiveCfg = Debug|Any CPU
		{D44AC569-1DB8-4468-ABEC-F6E81E984F84}.Debug|Any CPU.Build.0 = Debug|Any CPU
		{D44AC569-1DB8-4468-ABEC-F6E81E984F84}.Release|Any CPU.ActiveCfg = Release|Any CPU
		{D44AC569-1DB8-4468-ABEC-F6E81E984F84}.Release|Any CPU.Build.0 = Release|Any CPU
		{6BC2B046-11EB-4D71-B001-487F26783B07}.Debug|Any CPU.ActiveCfg = Debug|Any CPU
		{6BC2B046-11EB-4D71-B001-487F26783B07}.Debug|Any CPU.Build.0 = Debug|Any CPU
		{6BC2B046-11EB-4D71-B001-487F26783B07}.Release|Any CPU.ActiveCfg = Release|Any CPU
		{6BC2B046-11EB-4D71-B001-487F26783B07}.Release|Any CPU.Build.0 = Release|Any CPU
		{785F4102-D0E2-4A8A-BE8B-0FF2A08AC098}.Debug|Any CPU.ActiveCfg = Debug|Any CPU
		{785F4102-D0E2-4A8A-BE8B-0FF2A08AC098}.Debug|Any CPU.Build.0 = Debug|Any CPU
		{785F4102-D0E2-4A8A-BE8B-0FF2A08AC098}.Release|Any CPU.ActiveCfg = Release|Any CPU
		{785F4102-D0E2-4A8A-BE8B-0FF2A08AC098}.Release|Any CPU.Build.0 = Release|Any CPU
		{175774C5-E59A-42BA-9A44-16FFA83B6A57}.Debug|Any CPU.ActiveCfg = Debug|Any CPU
		{175774C5-E59A-42BA-9A44-16FFA83B6A57}.Debug|Any CPU.Build.0 = Debug|Any CPU
		{175774C5-E59A-42BA-9A44-16FFA83B6A57}.Release|Any CPU.ActiveCfg = Release|Any CPU
		{175774C5-E59A-42BA-9A44-16FFA83B6A57}.Release|Any CPU.Build.0 = Release|Any CPU
		{4DB28A6A-67D9-4E31-A5BC-113A81323F64}.Debug|Any CPU.ActiveCfg = Debug|Any CPU
		{4DB28A6A-67D9-4E31-A5BC-113A81323F64}.Debug|Any CPU.Build.0 = Debug|Any CPU
		{4DB28A6A-67D9-4E31-A5BC-113A81323F64}.Release|Any CPU.ActiveCfg = Release|Any CPU
		{4DB28A6A-67D9-4E31-A5BC-113A81323F64}.Release|Any CPU.Build.0 = Release|Any CPU
		{B9661149-3F98-4BF1-A4A9-EEABA997B2DF}.Debug|Any CPU.ActiveCfg = Debug|Any CPU
		{B9661149-3F98-4BF1-A4A9-EEABA997B2DF}.Debug|Any CPU.Build.0 = Debug|Any CPU
		{B9661149-3F98-4BF1-A4A9-EEABA997B2DF}.Release|Any CPU.ActiveCfg = Release|Any CPU
		{B9661149-3F98-4BF1-A4A9-EEABA997B2DF}.Release|Any CPU.Build.0 = Release|Any CPU
		{D8AB6390-8DF8-4B05-A3E3-554B6780F23E}.Debug|Any CPU.ActiveCfg = Debug|Any CPU
		{D8AB6390-8DF8-4B05-A3E3-554B6780F23E}.Debug|Any CPU.Build.0 = Debug|Any CPU
		{D8AB6390-8DF8-4B05-A3E3-554B6780F23E}.Release|Any CPU.ActiveCfg = Release|Any CPU
		{D8AB6390-8DF8-4B05-A3E3-554B6780F23E}.Release|Any CPU.Build.0 = Release|Any CPU
		{0A0B1200-4DB9-4EBF-AEB4-502BF98262E0}.Debug|Any CPU.ActiveCfg = Debug|Any CPU
		{0A0B1200-4DB9-4EBF-AEB4-502BF98262E0}.Debug|Any CPU.Build.0 = Debug|Any CPU
		{0A0B1200-4DB9-4EBF-AEB4-502BF98262E0}.Release|Any CPU.ActiveCfg = Release|Any CPU
		{0A0B1200-4DB9-4EBF-AEB4-502BF98262E0}.Release|Any CPU.Build.0 = Release|Any CPU
		{49067DCA-26F1-4D52-8D1D-655CC256D0B3}.Debug|Any CPU.ActiveCfg = Debug|Any CPU
		{49067DCA-26F1-4D52-8D1D-655CC256D0B3}.Debug|Any CPU.Build.0 = Debug|Any CPU
		{49067DCA-26F1-4D52-8D1D-655CC256D0B3}.Release|Any CPU.ActiveCfg = Release|Any CPU
		{49067DCA-26F1-4D52-8D1D-655CC256D0B3}.Release|Any CPU.Build.0 = Release|Any CPU
		{DC6F432E-22E7-4981-8452-2793A4B0F6D2}.Debug|Any CPU.ActiveCfg = Debug|Any CPU
		{DC6F432E-22E7-4981-8452-2793A4B0F6D2}.Debug|Any CPU.Build.0 = Debug|Any CPU
		{DC6F432E-22E7-4981-8452-2793A4B0F6D2}.Release|Any CPU.ActiveCfg = Release|Any CPU
		{DC6F432E-22E7-4981-8452-2793A4B0F6D2}.Release|Any CPU.Build.0 = Release|Any CPU
		{45AFE9DF-7229-4311-B220-33C8B30417FB}.Debug|Any CPU.ActiveCfg = Debug|Any CPU
		{45AFE9DF-7229-4311-B220-33C8B30417FB}.Debug|Any CPU.Build.0 = Debug|Any CPU
		{45AFE9DF-7229-4311-B220-33C8B30417FB}.Release|Any CPU.ActiveCfg = Release|Any CPU
		{45AFE9DF-7229-4311-B220-33C8B30417FB}.Release|Any CPU.Build.0 = Release|Any CPU
		{AC053F62-034D-4554-95B8-2FD3F0DBDB94}.Debug|Any CPU.ActiveCfg = Debug|Any CPU
		{AC053F62-034D-4554-95B8-2FD3F0DBDB94}.Debug|Any CPU.Build.0 = Debug|Any CPU
		{AC053F62-034D-4554-95B8-2FD3F0DBDB94}.Release|Any CPU.ActiveCfg = Release|Any CPU
		{AC053F62-034D-4554-95B8-2FD3F0DBDB94}.Release|Any CPU.Build.0 = Release|Any CPU
		{C90C688B-138B-4D42-81DB-7676B825587D}.Debug|Any CPU.ActiveCfg = Debug|Any CPU
		{C90C688B-138B-4D42-81DB-7676B825587D}.Debug|Any CPU.Build.0 = Debug|Any CPU
		{C90C688B-138B-4D42-81DB-7676B825587D}.Release|Any CPU.ActiveCfg = Release|Any CPU
		{C90C688B-138B-4D42-81DB-7676B825587D}.Release|Any CPU.Build.0 = Release|Any CPU
		{2A3EE9A4-5CDC-43BA-B9C4-276FBE9D0151}.Debug|Any CPU.ActiveCfg = Debug|Any CPU
		{2A3EE9A4-5CDC-43BA-B9C4-276FBE9D0151}.Debug|Any CPU.Build.0 = Debug|Any CPU
		{2A3EE9A4-5CDC-43BA-B9C4-276FBE9D0151}.Release|Any CPU.ActiveCfg = Release|Any CPU
		{2A3EE9A4-5CDC-43BA-B9C4-276FBE9D0151}.Release|Any CPU.Build.0 = Release|Any CPU
		{F166D622-8989-43FB-A6A3-E4883510FB30}.Debug|Any CPU.ActiveCfg = Debug|Any CPU
		{F166D622-8989-43FB-A6A3-E4883510FB30}.Debug|Any CPU.Build.0 = Debug|Any CPU
		{F166D622-8989-43FB-A6A3-E4883510FB30}.Release|Any CPU.ActiveCfg = Release|Any CPU
		{F166D622-8989-43FB-A6A3-E4883510FB30}.Release|Any CPU.Build.0 = Release|Any CPU
		{39A4BF6B-25C0-44CC-ABBB-56B14B010D6A}.Debug|Any CPU.ActiveCfg = Debug|Any CPU
		{39A4BF6B-25C0-44CC-ABBB-56B14B010D6A}.Debug|Any CPU.Build.0 = Debug|Any CPU
		{39A4BF6B-25C0-44CC-ABBB-56B14B010D6A}.Release|Any CPU.ActiveCfg = Release|Any CPU
		{39A4BF6B-25C0-44CC-ABBB-56B14B010D6A}.Release|Any CPU.Build.0 = Release|Any CPU
		{D62195EA-2ACF-416C-8654-5B6ACFB9C6D5}.Debug|Any CPU.ActiveCfg = Debug|Any CPU
		{D62195EA-2ACF-416C-8654-5B6ACFB9C6D5}.Debug|Any CPU.Build.0 = Debug|Any CPU
		{D62195EA-2ACF-416C-8654-5B6ACFB9C6D5}.Release|Any CPU.ActiveCfg = Release|Any CPU
		{D62195EA-2ACF-416C-8654-5B6ACFB9C6D5}.Release|Any CPU.Build.0 = Release|Any CPU
		{34C11CED-34D3-4D2B-AFFA-1F16889739F5}.Debug|Any CPU.ActiveCfg = Debug|Any CPU
		{34C11CED-34D3-4D2B-AFFA-1F16889739F5}.Debug|Any CPU.Build.0 = Debug|Any CPU
		{34C11CED-34D3-4D2B-AFFA-1F16889739F5}.Release|Any CPU.ActiveCfg = Release|Any CPU
		{34C11CED-34D3-4D2B-AFFA-1F16889739F5}.Release|Any CPU.Build.0 = Release|Any CPU
		{FBD06889-8247-4D8C-B564-B444B67511F3}.Debug|Any CPU.ActiveCfg = Debug|Any CPU
		{FBD06889-8247-4D8C-B564-B444B67511F3}.Debug|Any CPU.Build.0 = Debug|Any CPU
		{FBD06889-8247-4D8C-B564-B444B67511F3}.Release|Any CPU.ActiveCfg = Release|Any CPU
		{FBD06889-8247-4D8C-B564-B444B67511F3}.Release|Any CPU.Build.0 = Release|Any CPU
		{209AAB35-06DD-4410-B3DB-922F92150A50}.Debug|Any CPU.ActiveCfg = Debug|Any CPU
		{209AAB35-06DD-4410-B3DB-922F92150A50}.Debug|Any CPU.Build.0 = Debug|Any CPU
		{209AAB35-06DD-4410-B3DB-922F92150A50}.Release|Any CPU.ActiveCfg = Release|Any CPU
		{209AAB35-06DD-4410-B3DB-922F92150A50}.Release|Any CPU.Build.0 = Release|Any CPU
		{93ABAD0B-12E7-4844-AEB3-ED93A58981C0}.Debug|Any CPU.ActiveCfg = Debug|Any CPU
		{93ABAD0B-12E7-4844-AEB3-ED93A58981C0}.Debug|Any CPU.Build.0 = Debug|Any CPU
		{93ABAD0B-12E7-4844-AEB3-ED93A58981C0}.Release|Any CPU.ActiveCfg = Release|Any CPU
		{93ABAD0B-12E7-4844-AEB3-ED93A58981C0}.Release|Any CPU.Build.0 = Release|Any CPU
		{CDA30519-5089-40C9-BDEE-38020A96E19D}.Debug|Any CPU.ActiveCfg = Debug|Any CPU
		{CDA30519-5089-40C9-BDEE-38020A96E19D}.Debug|Any CPU.Build.0 = Debug|Any CPU
		{CDA30519-5089-40C9-BDEE-38020A96E19D}.Release|Any CPU.ActiveCfg = Release|Any CPU
		{CDA30519-5089-40C9-BDEE-38020A96E19D}.Release|Any CPU.Build.0 = Release|Any CPU
		{77C099F3-581D-4246-81DE-38A17E9AB81A}.Debug|Any CPU.ActiveCfg = Debug|Any CPU
		{77C099F3-581D-4246-81DE-38A17E9AB81A}.Debug|Any CPU.Build.0 = Debug|Any CPU
		{77C099F3-581D-4246-81DE-38A17E9AB81A}.Release|Any CPU.ActiveCfg = Release|Any CPU
		{77C099F3-581D-4246-81DE-38A17E9AB81A}.Release|Any CPU.Build.0 = Release|Any CPU
		{333903CA-231F-4613-8593-FA2F3F7ED049}.Debug|Any CPU.ActiveCfg = Debug|Any CPU
		{333903CA-231F-4613-8593-FA2F3F7ED049}.Debug|Any CPU.Build.0 = Debug|Any CPU
		{333903CA-231F-4613-8593-FA2F3F7ED049}.Release|Any CPU.ActiveCfg = Release|Any CPU
		{333903CA-231F-4613-8593-FA2F3F7ED049}.Release|Any CPU.Build.0 = Release|Any CPU
		{7E94C5FF-4A2F-4164-B71A-A1CE30D35A9B}.Debug|Any CPU.ActiveCfg = Debug|Any CPU
		{7E94C5FF-4A2F-4164-B71A-A1CE30D35A9B}.Debug|Any CPU.Build.0 = Debug|Any CPU
		{7E94C5FF-4A2F-4164-B71A-A1CE30D35A9B}.Release|Any CPU.ActiveCfg = Release|Any CPU
		{7E94C5FF-4A2F-4164-B71A-A1CE30D35A9B}.Release|Any CPU.Build.0 = Release|Any CPU
		{1EC36D14-571A-496F-96F7-05F51865A293}.Debug|Any CPU.ActiveCfg = Debug|Any CPU
		{1EC36D14-571A-496F-96F7-05F51865A293}.Debug|Any CPU.Build.0 = Debug|Any CPU
		{1EC36D14-571A-496F-96F7-05F51865A293}.Release|Any CPU.ActiveCfg = Release|Any CPU
		{1EC36D14-571A-496F-96F7-05F51865A293}.Release|Any CPU.Build.0 = Release|Any CPU
		{6CB945C8-540F-4B28-B6C4-2215CD438BE1}.Debug|Any CPU.ActiveCfg = Debug|Any CPU
		{6CB945C8-540F-4B28-B6C4-2215CD438BE1}.Debug|Any CPU.Build.0 = Debug|Any CPU
		{6CB945C8-540F-4B28-B6C4-2215CD438BE1}.Release|Any CPU.ActiveCfg = Release|Any CPU
		{6CB945C8-540F-4B28-B6C4-2215CD438BE1}.Release|Any CPU.Build.0 = Release|Any CPU
		{F4AC9336-6FE5-43AF-968C-D52E2CB82616}.Debug|Any CPU.ActiveCfg = Debug|Any CPU
		{F4AC9336-6FE5-43AF-968C-D52E2CB82616}.Debug|Any CPU.Build.0 = Debug|Any CPU
		{F4AC9336-6FE5-43AF-968C-D52E2CB82616}.Release|Any CPU.ActiveCfg = Release|Any CPU
		{F4AC9336-6FE5-43AF-968C-D52E2CB82616}.Release|Any CPU.Build.0 = Release|Any CPU
		{F0DC73B6-59C1-4961-9192-ED7870A0FBDB}.Debug|Any CPU.ActiveCfg = Debug|Any CPU
		{F0DC73B6-59C1-4961-9192-ED7870A0FBDB}.Debug|Any CPU.Build.0 = Debug|Any CPU
		{F0DC73B6-59C1-4961-9192-ED7870A0FBDB}.Release|Any CPU.ActiveCfg = Release|Any CPU
		{F0DC73B6-59C1-4961-9192-ED7870A0FBDB}.Release|Any CPU.Build.0 = Release|Any CPU
		{56180875-AA34-4A73-ADF1-6A667C33DABD}.Debug|Any CPU.ActiveCfg = Debug|Any CPU
		{56180875-AA34-4A73-ADF1-6A667C33DABD}.Debug|Any CPU.Build.0 = Debug|Any CPU
		{56180875-AA34-4A73-ADF1-6A667C33DABD}.Release|Any CPU.ActiveCfg = Release|Any CPU
		{56180875-AA34-4A73-ADF1-6A667C33DABD}.Release|Any CPU.Build.0 = Release|Any CPU
		{B63C8F60-3695-43F5-9EC1-094EC675DAFA}.Debug|Any CPU.ActiveCfg = Debug|Any CPU
		{B63C8F60-3695-43F5-9EC1-094EC675DAFA}.Debug|Any CPU.Build.0 = Debug|Any CPU
		{B63C8F60-3695-43F5-9EC1-094EC675DAFA}.Release|Any CPU.ActiveCfg = Release|Any CPU
		{B63C8F60-3695-43F5-9EC1-094EC675DAFA}.Release|Any CPU.Build.0 = Release|Any CPU
		{1AC66DB5-89DA-48FD-AF01-EF985DC273EC}.Debug|Any CPU.ActiveCfg = Debug|Any CPU
		{1AC66DB5-89DA-48FD-AF01-EF985DC273EC}.Debug|Any CPU.Build.0 = Debug|Any CPU
		{1AC66DB5-89DA-48FD-AF01-EF985DC273EC}.Release|Any CPU.ActiveCfg = Release|Any CPU
		{1AC66DB5-89DA-48FD-AF01-EF985DC273EC}.Release|Any CPU.Build.0 = Release|Any CPU
		{136009B0-48DE-468A-9E48-2DAEB49EDD2C}.Debug|Any CPU.ActiveCfg = Debug|Any CPU
		{136009B0-48DE-468A-9E48-2DAEB49EDD2C}.Debug|Any CPU.Build.0 = Debug|Any CPU
		{136009B0-48DE-468A-9E48-2DAEB49EDD2C}.Release|Any CPU.ActiveCfg = Release|Any CPU
		{136009B0-48DE-468A-9E48-2DAEB49EDD2C}.Release|Any CPU.Build.0 = Release|Any CPU
		{4964AED3-8FA2-4D86-8638-EF55B5B6195A}.Debug|Any CPU.ActiveCfg = Debug|Any CPU
		{4964AED3-8FA2-4D86-8638-EF55B5B6195A}.Debug|Any CPU.Build.0 = Debug|Any CPU
		{4964AED3-8FA2-4D86-8638-EF55B5B6195A}.Release|Any CPU.ActiveCfg = Release|Any CPU
		{4964AED3-8FA2-4D86-8638-EF55B5B6195A}.Release|Any CPU.Build.0 = Release|Any CPU
		{75B3156B-ADC4-4F9B-9B7D-D368088C607A}.Debug|Any CPU.ActiveCfg = Debug|Any CPU
		{75B3156B-ADC4-4F9B-9B7D-D368088C607A}.Debug|Any CPU.Build.0 = Debug|Any CPU
		{75B3156B-ADC4-4F9B-9B7D-D368088C607A}.Release|Any CPU.ActiveCfg = Release|Any CPU
		{75B3156B-ADC4-4F9B-9B7D-D368088C607A}.Release|Any CPU.Build.0 = Release|Any CPU
		{62AF5FE8-16D6-4236-BB2E-92E4F67D3688}.Debug|Any CPU.ActiveCfg = Debug|Any CPU
		{62AF5FE8-16D6-4236-BB2E-92E4F67D3688}.Debug|Any CPU.Build.0 = Debug|Any CPU
		{62AF5FE8-16D6-4236-BB2E-92E4F67D3688}.Release|Any CPU.ActiveCfg = Release|Any CPU
		{62AF5FE8-16D6-4236-BB2E-92E4F67D3688}.Release|Any CPU.Build.0 = Release|Any CPU
		{4D6D88AD-469F-4772-9712-BBC6401B6882}.Debug|Any CPU.ActiveCfg = Debug|Any CPU
		{4D6D88AD-469F-4772-9712-BBC6401B6882}.Debug|Any CPU.Build.0 = Debug|Any CPU
		{4D6D88AD-469F-4772-9712-BBC6401B6882}.Release|Any CPU.ActiveCfg = Release|Any CPU
		{4D6D88AD-469F-4772-9712-BBC6401B6882}.Release|Any CPU.Build.0 = Release|Any CPU
		{EA3B8F19-E8AE-44F3-9E50-E55172490C28}.Debug|Any CPU.ActiveCfg = Debug|Any CPU
		{EA3B8F19-E8AE-44F3-9E50-E55172490C28}.Debug|Any CPU.Build.0 = Debug|Any CPU
		{EA3B8F19-E8AE-44F3-9E50-E55172490C28}.Release|Any CPU.ActiveCfg = Release|Any CPU
		{EA3B8F19-E8AE-44F3-9E50-E55172490C28}.Release|Any CPU.Build.0 = Release|Any CPU
		{D5F4F2F1-391C-40F1-A7FC-50225B0A70CE}.Debug|Any CPU.ActiveCfg = Debug|Any CPU
		{D5F4F2F1-391C-40F1-A7FC-50225B0A70CE}.Debug|Any CPU.Build.0 = Debug|Any CPU
		{D5F4F2F1-391C-40F1-A7FC-50225B0A70CE}.Release|Any CPU.ActiveCfg = Release|Any CPU
		{D5F4F2F1-391C-40F1-A7FC-50225B0A70CE}.Release|Any CPU.Build.0 = Release|Any CPU
		{5F971F3C-F81D-4F0E-95FD-F1B422927C8B}.Debug|Any CPU.ActiveCfg = Debug|Any CPU
		{5F971F3C-F81D-4F0E-95FD-F1B422927C8B}.Debug|Any CPU.Build.0 = Debug|Any CPU
		{5F971F3C-F81D-4F0E-95FD-F1B422927C8B}.Release|Any CPU.ActiveCfg = Release|Any CPU
		{5F971F3C-F81D-4F0E-95FD-F1B422927C8B}.Release|Any CPU.Build.0 = Release|Any CPU
		{EE1351D5-639D-46D9-8465-2A8F6B748FC5}.Debug|Any CPU.ActiveCfg = Debug|Any CPU
		{EE1351D5-639D-46D9-8465-2A8F6B748FC5}.Debug|Any CPU.Build.0 = Debug|Any CPU
		{EE1351D5-639D-46D9-8465-2A8F6B748FC5}.Release|Any CPU.ActiveCfg = Release|Any CPU
		{EE1351D5-639D-46D9-8465-2A8F6B748FC5}.Release|Any CPU.Build.0 = Release|Any CPU
		{220EADF3-4A08-47AB-A2AF-1CF1341C5B7F}.Debug|Any CPU.ActiveCfg = Debug|Any CPU
		{220EADF3-4A08-47AB-A2AF-1CF1341C5B7F}.Debug|Any CPU.Build.0 = Debug|Any CPU
		{220EADF3-4A08-47AB-A2AF-1CF1341C5B7F}.Release|Any CPU.ActiveCfg = Release|Any CPU
		{220EADF3-4A08-47AB-A2AF-1CF1341C5B7F}.Release|Any CPU.Build.0 = Release|Any CPU
		{2F04A4AD-2DE5-48E7-B5F3-DEC97861C135}.Debug|Any CPU.ActiveCfg = Debug|Any CPU
		{2F04A4AD-2DE5-48E7-B5F3-DEC97861C135}.Debug|Any CPU.Build.0 = Debug|Any CPU
		{2F04A4AD-2DE5-48E7-B5F3-DEC97861C135}.Release|Any CPU.ActiveCfg = Release|Any CPU
		{2F04A4AD-2DE5-48E7-B5F3-DEC97861C135}.Release|Any CPU.Build.0 = Release|Any CPU
		{4B73FC4C-1861-42F1-A932-BD28D90B1031}.Debug|Any CPU.ActiveCfg = Debug|Any CPU
		{4B73FC4C-1861-42F1-A932-BD28D90B1031}.Debug|Any CPU.Build.0 = Debug|Any CPU
		{4B73FC4C-1861-42F1-A932-BD28D90B1031}.Release|Any CPU.ActiveCfg = Release|Any CPU
		{4B73FC4C-1861-42F1-A932-BD28D90B1031}.Release|Any CPU.Build.0 = Release|Any CPU
		{B651551F-8240-4E58-94D7-10A861153483}.Debug|Any CPU.ActiveCfg = Debug|Any CPU
		{B651551F-8240-4E58-94D7-10A861153483}.Debug|Any CPU.Build.0 = Debug|Any CPU
		{B651551F-8240-4E58-94D7-10A861153483}.Release|Any CPU.ActiveCfg = Release|Any CPU
		{B651551F-8240-4E58-94D7-10A861153483}.Release|Any CPU.Build.0 = Release|Any CPU
		{73100902-3E38-45D4-A5A1-BC8B6C9044ED}.Debug|Any CPU.ActiveCfg = Debug|Any CPU
		{73100902-3E38-45D4-A5A1-BC8B6C9044ED}.Debug|Any CPU.Build.0 = Debug|Any CPU
		{73100902-3E38-45D4-A5A1-BC8B6C9044ED}.Release|Any CPU.ActiveCfg = Release|Any CPU
		{73100902-3E38-45D4-A5A1-BC8B6C9044ED}.Release|Any CPU.Build.0 = Release|Any CPU
		{05E7A599-D59F-433D-86B3-BB3B2DB4DEE3}.Debug|Any CPU.ActiveCfg = Debug|Any CPU
		{05E7A599-D59F-433D-86B3-BB3B2DB4DEE3}.Debug|Any CPU.Build.0 = Debug|Any CPU
		{05E7A599-D59F-433D-86B3-BB3B2DB4DEE3}.Release|Any CPU.ActiveCfg = Release|Any CPU
		{05E7A599-D59F-433D-86B3-BB3B2DB4DEE3}.Release|Any CPU.Build.0 = Release|Any CPU
		{252BFEFA-186D-49D1-B657-F0E2F4BE65A6}.Debug|Any CPU.ActiveCfg = Debug|Any CPU
		{252BFEFA-186D-49D1-B657-F0E2F4BE65A6}.Debug|Any CPU.Build.0 = Debug|Any CPU
		{252BFEFA-186D-49D1-B657-F0E2F4BE65A6}.Release|Any CPU.ActiveCfg = Release|Any CPU
		{252BFEFA-186D-49D1-B657-F0E2F4BE65A6}.Release|Any CPU.Build.0 = Release|Any CPU
		{AD6E69C9-F2A7-4B24-A8FA-45D683D5D068}.Debug|Any CPU.ActiveCfg = Debug|Any CPU
		{AD6E69C9-F2A7-4B24-A8FA-45D683D5D068}.Debug|Any CPU.Build.0 = Debug|Any CPU
		{AD6E69C9-F2A7-4B24-A8FA-45D683D5D068}.Release|Any CPU.ActiveCfg = Release|Any CPU
		{AD6E69C9-F2A7-4B24-A8FA-45D683D5D068}.Release|Any CPU.Build.0 = Release|Any CPU
		{A559FCB2-DDC8-43BA-A54F-4DE60DC8C7D5}.Debug|Any CPU.ActiveCfg = Debug|Any CPU
		{A559FCB2-DDC8-43BA-A54F-4DE60DC8C7D5}.Debug|Any CPU.Build.0 = Debug|Any CPU
		{A559FCB2-DDC8-43BA-A54F-4DE60DC8C7D5}.Release|Any CPU.ActiveCfg = Release|Any CPU
		{A559FCB2-DDC8-43BA-A54F-4DE60DC8C7D5}.Release|Any CPU.Build.0 = Release|Any CPU
		{7EF0BB5B-95ED-409D-9386-C2C8B7A45268}.Debug|Any CPU.ActiveCfg = Debug|Any CPU
		{7EF0BB5B-95ED-409D-9386-C2C8B7A45268}.Debug|Any CPU.Build.0 = Debug|Any CPU
		{7EF0BB5B-95ED-409D-9386-C2C8B7A45268}.Release|Any CPU.ActiveCfg = Release|Any CPU
		{7EF0BB5B-95ED-409D-9386-C2C8B7A45268}.Release|Any CPU.Build.0 = Release|Any CPU
		{3037E7CB-7E30-4EEA-B2ED-44D53D60797E}.Debug|Any CPU.ActiveCfg = Debug|Any CPU
		{3037E7CB-7E30-4EEA-B2ED-44D53D60797E}.Debug|Any CPU.Build.0 = Debug|Any CPU
		{3037E7CB-7E30-4EEA-B2ED-44D53D60797E}.Release|Any CPU.ActiveCfg = Release|Any CPU
		{3037E7CB-7E30-4EEA-B2ED-44D53D60797E}.Release|Any CPU.Build.0 = Release|Any CPU
		{29566E53-10EC-4490-976C-059C796AB7AE}.Debug|Any CPU.ActiveCfg = Debug|Any CPU
		{29566E53-10EC-4490-976C-059C796AB7AE}.Debug|Any CPU.Build.0 = Debug|Any CPU
		{29566E53-10EC-4490-976C-059C796AB7AE}.Release|Any CPU.ActiveCfg = Release|Any CPU
		{29566E53-10EC-4490-976C-059C796AB7AE}.Release|Any CPU.Build.0 = Release|Any CPU
		{564BEEC8-911F-44E4-ADFF-9934FB85FBE9}.Debug|Any CPU.ActiveCfg = Debug|Any CPU
		{564BEEC8-911F-44E4-ADFF-9934FB85FBE9}.Debug|Any CPU.Build.0 = Debug|Any CPU
		{564BEEC8-911F-44E4-ADFF-9934FB85FBE9}.Release|Any CPU.ActiveCfg = Release|Any CPU
		{564BEEC8-911F-44E4-ADFF-9934FB85FBE9}.Release|Any CPU.Build.0 = Release|Any CPU
		{80E92496-AF48-48FA-8C40-A56E006A2DD4}.Debug|Any CPU.ActiveCfg = Debug|Any CPU
		{80E92496-AF48-48FA-8C40-A56E006A2DD4}.Debug|Any CPU.Build.0 = Debug|Any CPU
		{80E92496-AF48-48FA-8C40-A56E006A2DD4}.Release|Any CPU.ActiveCfg = Release|Any CPU
		{80E92496-AF48-48FA-8C40-A56E006A2DD4}.Release|Any CPU.Build.0 = Release|Any CPU
		{ED0FECBC-E121-4913-AB42-A9D2FB3C8B77}.Debug|Any CPU.ActiveCfg = Debug|Any CPU
		{ED0FECBC-E121-4913-AB42-A9D2FB3C8B77}.Debug|Any CPU.Build.0 = Debug|Any CPU
		{ED0FECBC-E121-4913-AB42-A9D2FB3C8B77}.Release|Any CPU.ActiveCfg = Release|Any CPU
		{ED0FECBC-E121-4913-AB42-A9D2FB3C8B77}.Release|Any CPU.Build.0 = Release|Any CPU
		{B3C8BC76-A7C1-431E-8340-7AD33A9AC14F}.Debug|Any CPU.ActiveCfg = Debug|Any CPU
		{B3C8BC76-A7C1-431E-8340-7AD33A9AC14F}.Debug|Any CPU.Build.0 = Debug|Any CPU
		{B3C8BC76-A7C1-431E-8340-7AD33A9AC14F}.Release|Any CPU.ActiveCfg = Release|Any CPU
		{B3C8BC76-A7C1-431E-8340-7AD33A9AC14F}.Release|Any CPU.Build.0 = Release|Any CPU
		{BBF269D8-CDA7-499C-8DE2-DDAA54EC5DF1}.Debug|Any CPU.ActiveCfg = Debug|Any CPU
		{BBF269D8-CDA7-499C-8DE2-DDAA54EC5DF1}.Debug|Any CPU.Build.0 = Debug|Any CPU
		{BBF269D8-CDA7-499C-8DE2-DDAA54EC5DF1}.Release|Any CPU.ActiveCfg = Release|Any CPU
		{BBF269D8-CDA7-499C-8DE2-DDAA54EC5DF1}.Release|Any CPU.Build.0 = Release|Any CPU
		{DC8E8A24-93D2-4FD9-986D-EDB3E4BFC93F}.Debug|Any CPU.ActiveCfg = Debug|Any CPU
		{DC8E8A24-93D2-4FD9-986D-EDB3E4BFC93F}.Debug|Any CPU.Build.0 = Debug|Any CPU
		{DC8E8A24-93D2-4FD9-986D-EDB3E4BFC93F}.Release|Any CPU.ActiveCfg = Release|Any CPU
		{DC8E8A24-93D2-4FD9-986D-EDB3E4BFC93F}.Release|Any CPU.Build.0 = Release|Any CPU
		{1E5A04E5-D35C-41CE-83B4-BF070A31EB1F}.Debug|Any CPU.ActiveCfg = Debug|Any CPU
		{1E5A04E5-D35C-41CE-83B4-BF070A31EB1F}.Debug|Any CPU.Build.0 = Debug|Any CPU
		{1E5A04E5-D35C-41CE-83B4-BF070A31EB1F}.Release|Any CPU.ActiveCfg = Release|Any CPU
		{1E5A04E5-D35C-41CE-83B4-BF070A31EB1F}.Release|Any CPU.Build.0 = Release|Any CPU
		{99ADFBD6-50C8-40C3-B5A6-BE7320AA80F1}.Debug|Any CPU.ActiveCfg = Debug|Any CPU
		{99ADFBD6-50C8-40C3-B5A6-BE7320AA80F1}.Debug|Any CPU.Build.0 = Debug|Any CPU
		{99ADFBD6-50C8-40C3-B5A6-BE7320AA80F1}.Release|Any CPU.ActiveCfg = Release|Any CPU
		{99ADFBD6-50C8-40C3-B5A6-BE7320AA80F1}.Release|Any CPU.Build.0 = Release|Any CPU
		{D4F6661E-031F-489F-A509-92AD0747CE0C}.Debug|Any CPU.ActiveCfg = Debug|Any CPU
		{D4F6661E-031F-489F-A509-92AD0747CE0C}.Debug|Any CPU.Build.0 = Debug|Any CPU
		{D4F6661E-031F-489F-A509-92AD0747CE0C}.Release|Any CPU.ActiveCfg = Release|Any CPU
		{D4F6661E-031F-489F-A509-92AD0747CE0C}.Release|Any CPU.Build.0 = Release|Any CPU
		{214B02DB-81D5-4956-804C-7852BE2354C6}.Debug|Any CPU.ActiveCfg = Debug|Any CPU
		{214B02DB-81D5-4956-804C-7852BE2354C6}.Debug|Any CPU.Build.0 = Debug|Any CPU
		{214B02DB-81D5-4956-804C-7852BE2354C6}.Release|Any CPU.ActiveCfg = Release|Any CPU
		{214B02DB-81D5-4956-804C-7852BE2354C6}.Release|Any CPU.Build.0 = Release|Any CPU
		{6795ACFB-F77A-4983-8857-AC67A8985A91}.Debug|Any CPU.ActiveCfg = Debug|Any CPU
		{6795ACFB-F77A-4983-8857-AC67A8985A91}.Debug|Any CPU.Build.0 = Debug|Any CPU
		{6795ACFB-F77A-4983-8857-AC67A8985A91}.Release|Any CPU.ActiveCfg = Release|Any CPU
		{6795ACFB-F77A-4983-8857-AC67A8985A91}.Release|Any CPU.Build.0 = Release|Any CPU
		{6F83A2AE-AFB5-4E19-B483-081608CD8296}.Debug|Any CPU.ActiveCfg = Debug|Any CPU
		{6F83A2AE-AFB5-4E19-B483-081608CD8296}.Debug|Any CPU.Build.0 = Debug|Any CPU
		{6F83A2AE-AFB5-4E19-B483-081608CD8296}.Release|Any CPU.ActiveCfg = Release|Any CPU
		{6F83A2AE-AFB5-4E19-B483-081608CD8296}.Release|Any CPU.Build.0 = Release|Any CPU
		{4E35E16B-33B4-4CFC-9ABE-8937217FD623}.Debug|Any CPU.ActiveCfg = Debug|Any CPU
		{4E35E16B-33B4-4CFC-9ABE-8937217FD623}.Debug|Any CPU.Build.0 = Debug|Any CPU
		{4E35E16B-33B4-4CFC-9ABE-8937217FD623}.Release|Any CPU.ActiveCfg = Release|Any CPU
		{4E35E16B-33B4-4CFC-9ABE-8937217FD623}.Release|Any CPU.Build.0 = Release|Any CPU
		{FBBF00F5-636A-4F23-8A48-A5F5C28C1A4F}.Debug|Any CPU.ActiveCfg = Debug|Any CPU
		{FBBF00F5-636A-4F23-8A48-A5F5C28C1A4F}.Debug|Any CPU.Build.0 = Debug|Any CPU
		{FBBF00F5-636A-4F23-8A48-A5F5C28C1A4F}.Release|Any CPU.ActiveCfg = Release|Any CPU
		{FBBF00F5-636A-4F23-8A48-A5F5C28C1A4F}.Release|Any CPU.Build.0 = Release|Any CPU
		{7261CECF-44E6-42DC-AFF8-E6D74A8815A4}.Debug|Any CPU.ActiveCfg = Debug|Any CPU
		{7261CECF-44E6-42DC-AFF8-E6D74A8815A4}.Debug|Any CPU.Build.0 = Debug|Any CPU
		{7261CECF-44E6-42DC-AFF8-E6D74A8815A4}.Release|Any CPU.ActiveCfg = Release|Any CPU
		{7261CECF-44E6-42DC-AFF8-E6D74A8815A4}.Release|Any CPU.Build.0 = Release|Any CPU
		{AC497E5F-9DBA-4C6E-9444-73BD639CFD63}.Debug|Any CPU.ActiveCfg = Debug|Any CPU
		{AC497E5F-9DBA-4C6E-9444-73BD639CFD63}.Debug|Any CPU.Build.0 = Debug|Any CPU
		{AC497E5F-9DBA-4C6E-9444-73BD639CFD63}.Release|Any CPU.ActiveCfg = Release|Any CPU
		{AC497E5F-9DBA-4C6E-9444-73BD639CFD63}.Release|Any CPU.Build.0 = Release|Any CPU
		{F2DFB0A4-5DE8-4911-8D93-0DE78174DBB9}.Debug|Any CPU.ActiveCfg = Debug|Any CPU
		{F2DFB0A4-5DE8-4911-8D93-0DE78174DBB9}.Debug|Any CPU.Build.0 = Debug|Any CPU
		{F2DFB0A4-5DE8-4911-8D93-0DE78174DBB9}.Release|Any CPU.ActiveCfg = Release|Any CPU
		{F2DFB0A4-5DE8-4911-8D93-0DE78174DBB9}.Release|Any CPU.Build.0 = Release|Any CPU
		{4DAF7D46-7ED2-40D6-88E6-F66ADC72CE4B}.Debug|Any CPU.ActiveCfg = Debug|Any CPU
		{4DAF7D46-7ED2-40D6-88E6-F66ADC72CE4B}.Debug|Any CPU.Build.0 = Debug|Any CPU
		{4DAF7D46-7ED2-40D6-88E6-F66ADC72CE4B}.Release|Any CPU.ActiveCfg = Release|Any CPU
		{4DAF7D46-7ED2-40D6-88E6-F66ADC72CE4B}.Release|Any CPU.Build.0 = Release|Any CPU
		{18B36255-98C2-4146-AFE0-845C5CB06179}.Debug|Any CPU.ActiveCfg = Debug|Any CPU
		{18B36255-98C2-4146-AFE0-845C5CB06179}.Debug|Any CPU.Build.0 = Debug|Any CPU
		{18B36255-98C2-4146-AFE0-845C5CB06179}.Release|Any CPU.ActiveCfg = Release|Any CPU
		{18B36255-98C2-4146-AFE0-845C5CB06179}.Release|Any CPU.Build.0 = Release|Any CPU
		{A51C7336-77B0-46FA-9347-4A200C953AA1}.Debug|Any CPU.ActiveCfg = Debug|Any CPU
		{A51C7336-77B0-46FA-9347-4A200C953AA1}.Debug|Any CPU.Build.0 = Debug|Any CPU
		{A51C7336-77B0-46FA-9347-4A200C953AA1}.Release|Any CPU.ActiveCfg = Release|Any CPU
		{A51C7336-77B0-46FA-9347-4A200C953AA1}.Release|Any CPU.Build.0 = Release|Any CPU
		{DB52FDCC-164C-40D7-B5F8-AFFD6FD54602}.Debug|Any CPU.ActiveCfg = Debug|Any CPU
		{DB52FDCC-164C-40D7-B5F8-AFFD6FD54602}.Debug|Any CPU.Build.0 = Debug|Any CPU
		{DB52FDCC-164C-40D7-B5F8-AFFD6FD54602}.Release|Any CPU.ActiveCfg = Release|Any CPU
		{DB52FDCC-164C-40D7-B5F8-AFFD6FD54602}.Release|Any CPU.Build.0 = Release|Any CPU
		{9B241BA6-6B69-48C4-BA03-3241FB3C62BD}.Debug|Any CPU.ActiveCfg = Debug|Any CPU
		{9B241BA6-6B69-48C4-BA03-3241FB3C62BD}.Debug|Any CPU.Build.0 = Debug|Any CPU
		{9B241BA6-6B69-48C4-BA03-3241FB3C62BD}.Release|Any CPU.ActiveCfg = Release|Any CPU
		{9B241BA6-6B69-48C4-BA03-3241FB3C62BD}.Release|Any CPU.Build.0 = Release|Any CPU
		{AD96CD88-9732-4EED-A0E5-10EC23CEBEFB}.Debug|Any CPU.ActiveCfg = Debug|Any CPU
		{AD96CD88-9732-4EED-A0E5-10EC23CEBEFB}.Debug|Any CPU.Build.0 = Debug|Any CPU
		{AD96CD88-9732-4EED-A0E5-10EC23CEBEFB}.Release|Any CPU.ActiveCfg = Release|Any CPU
		{AD96CD88-9732-4EED-A0E5-10EC23CEBEFB}.Release|Any CPU.Build.0 = Release|Any CPU
		{11384B97-D2C8-4F44-B132-5D64A8FE9EBD}.Debug|Any CPU.ActiveCfg = Debug|Any CPU
		{11384B97-D2C8-4F44-B132-5D64A8FE9EBD}.Debug|Any CPU.Build.0 = Debug|Any CPU
		{11384B97-D2C8-4F44-B132-5D64A8FE9EBD}.Release|Any CPU.ActiveCfg = Release|Any CPU
		{11384B97-D2C8-4F44-B132-5D64A8FE9EBD}.Release|Any CPU.Build.0 = Release|Any CPU
		{2CCD920A-07EE-4403-B277-16467B224C68}.Debug|Any CPU.ActiveCfg = Debug|Any CPU
		{2CCD920A-07EE-4403-B277-16467B224C68}.Debug|Any CPU.Build.0 = Debug|Any CPU
		{2CCD920A-07EE-4403-B277-16467B224C68}.Release|Any CPU.ActiveCfg = Release|Any CPU
		{2CCD920A-07EE-4403-B277-16467B224C68}.Release|Any CPU.Build.0 = Release|Any CPU
		{3B25EDE3-B079-4BFF-BB0E-55730415DFAA}.Debug|Any CPU.ActiveCfg = Debug|Any CPU
		{3B25EDE3-B079-4BFF-BB0E-55730415DFAA}.Debug|Any CPU.Build.0 = Debug|Any CPU
		{3B25EDE3-B079-4BFF-BB0E-55730415DFAA}.Release|Any CPU.ActiveCfg = Release|Any CPU
		{3B25EDE3-B079-4BFF-BB0E-55730415DFAA}.Release|Any CPU.Build.0 = Release|Any CPU
		{1F51C632-9E57-41D1-B6B7-EBBF4CF505FA}.Debug|Any CPU.ActiveCfg = Debug|Any CPU
		{1F51C632-9E57-41D1-B6B7-EBBF4CF505FA}.Debug|Any CPU.Build.0 = Debug|Any CPU
		{1F51C632-9E57-41D1-B6B7-EBBF4CF505FA}.Release|Any CPU.ActiveCfg = Release|Any CPU
		{1F51C632-9E57-41D1-B6B7-EBBF4CF505FA}.Release|Any CPU.Build.0 = Release|Any CPU
		{7FE01CF6-7CFB-45DE-842D-B128F910BFD3}.Debug|Any CPU.ActiveCfg = Debug|Any CPU
		{7FE01CF6-7CFB-45DE-842D-B128F910BFD3}.Debug|Any CPU.Build.0 = Debug|Any CPU
		{7FE01CF6-7CFB-45DE-842D-B128F910BFD3}.Release|Any CPU.ActiveCfg = Release|Any CPU
		{7FE01CF6-7CFB-45DE-842D-B128F910BFD3}.Release|Any CPU.Build.0 = Release|Any CPU
		{298B60B5-8F24-4FB2-B1AC-3FAF90C5D1B2}.Debug|Any CPU.ActiveCfg = Debug|Any CPU
		{298B60B5-8F24-4FB2-B1AC-3FAF90C5D1B2}.Debug|Any CPU.Build.0 = Debug|Any CPU
		{298B60B5-8F24-4FB2-B1AC-3FAF90C5D1B2}.Release|Any CPU.ActiveCfg = Release|Any CPU
		{298B60B5-8F24-4FB2-B1AC-3FAF90C5D1B2}.Release|Any CPU.Build.0 = Release|Any CPU
		{168A0C70-9DC3-48CF-84AE-5CA1C7282BF3}.Debug|Any CPU.ActiveCfg = Debug|Any CPU
		{168A0C70-9DC3-48CF-84AE-5CA1C7282BF3}.Debug|Any CPU.Build.0 = Debug|Any CPU
		{168A0C70-9DC3-48CF-84AE-5CA1C7282BF3}.Release|Any CPU.ActiveCfg = Release|Any CPU
		{168A0C70-9DC3-48CF-84AE-5CA1C7282BF3}.Release|Any CPU.Build.0 = Release|Any CPU
		{A507E22B-1C1F-41AA-9D0B-759DC9E802AC}.Debug|Any CPU.ActiveCfg = Debug|Any CPU
		{A507E22B-1C1F-41AA-9D0B-759DC9E802AC}.Debug|Any CPU.Build.0 = Debug|Any CPU
		{A507E22B-1C1F-41AA-9D0B-759DC9E802AC}.Release|Any CPU.ActiveCfg = Release|Any CPU
		{A507E22B-1C1F-41AA-9D0B-759DC9E802AC}.Release|Any CPU.Build.0 = Release|Any CPU
		{C2701375-7EFA-476E-846E-4063341B05DC}.Debug|Any CPU.ActiveCfg = Debug|Any CPU
		{C2701375-7EFA-476E-846E-4063341B05DC}.Debug|Any CPU.Build.0 = Debug|Any CPU
		{C2701375-7EFA-476E-846E-4063341B05DC}.Release|Any CPU.ActiveCfg = Release|Any CPU
		{C2701375-7EFA-476E-846E-4063341B05DC}.Release|Any CPU.Build.0 = Release|Any CPU
		{4D2C08A6-5703-4F6A-B4F1-5074846EADBF}.Debug|Any CPU.ActiveCfg = Debug|Any CPU
		{4D2C08A6-5703-4F6A-B4F1-5074846EADBF}.Debug|Any CPU.Build.0 = Debug|Any CPU
		{4D2C08A6-5703-4F6A-B4F1-5074846EADBF}.Release|Any CPU.ActiveCfg = Release|Any CPU
		{4D2C08A6-5703-4F6A-B4F1-5074846EADBF}.Release|Any CPU.Build.0 = Release|Any CPU
		{899A4F04-ECBC-4523-BACB-8615B4CCF01F}.Debug|Any CPU.ActiveCfg = Debug|Any CPU
		{899A4F04-ECBC-4523-BACB-8615B4CCF01F}.Debug|Any CPU.Build.0 = Debug|Any CPU
		{899A4F04-ECBC-4523-BACB-8615B4CCF01F}.Release|Any CPU.ActiveCfg = Release|Any CPU
		{899A4F04-ECBC-4523-BACB-8615B4CCF01F}.Release|Any CPU.Build.0 = Release|Any CPU
		{23444A30-4E73-4E97-84F1-9870EAAA8A02}.Debug|Any CPU.ActiveCfg = Debug|Any CPU
		{23444A30-4E73-4E97-84F1-9870EAAA8A02}.Debug|Any CPU.Build.0 = Debug|Any CPU
		{23444A30-4E73-4E97-84F1-9870EAAA8A02}.Release|Any CPU.ActiveCfg = Release|Any CPU
		{23444A30-4E73-4E97-84F1-9870EAAA8A02}.Release|Any CPU.Build.0 = Release|Any CPU
		{F0CD814E-60DA-420A-AA66-4321B3156648}.Debug|Any CPU.ActiveCfg = Debug|Any CPU
		{F0CD814E-60DA-420A-AA66-4321B3156648}.Debug|Any CPU.Build.0 = Debug|Any CPU
		{F0CD814E-60DA-420A-AA66-4321B3156648}.Release|Any CPU.ActiveCfg = Release|Any CPU
		{F0CD814E-60DA-420A-AA66-4321B3156648}.Release|Any CPU.Build.0 = Release|Any CPU
		{929DC03F-4994-4CF1-BF2F-CD0E3AB26D59}.Debug|Any CPU.ActiveCfg = Debug|Any CPU
		{929DC03F-4994-4CF1-BF2F-CD0E3AB26D59}.Debug|Any CPU.Build.0 = Debug|Any CPU
		{929DC03F-4994-4CF1-BF2F-CD0E3AB26D59}.Release|Any CPU.ActiveCfg = Release|Any CPU
		{929DC03F-4994-4CF1-BF2F-CD0E3AB26D59}.Release|Any CPU.Build.0 = Release|Any CPU
		{197F34E1-1967-4513-B009-A390D84E70B8}.Debug|Any CPU.ActiveCfg = Debug|Any CPU
		{197F34E1-1967-4513-B009-A390D84E70B8}.Debug|Any CPU.Build.0 = Debug|Any CPU
		{197F34E1-1967-4513-B009-A390D84E70B8}.Release|Any CPU.ActiveCfg = Release|Any CPU
		{197F34E1-1967-4513-B009-A390D84E70B8}.Release|Any CPU.Build.0 = Release|Any CPU
		{935E5027-087C-45E5-91E4-B3D08DFC9D3D}.Debug|Any CPU.ActiveCfg = Debug|Any CPU
		{935E5027-087C-45E5-91E4-B3D08DFC9D3D}.Debug|Any CPU.Build.0 = Debug|Any CPU
		{935E5027-087C-45E5-91E4-B3D08DFC9D3D}.Release|Any CPU.ActiveCfg = Release|Any CPU
		{935E5027-087C-45E5-91E4-B3D08DFC9D3D}.Release|Any CPU.Build.0 = Release|Any CPU
		{1E7229A6-F897-4A48-990B-748F8758BAC8}.Debug|Any CPU.ActiveCfg = Debug|Any CPU
		{1E7229A6-F897-4A48-990B-748F8758BAC8}.Debug|Any CPU.Build.0 = Debug|Any CPU
		{1E7229A6-F897-4A48-990B-748F8758BAC8}.Release|Any CPU.ActiveCfg = Release|Any CPU
		{1E7229A6-F897-4A48-990B-748F8758BAC8}.Release|Any CPU.Build.0 = Release|Any CPU
		{7C081DFA-936C-4B51-8374-F927791AF976}.Debug|Any CPU.ActiveCfg = Debug|Any CPU
		{7C081DFA-936C-4B51-8374-F927791AF976}.Debug|Any CPU.Build.0 = Debug|Any CPU
		{7C081DFA-936C-4B51-8374-F927791AF976}.Release|Any CPU.ActiveCfg = Release|Any CPU
		{7C081DFA-936C-4B51-8374-F927791AF976}.Release|Any CPU.Build.0 = Release|Any CPU
		{E35DEC21-EECA-4873-8D64-DFC478309A09}.Debug|Any CPU.ActiveCfg = Debug|Any CPU
		{E35DEC21-EECA-4873-8D64-DFC478309A09}.Debug|Any CPU.Build.0 = Debug|Any CPU
		{E35DEC21-EECA-4873-8D64-DFC478309A09}.Release|Any CPU.ActiveCfg = Release|Any CPU
		{E35DEC21-EECA-4873-8D64-DFC478309A09}.Release|Any CPU.Build.0 = Release|Any CPU
		{D2058D41-A8CB-4044-90F7-0AF82B84FFB4}.Debug|Any CPU.ActiveCfg = Debug|Any CPU
		{D2058D41-A8CB-4044-90F7-0AF82B84FFB4}.Debug|Any CPU.Build.0 = Debug|Any CPU
		{D2058D41-A8CB-4044-90F7-0AF82B84FFB4}.Release|Any CPU.ActiveCfg = Release|Any CPU
		{D2058D41-A8CB-4044-90F7-0AF82B84FFB4}.Release|Any CPU.Build.0 = Release|Any CPU
		{EEA43EC3-3789-4029-8A89-5D0C9152994E}.Debug|Any CPU.ActiveCfg = Debug|Any CPU
		{EEA43EC3-3789-4029-8A89-5D0C9152994E}.Debug|Any CPU.Build.0 = Debug|Any CPU
		{EEA43EC3-3789-4029-8A89-5D0C9152994E}.Release|Any CPU.ActiveCfg = Release|Any CPU
		{EEA43EC3-3789-4029-8A89-5D0C9152994E}.Release|Any CPU.Build.0 = Release|Any CPU
		{8A95A3F2-1F93-49C2-8E19-5D29D9009C50}.Debug|Any CPU.ActiveCfg = Debug|Any CPU
		{8A95A3F2-1F93-49C2-8E19-5D29D9009C50}.Debug|Any CPU.Build.0 = Debug|Any CPU
		{8A95A3F2-1F93-49C2-8E19-5D29D9009C50}.Release|Any CPU.ActiveCfg = Release|Any CPU
		{8A95A3F2-1F93-49C2-8E19-5D29D9009C50}.Release|Any CPU.Build.0 = Release|Any CPU
		{372B25EC-4D4E-4C63-A0E1-79A8D5661E72}.Debug|Any CPU.ActiveCfg = Debug|Any CPU
		{372B25EC-4D4E-4C63-A0E1-79A8D5661E72}.Debug|Any CPU.Build.0 = Debug|Any CPU
		{372B25EC-4D4E-4C63-A0E1-79A8D5661E72}.Release|Any CPU.ActiveCfg = Release|Any CPU
		{372B25EC-4D4E-4C63-A0E1-79A8D5661E72}.Release|Any CPU.Build.0 = Release|Any CPU
		{B3FFA3BE-F0A6-4A69-8C9F-A660506BC636}.Debug|Any CPU.ActiveCfg = Debug|Any CPU
		{B3FFA3BE-F0A6-4A69-8C9F-A660506BC636}.Debug|Any CPU.Build.0 = Debug|Any CPU
		{B3FFA3BE-F0A6-4A69-8C9F-A660506BC636}.Release|Any CPU.ActiveCfg = Release|Any CPU
		{B3FFA3BE-F0A6-4A69-8C9F-A660506BC636}.Release|Any CPU.Build.0 = Release|Any CPU
		{6289E344-78DF-476B-A004-B383639F122E}.Debug|Any CPU.ActiveCfg = Debug|Any CPU
		{6289E344-78DF-476B-A004-B383639F122E}.Debug|Any CPU.Build.0 = Debug|Any CPU
		{6289E344-78DF-476B-A004-B383639F122E}.Release|Any CPU.ActiveCfg = Release|Any CPU
		{6289E344-78DF-476B-A004-B383639F122E}.Release|Any CPU.Build.0 = Release|Any CPU
		{435B3D32-4A4E-4A5E-9987-2746751461DF}.Debug|Any CPU.ActiveCfg = Debug|Any CPU
		{435B3D32-4A4E-4A5E-9987-2746751461DF}.Debug|Any CPU.Build.0 = Debug|Any CPU
		{435B3D32-4A4E-4A5E-9987-2746751461DF}.Release|Any CPU.ActiveCfg = Release|Any CPU
		{435B3D32-4A4E-4A5E-9987-2746751461DF}.Release|Any CPU.Build.0 = Release|Any CPU
		{A4A21398-2138-48CF-B9FD-17FFB0D1A7DF}.Debug|Any CPU.ActiveCfg = Debug|Any CPU
		{A4A21398-2138-48CF-B9FD-17FFB0D1A7DF}.Debug|Any CPU.Build.0 = Debug|Any CPU
		{A4A21398-2138-48CF-B9FD-17FFB0D1A7DF}.Release|Any CPU.ActiveCfg = Release|Any CPU
		{A4A21398-2138-48CF-B9FD-17FFB0D1A7DF}.Release|Any CPU.Build.0 = Release|Any CPU
		{2C2D9071-8D6D-43A7-8D4D-386445FF7EDD}.Debug|Any CPU.ActiveCfg = Debug|Any CPU
		{2C2D9071-8D6D-43A7-8D4D-386445FF7EDD}.Debug|Any CPU.Build.0 = Debug|Any CPU
		{2C2D9071-8D6D-43A7-8D4D-386445FF7EDD}.Release|Any CPU.ActiveCfg = Release|Any CPU
		{2C2D9071-8D6D-43A7-8D4D-386445FF7EDD}.Release|Any CPU.Build.0 = Release|Any CPU
		{750EA57B-0E5B-4B07-AEC8-5350883AFFF2}.Debug|Any CPU.ActiveCfg = Debug|Any CPU
		{750EA57B-0E5B-4B07-AEC8-5350883AFFF2}.Debug|Any CPU.Build.0 = Debug|Any CPU
		{750EA57B-0E5B-4B07-AEC8-5350883AFFF2}.Release|Any CPU.ActiveCfg = Release|Any CPU
		{750EA57B-0E5B-4B07-AEC8-5350883AFFF2}.Release|Any CPU.Build.0 = Release|Any CPU
		{54E24DC9-CF86-4FC5-A395-2D76CDD56233}.Debug|Any CPU.ActiveCfg = Debug|Any CPU
		{54E24DC9-CF86-4FC5-A395-2D76CDD56233}.Debug|Any CPU.Build.0 = Debug|Any CPU
		{54E24DC9-CF86-4FC5-A395-2D76CDD56233}.Release|Any CPU.ActiveCfg = Release|Any CPU
		{54E24DC9-CF86-4FC5-A395-2D76CDD56233}.Release|Any CPU.Build.0 = Release|Any CPU
		{DC72D911-B0E1-41C6-9C9D-C69A15E9020A}.Debug|Any CPU.ActiveCfg = Debug|Any CPU
		{DC72D911-B0E1-41C6-9C9D-C69A15E9020A}.Debug|Any CPU.Build.0 = Debug|Any CPU
		{DC72D911-B0E1-41C6-9C9D-C69A15E9020A}.Release|Any CPU.ActiveCfg = Release|Any CPU
		{DC72D911-B0E1-41C6-9C9D-C69A15E9020A}.Release|Any CPU.Build.0 = Release|Any CPU
		{F2A735AD-647F-410F-B139-BC905A8C0F9F}.Debug|Any CPU.ActiveCfg = Debug|Any CPU
		{F2A735AD-647F-410F-B139-BC905A8C0F9F}.Debug|Any CPU.Build.0 = Debug|Any CPU
		{F2A735AD-647F-410F-B139-BC905A8C0F9F}.Release|Any CPU.ActiveCfg = Release|Any CPU
		{F2A735AD-647F-410F-B139-BC905A8C0F9F}.Release|Any CPU.Build.0 = Release|Any CPU
		{FFE5989A-108D-42FF-B771-487EA3F744B2}.Debug|Any CPU.ActiveCfg = Debug|Any CPU
		{FFE5989A-108D-42FF-B771-487EA3F744B2}.Debug|Any CPU.Build.0 = Debug|Any CPU
		{FFE5989A-108D-42FF-B771-487EA3F744B2}.Release|Any CPU.ActiveCfg = Release|Any CPU
		{FFE5989A-108D-42FF-B771-487EA3F744B2}.Release|Any CPU.Build.0 = Release|Any CPU
	EndGlobalSection
	GlobalSection(SolutionProperties) = preSolution
		HideSolutionNode = FALSE
	EndGlobalSection
	GlobalSection(ExtensibilityGlobals) = postSolution
		SolutionGuid = {F8CD026F-4FEC-4C75-A1ED-50DF572B0B7D}
	EndGlobalSection
EndGlobal
