
Microsoft Visual Studio Solution File, Format Version 12.00
# Visual Studio Version 17
VisualStudioVersion = 17.5.002.0
MinimumVisualStudioVersion = 10.0.40219.1
Project("{9A19103F-16F7-4668-BE54-9A1E7A4F7556}") = "DH.AspNetCore", "DH.AspNetCore\DH.AspNetCore.csproj", "{3ED98277-068E-4834-B0D8-E94EFF678FEB}"
EndProject
Project("{9A19103F-16F7-4668-BE54-9A1E7A4F7556}") = "DH.AspNetCore.ServerSentEvents", "DH.AspNetCore.ServerSentEvents\DH.AspNetCore.ServerSentEvents.csproj", "{F72528CF-E9E5-4B9F-BA5A-A886721DEA26}"
EndProject
Project("{9A19103F-16F7-4668-BE54-9A1E7A4F7556}") = "DH.BaiDuAipSdk", "DH.BaiDuAipSdk\DH.BaiDuAipSdk.csproj", "{B97C9413-1368-4266-A013-03F75E46233E}"
EndProject
Project("{9A19103F-16F7-4668-BE54-9A1E7A4F7556}") = "DH.Base", "DH.Base\DH.Base.csproj", "{92676C86-4192-420E-B434-2657C41D06C3}"
EndProject
Project("{9A19103F-16F7-4668-BE54-9A1E7A4F7556}") = "DH.BDYYSDK", "DH.BDYYSDK\DH.BDYYSDK.csproj", "{452F47D0-3393-4B05-9A25-A54586B02977}"
EndProject
Project("{9A19103F-16F7-4668-BE54-9A1E7A4F7556}") = "DH.Clay", "DH.Clay\DH.Clay.csproj", "{153CF2D0-E646-49C5-9C3B-1E9D55201214}"
EndProject
Project("{9A19103F-16F7-4668-BE54-9A1E7A4F7556}") = "DH.CliWrap", "DH.CliWrap\DH.CliWrap.csproj", "{24575CC5-4E7B-4A35-9ACF-0F292E6714F6}"
EndProject
Project("{9A19103F-16F7-4668-BE54-9A1E7A4F7556}") = "DH.Common", "DH.Common\DH.Common.csproj", "{2C3BF743-EADF-496C-BF05-E2F86571D3C1}"
EndProject
Project("{9A19103F-16F7-4668-BE54-9A1E7A4F7556}") = "DH.CoolCat.Core", "DH.CoolCat.Core\DH.CoolCat.Core.csproj", "{7462C73C-D056-4987-B62A-B19EA9B32278}"
EndProject
Project("{9A19103F-16F7-4668-BE54-9A1E7A4F7556}") = "DH.CoolCat.Core.Mvc", "DH.CoolCat.Core.Mvc\DH.CoolCat.Core.Mvc.csproj", "{D9C6C83F-C2E0-41ED-B4BF-C2B59A4FF40B}"
EndProject
Project("{9A19103F-16F7-4668-BE54-9A1E7A4F7556}") = "DH.Core", "DH.Core\DH.Core.csproj", "{A9E480C6-96ED-4AAF-B03E-B94331BB090D}"
EndProject
Project("{9A19103F-16F7-4668-BE54-9A1E7A4F7556}") = "DH.Extensions.Caching.Redis", "DH.Extensions.Caching.Redis\DH.Extensions.Caching.Redis.csproj", "{331E6ACA-C437-4B53-9FA9-2EFDD41CD1D9}"
EndProject
Project("{9A19103F-16F7-4668-BE54-9A1E7A4F7556}") = "DH.Extensions.Hosting.AgentService", "DH.Extensions.Hosting.AgentService\DH.Extensions.Hosting.AgentService.csproj", "{50D44359-CFF7-4B2A-AF88-7CE0533D96C3}"
EndProject
Project("{9A19103F-16F7-4668-BE54-9A1E7A4F7556}") = "DH.FileZilla.Api", "DH.FileZilla.Api\DH.FileZilla.Api.csproj", "{C21759CF-0A8F-4739-8376-71645F802613}"
EndProject
Project("{9A19103F-16F7-4668-BE54-9A1E7A4F7556}") = "DH.FlurlHttpClient.KeRuYun.Api", "DH.FlurlHttpClient.KeRuYun.Api\DH.FlurlHttpClient.KeRuYun.Api.csproj", "{6FB48FA8-EFDC-4AB0-81C9-A96A1562091C}"
EndProject
Project("{9A19103F-16F7-4668-BE54-9A1E7A4F7556}") = "DH.FlurlHttpClient.Pospal.Api", "DH.FlurlHttpClient.Pospal.Api\DH.FlurlHttpClient.Pospal.Api.csproj", "{A1342EC1-3925-4DF5-B032-4ED4606137F6}"
EndProject
Project("{9A19103F-16F7-4668-BE54-9A1E7A4F7556}") = "DH.Ftp", "DH.Ftp\DH.Ftp.csproj", "{EBF28D64-42D4-4829-838F-61F5E6E05227}"
EndProject
Project("{9A19103F-16F7-4668-BE54-9A1E7A4F7556}") = "DH.Grpc", "DH.Grpc\DH.Grpc.csproj", "{83C77938-5908-4146-9A68-BE53431738D9}"
EndProject
Project("{9A19103F-16F7-4668-BE54-9A1E7A4F7556}") = "DH.LazyCaptcha", "DH.LazyCaptcha\DH.LazyCaptcha.csproj", "{F71F4402-8BFB-48CE-ACB4-8A470246443D}"
EndProject
Project("{9A19103F-16F7-4668-BE54-9A1E7A4F7556}") = "DH.Magicodes.IE.Excel", "DH.Magicodes.IE.Excel\DH.Magicodes.IE.Excel.csproj", "{268786AC-7D68-490D-AA23-9FC594089026}"
EndProject
Project("{9A19103F-16F7-4668-BE54-9A1E7A4F7556}") = "DH.Magicodes.IE.Pdf", "DH.Magicodes.IE.Pdf\DH.Magicodes.IE.Pdf.csproj", "{E60C8975-EAF4-4F0D-8ED7-9C5D8129A703}"
EndProject
Project("{9A19103F-16F7-4668-BE54-9A1E7A4F7556}") = "DH.Magicodes.IE.Word", "DH.Magicodes.IE.Word\DH.Magicodes.IE.Word.csproj", "{B1E9CC47-4233-4494-A081-4EA40B24434E}"
EndProject
Project("{9A19103F-16F7-4668-BE54-9A1E7A4F7556}") = "DH.MailKit", "DH.MailKit\DH.MailKit.csproj", "{5BADA780-C2AF-436F-B043-42046F82E60F}"
EndProject
Project("{9A19103F-16F7-4668-BE54-9A1E7A4F7556}") = "DH.MDB", "DH.MDB\DH.MDB.csproj", "{3E83BDBF-AE34-4198-AFC9-983600F413BC}"
EndProject
Project("{9A19103F-16F7-4668-BE54-9A1E7A4F7556}") = "DH.MiniExcel", "DH.MiniExcel\DH.MiniExcel.csproj", "{DAECB5B1-F7C2-4191-B171-9F8D8896B1FA}"
EndProject
Project("{9A19103F-16F7-4668-BE54-9A1E7A4F7556}") = "DH.MiniWord", "DH.MiniWord\DH.MiniWord.csproj", "{915B370A-53DC-4A95-9D65-D24F239B771F}"
EndProject
Project("{9A19103F-16F7-4668-BE54-9A1E7A4F7556}") = "DH.MockData", "DH.MockData\DH.MockData.csproj", "{1FD46164-C417-4FE4-A503-F04831344212}"
EndProject
Project("{9A19103F-16F7-4668-BE54-9A1E7A4F7556}") = "DH.NAgent", "DH.NAgent\DH.NAgent.csproj", "{36B87651-924A-4012-AF52-5C1ADE5E11E6}"
EndProject
Project("{9A19103F-16F7-4668-BE54-9A1E7A4F7556}") = "DH.NBACnet", "DH.NBACnet\DH.NBACnet.csproj", "{06A43349-3001-41AA-8118-269595DB52AF}"
EndProject
Project("{9A19103F-16F7-4668-BE54-9A1E7A4F7556}") = "DH.NCode", "DH.NCode\DH.NCode.csproj", "{553D7E26-7BEC-4353-8E71-31D0E5CA4197}"
EndProject
Project("{9A19103F-16F7-4668-BE54-9A1E7A4F7556}") = "DH.NCore", "DH.NCore\DH.NCore.csproj", "{ED444001-C01E-4127-8519-81B960EF367E}"
EndProject
Project("{9A19103F-16F7-4668-BE54-9A1E7A4F7556}") = "DH.NEasyIO", "DH.NEasyIO\DH.NEasyIO.csproj", "{43B7B97F-8A08-44BD-838C-FB7EF96B0938}"
EndProject
Project("{9A19103F-16F7-4668-BE54-9A1E7A4F7556}") = "DH.NEasyWeb", "DH.NEasyWeb\DH.NEasyWeb.csproj", "{9CB6C664-C184-4558-A996-813BCEE6216C}"
EndProject
Project("{9A19103F-16F7-4668-BE54-9A1E7A4F7556}") = "DH.NIoT", "DH.NIoT\DH.NIoT.csproj", "{FBA1B36A-8F4A-46B5-98C6-EA919A2DA9D4}"
EndProject
Project("{9A19103F-16F7-4668-BE54-9A1E7A4F7556}") = "DH.NIP", "DH.NIP\DH.NIP.csproj", "{AEEF7236-1A81-4056-8C5C-481782F6FC51}"
EndProject
Project("{9A19103F-16F7-4668-BE54-9A1E7A4F7556}") = "DH.NMap", "DH.NMap\DH.NMap.csproj", "{B4C5EE49-54EC-4950-A3C5-1BB8862BAC03}"
EndProject
Project("{9A19103F-16F7-4668-BE54-9A1E7A4F7556}") = "DH.NModbus", "DH.NModbus\DH.NModbus.csproj", "{E6A1EC19-A65D-4FCB-9747-DAB95629A60D}"
EndProject
Project("{9A19103F-16F7-4668-BE54-9A1E7A4F7556}") = "DH.NModbusRTU", "DH.NModbusRTU\DH.NModbusRTU.csproj", "{D004B1AC-AE94-474E-99CA-0BE7C62677D6}"
EndProject
Project("{9A19103F-16F7-4668-BE54-9A1E7A4F7556}") = "DH.NMQTT", "DH.NMQTT\DH.NMQTT.csproj", "{A42F6F2C-71A3-40FF-BD5A-4D74492F603A}"
EndProject
Project("{9A19103F-16F7-4668-BE54-9A1E7A4F7556}") = "DH.NMqttServer", "DH.NMqttServer\DH.NMqttServer.csproj", "{9462C608-D736-4DD7-948E-DE8CF77C6AC5}"
EndProject
Project("{9A19103F-16F7-4668-BE54-9A1E7A4F7556}") = "DH.Npoi", "DH.Npoi\DH.Npoi.csproj", "{63024659-FAAC-465B-B886-0DC028E70EBD}"
EndProject
Project("{9A19103F-16F7-4668-BE54-9A1E7A4F7556}") = "DH.NRedis", "DH.NRedis\DH.NRedis.csproj", "{689AE1C5-273A-4A66-8990-D69593C2DB2D}"
EndProject
Project("{9A19103F-16F7-4668-BE54-9A1E7A4F7556}") = "DH.NRemoting", "DH.NRemoting\DH.NRemoting.csproj", "{5A87FECC-D3DF-4674-84D5-6A3E15959AE9}"
EndProject
Project("{9A19103F-16F7-4668-BE54-9A1E7A4F7556}") = "DH.NStardust", "DH.NStardust\DH.NStardust.csproj", "{A922C317-6662-496C-BB64-CFA4D1E5646F}"
EndProject
Project("{9A19103F-16F7-4668-BE54-9A1E7A4F7556}") = "DH.NStardust.Extensions", "DH.NStardust.Extensions\DH.NStardust.Extensions.csproj", "{77CFFD17-1998-4AB5-B289-321F023D6273}"
EndProject
Project("{9A19103F-16F7-4668-BE54-9A1E7A4F7556}") = "DH.Payment.Alipay", "DH.Payment.Alipay\DH.Payment.Alipay.csproj", "{2F6BC73B-0A8C-452F-9D8E-B6CDDE86A736}"
EndProject
Project("{9A19103F-16F7-4668-BE54-9A1E7A4F7556}") = "DH.Payment.JDPay", "DH.Payment.JDPay\DH.Payment.JDPay.csproj", "{EDD8AE9F-A174-4753-92D7-5C10AE9326E6}"
EndProject
Project("{9A19103F-16F7-4668-BE54-9A1E7A4F7556}") = "DH.Payment.LianLianPay", "DH.Payment.LianLianPay\DH.Payment.LianLianPay.csproj", "{48366104-553D-4F11-9D0D-0192AFE74F29}"
EndProject
Project("{9A19103F-16F7-4668-BE54-9A1E7A4F7556}") = "DH.Payment.PayPal", "DH.Payment.PayPal\DH.Payment.PayPal.csproj", "{8348C747-D3E9-4A28-A66A-8B1FD2D70AAB}"
EndProject
Project("{9A19103F-16F7-4668-BE54-9A1E7A4F7556}") = "DH.Payment.QPay", "DH.Payment.QPay\DH.Payment.QPay.csproj", "{D3ED8B26-C5AD-4514-8AEE-6F1A5B61021E}"
EndProject
Project("{9A19103F-16F7-4668-BE54-9A1E7A4F7556}") = "DH.Payment.Security", "DH.Payment.Security\DH.Payment.Security.csproj", "{DA36989E-CCA7-4CF8-A3A8-0E4FCC6F3790}"
EndProject
Project("{9A19103F-16F7-4668-BE54-9A1E7A4F7556}") = "DH.Payment.UnionPay", "DH.Payment.UnionPay\DH.Payment.UnionPay.csproj", "{EA3FDF74-F382-4E59-A8FE-01DC2EEA7685}"
EndProject
Project("{9A19103F-16F7-4668-BE54-9A1E7A4F7556}") = "DH.Payment.WeChatPay", "DH.Payment.WeChatPay\DH.Payment.WeChatPay.csproj", "{0B6CB075-0C86-47C0-972F-BE429F7D336E}"
EndProject
Project("{9A19103F-16F7-4668-BE54-9A1E7A4F7556}") = "DH.PaySharp", "DH.PaySharp\DH.PaySharp.csproj", "{72982C70-6879-4E7C-B02F-3E09128F539D}"
EndProject
Project("{9A19103F-16F7-4668-BE54-9A1E7A4F7556}") = "DH.PaySharp.Allinpay", "DH.PaySharp.Allinpay\DH.PaySharp.Allinpay.csproj", "{0A3A22D2-D8CB-43E3-886B-4C4AAF8E0FC3}"
EndProject
Project("{9A19103F-16F7-4668-BE54-9A1E7A4F7556}") = "DH.PdfSharpCore", "DH.PdfSharpCore\DH.PdfSharpCore.csproj", "{1D4658E8-2F0A-4D82-8242-1BE6D1A53AB0}"
EndProject
Project("{9A19103F-16F7-4668-BE54-9A1E7A4F7556}") = "DH.Pdu", "DH.Pdu\DH.Pdu.csproj", "{54FCC5F5-2192-42D0-B377-DC7D6F1866EC}"
EndProject
Project("{9A19103F-16F7-4668-BE54-9A1E7A4F7556}") = "DH.Permissions", "DH.Permissions\DH.Permissions.csproj", "{7E741A99-426D-4503-8AFF-8741D10B101F}"
EndProject
Project("{9A19103F-16F7-4668-BE54-9A1E7A4F7556}") = "DH.PluginCore", "DH.PluginCore\DH.PluginCore.csproj", "{7492088F-096F-406E-8B8A-E90ECFC1C7F3}"
EndProject
Project("{9A19103F-16F7-4668-BE54-9A1E7A4F7556}") = "DH.PluginCore.IPlugins", "DH.PluginCore.IPlugins\DH.PluginCore.IPlugins.csproj", "{19831E4E-14FC-47FD-B52A-EC0086E63701}"
EndProject
Project("{9A19103F-16F7-4668-BE54-9A1E7A4F7556}") = "DH.PluginCore.IPlugins.AspNetCore", "DH.PluginCore.IPlugins.AspNetCore\DH.PluginCore.IPlugins.AspNetCore.csproj", "{F4D7C79F-11DD-45BE-9280-B9E8CFEE030B}"
EndProject
Project("{9A19103F-16F7-4668-BE54-9A1E7A4F7556}") = "DH.PluginCore.VueAspNetCore", "DH.PluginCore.VueAspNetCore\DH.PluginCore.VueAspNetCore.csproj", "{3F7716F3-72A4-4206-9B29-09BC4200AD46}"
EndProject
Project("{9A19103F-16F7-4668-BE54-9A1E7A4F7556}") = "DH.QRCode", "DH.QRCode\DH.QRCode.csproj", "{75B5003F-C1B7-464E-A8E7-7B8080399CE3}"
EndProject
Project("{9A19103F-16F7-4668-BE54-9A1E7A4F7556}") = "DH.QuestPDF", "DH.QuestPDF\DH.QuestPDF.csproj", "{300CB55F-E723-41DB-BCA7-D94BA4826DDF}"
EndProject
Project("{9A19103F-16F7-4668-BE54-9A1E7A4F7556}") = "DH.RateLimter", "DH.RateLimter\DH.RateLimter.csproj", "{EE5A580F-2FF9-429B-94DB-5E6E007DD203}"
EndProject
Project("{9A19103F-16F7-4668-BE54-9A1E7A4F7556}") = "DH.RoslynCompile", "DH.RoslynCompile\DH.RoslynCompile.csproj", "{B4DA7CCB-7B8A-4347-A84B-EFC66FE57C4F}"
EndProject
Project("{9A19103F-16F7-4668-BE54-9A1E7A4F7556}") = "DH.SafeOrbit", "DH.SafeOrbit\DH.SafeOrbit.csproj", "{DDEBF4BF-4518-4F44-9B1B-B779480385E6}"
EndProject
Project("{9A19103F-16F7-4668-BE54-9A1E7A4F7556}") = "DH.SearchEngine", "DH.SearchEngine\DH.SearchEngine.csproj", "{EB9979B7-7115-4A4A-85D0-004D82003225}"
EndProject
Project("{9A19103F-16F7-4668-BE54-9A1E7A4F7556}") = "DH.ServerSentEvent.Client", "DH.ServerSentEvent.Client\DH.ServerSentEvent.Client.csproj", "{CB9F2F9D-92E7-4076-92AE-DF221F568263}"
EndProject
Project("{9A19103F-16F7-4668-BE54-9A1E7A4F7556}") = "DH.Services", "DH.Services\DH.Services.csproj", "{83D892F8-4D33-49B6-80E0-84346C37F1BC}"
EndProject
Project("{9A19103F-16F7-4668-BE54-9A1E7A4F7556}") = "DH.SignalR", "DH.SignalR\DH.SignalR.csproj", "{F8072EDD-44D9-42E8-BE30-2EB854A77DB5}"
EndProject
Project("{9A19103F-16F7-4668-BE54-9A1E7A4F7556}") = "DH.SkiaCaptcha", "DH.SkiaCaptcha\DH.SkiaCaptcha.csproj", "{21F2EA82-9023-4488-8674-12E5680242AA}"
EndProject
Project("{9A19103F-16F7-4668-BE54-9A1E7A4F7556}") = "DH.SKIT.FlurlHttpClient.Baidu.Push", "DH.SKIT.FlurlHttpClient.Baidu.Push\DH.SKIT.FlurlHttpClient.Baidu.Push.csproj", "{BF34D981-6915-4C4F-902E-5E36A221119F}"
EndProject
Project("{9A19103F-16F7-4668-BE54-9A1E7A4F7556}") = "DH.SKIT.FlurlHttpClient.Baidu.SmartApp", "DH.SKIT.FlurlHttpClient.Baidu.SmartApp\DH.SKIT.FlurlHttpClient.Baidu.SmartApp.csproj", "{9863357F-7764-4604-8B70-D70692570FFE}"
EndProject
Project("{9A19103F-16F7-4668-BE54-9A1E7A4F7556}") = "DH.SKIT.FlurlHttpClient.Baidu.Translate", "DH.SKIT.FlurlHttpClient.Baidu.Translate\DH.SKIT.FlurlHttpClient.Baidu.Translate.csproj", "{55AF5A07-B64C-4ED8-8A1D-BBE5F399250E}"
EndProject
Project("{9A19103F-16F7-4668-BE54-9A1E7A4F7556}") = "DH.SKIT.FlurlHttpClient.ByteDance.DouyinOpen", "DH.SKIT.FlurlHttpClient.ByteDance.DouyinOpen\DH.SKIT.FlurlHttpClient.ByteDance.DouyinOpen.csproj", "{E11D24DC-4C44-40DD-980D-1F38A81EFD30}"
EndProject
Project("{9A19103F-16F7-4668-BE54-9A1E7A4F7556}") = "DH.SKIT.FlurlHttpClient.ByteDance.DouyinShop", "DH.SKIT.FlurlHttpClient.ByteDance.DouyinShop\DH.SKIT.FlurlHttpClient.ByteDance.DouyinShop.csproj", "{2D7240F1-A7D1-4C21-9CB3-04803810D921}"
EndProject
Project("{9A19103F-16F7-4668-BE54-9A1E7A4F7556}") = "DH.SKIT.FlurlHttpClient.ByteDance.MicroApp", "DH.SKIT.FlurlHttpClient.ByteDance.MicroApp\DH.SKIT.FlurlHttpClient.ByteDance.MicroApp.csproj", "{165059B1-6E39-40F1-87A4-5443C90C1671}"
EndProject
Project("{9A19103F-16F7-4668-BE54-9A1E7A4F7556}") = "DH.SKIT.FlurlHttpClient.ByteDance.OceanEngine", "DH.SKIT.FlurlHttpClient.ByteDance.OceanEngine\DH.SKIT.FlurlHttpClient.ByteDance.OceanEngine.csproj", "{CB710B0F-38C5-4347-A2A5-6CC63A8D36D2}"
EndProject
Project("{9A19103F-16F7-4668-BE54-9A1E7A4F7556}") = "DH.SKIT.FlurlHttpClient.ByteDance.TikTokGlobal", "DH.SKIT.FlurlHttpClient.ByteDance.TikTokGlobal\DH.SKIT.FlurlHttpClient.ByteDance.TikTokGlobal.csproj", "{03FE91B8-68F4-43FC-827E-97731334E8B4}"
EndProject
Project("{9A19103F-16F7-4668-BE54-9A1E7A4F7556}") = "DH.SKIT.FlurlHttpClient.ByteDance.TikTokGlobalShop", "DH.SKIT.FlurlHttpClient.ByteDance.TikTokGlobalShop\DH.SKIT.FlurlHttpClient.ByteDance.TikTokGlobalShop.csproj", "{1DC5168F-BA48-4FDE-86C6-45901429C6E5}"
EndProject
Project("{9A19103F-16F7-4668-BE54-9A1E7A4F7556}") = "DH.SKIT.FlurlHttpClient.Common", "DH.SKIT.FlurlHttpClient.Common\DH.SKIT.FlurlHttpClient.Common.csproj", "{54BC3076-5288-479D-928B-81EEAF7C00D9}"
EndProject
Project("{9A19103F-16F7-4668-BE54-9A1E7A4F7556}") = "DH.SKIT.FlurlHttpClient.Upyun.Console", "DH.SKIT.FlurlHttpClient.Upyun.Console\DH.SKIT.FlurlHttpClient.Upyun.Console.csproj", "{00355B09-6841-45DE-8CF9-3068A90E92D6}"
EndProject
Project("{9A19103F-16F7-4668-BE54-9A1E7A4F7556}") = "DH.SKIT.FlurlHttpClient.Upyun.Sim", "DH.SKIT.FlurlHttpClient.Upyun.Sim\DH.SKIT.FlurlHttpClient.Upyun.Sim.csproj", "{DA20F93D-F2F8-4CF3-96E4-F90D848C7DEA}"
EndProject
Project("{9A19103F-16F7-4668-BE54-9A1E7A4F7556}") = "DH.SKIT.FlurlHttpClient.Upyun.Sms", "DH.SKIT.FlurlHttpClient.Upyun.Sms\DH.SKIT.FlurlHttpClient.Upyun.Sms.csproj", "{B69B5ADB-5023-4B51-960A-5F7A7BC766E3}"
EndProject
Project("{9A19103F-16F7-4668-BE54-9A1E7A4F7556}") = "DH.SKIT.FlurlHttpClient.Upyun.Uss", "DH.SKIT.FlurlHttpClient.Upyun.Uss\DH.SKIT.FlurlHttpClient.Upyun.Uss.csproj", "{0FF1B504-E4E6-4AFD-9CB5-913F3997085E}"
EndProject
Project("{9A19103F-16F7-4668-BE54-9A1E7A4F7556}") = "DH.SKIT.FlurlHttpClient.Wechat.Ads", "DH.SKIT.FlurlHttpClient.Wechat.Ads\DH.SKIT.FlurlHttpClient.Wechat.Ads.csproj", "{15B6630E-4929-4F71-9890-7BED93CB3F42}"
EndProject
Project("{9A19103F-16F7-4668-BE54-9A1E7A4F7556}") = "DH.SKIT.FlurlHttpClient.Wechat.Api", "DH.SKIT.FlurlHttpClient.Wechat.Api\DH.SKIT.FlurlHttpClient.Wechat.Api.csproj", "{5C9E77E6-3FF0-4B7B-91DA-68D6F38F01F7}"
EndProject
Project("{9A19103F-16F7-4668-BE54-9A1E7A4F7556}") = "DH.SKIT.FlurlHttpClient.Wechat.OpenAI", "DH.SKIT.FlurlHttpClient.Wechat.OpenAI\DH.SKIT.FlurlHttpClient.Wechat.OpenAI.csproj", "{BD665A98-BBA5-4D95-86A2-BD2FBA32D5DC}"
EndProject
Project("{9A19103F-16F7-4668-BE54-9A1E7A4F7556}") = "DH.SKIT.FlurlHttpClient.Wechat.TenpayBusiness", "DH.SKIT.FlurlHttpClient.Wechat.TenpayBusiness\DH.SKIT.FlurlHttpClient.Wechat.TenpayBusiness.csproj", "{E845CA50-4782-4FB9-A7AA-2DD34B548DE2}"
EndProject
Project("{9A19103F-16F7-4668-BE54-9A1E7A4F7556}") = "DH.SKIT.FlurlHttpClient.Wechat.TenpayV2", "DH.SKIT.FlurlHttpClient.Wechat.TenpayV2\DH.SKIT.FlurlHttpClient.Wechat.TenpayV2.csproj", "{B29EB252-1437-4DD3-921F-C43AE4464DB1}"
EndProject
Project("{9A19103F-16F7-4668-BE54-9A1E7A4F7556}") = "DH.SKIT.FlurlHttpClient.Wechat.TenpayV3", "DH.SKIT.FlurlHttpClient.Wechat.TenpayV3\DH.SKIT.FlurlHttpClient.Wechat.TenpayV3.csproj", "{AA7F4ECF-CF53-4F3E-B559-1F56ED750652}"
EndProject
Project("{9A19103F-16F7-4668-BE54-9A1E7A4F7556}") = "DH.SKIT.FlurlHttpClient.Wechat.Work", "DH.SKIT.FlurlHttpClient.Wechat.Work\DH.SKIT.FlurlHttpClient.Wechat.Work.csproj", "{CEEB0896-2B6B-433C-A16C-2EF31277500E}"
EndProject
Project("{9A19103F-16F7-4668-BE54-9A1E7A4F7556}") = "DH.Sms", "DH.Sms\DH.Sms.csproj", "{95FBCEF3-B47D-4725-B02F-31A22C83DD19}"
EndProject
Project("{9A19103F-16F7-4668-BE54-9A1E7A4F7556}") = "DH.SSH", "DH.SSH\DH.SSH.csproj", "{70E267B9-4025-48D3-BE1E-E7DE547CF368}"
EndProject
Project("{9A19103F-16F7-4668-BE54-9A1E7A4F7556}") = "DH.Swagger", "DH.Swagger\DH.Swagger.csproj", "{52762638-3881-4D78-80E3-14ADFE6B034E}"
EndProject
Project("{9A19103F-16F7-4668-BE54-9A1E7A4F7556}") = "DH.Utils", "DH.Utils\DH.Utils.csproj", "{342789FC-00F5-4A53-9DC8-AE31B4525C54}"
EndProject
Project("{9A19103F-16F7-4668-BE54-9A1E7A4F7556}") = "DH.VirtualFileSystem", "DH.VirtualFileSystem\DH.VirtualFileSystem.csproj", "{A7197863-7E26-4485-B04E-49F95C73767F}"
EndProject
Project("{9A19103F-16F7-4668-BE54-9A1E7A4F7556}") = "DH.VueCliMiddleware", "DH.VueCliMiddleware\DH.VueCliMiddleware.csproj", "{F4672017-B239-40B3-A396-348BF36C646E}"
EndProject
Project("{9A19103F-16F7-4668-BE54-9A1E7A4F7556}") = "DH.WebHook", "DH.WebHook\DH.WebHook.csproj", "{7B200664-C61E-43DF-9EF1-B5FCFA1646D3}"
EndProject
Project("{9A19103F-16F7-4668-BE54-9A1E7A4F7556}") = "DH.XCode", "DH.XCode\DH.XCode.csproj", "{3C918AA8-CED6-44D5-934D-343C1E802A98}"
EndProject
Global
	GlobalSection(SolutionConfigurationPlatforms) = preSolution
		Debug|Any CPU = Debug|Any CPU
		Release|Any CPU = Release|Any CPU
	EndGlobalSection
	GlobalSection(ProjectConfigurationPlatforms) = postSolution
		{3ED98277-068E-4834-B0D8-E94EFF678FEB}.Debug|Any CPU.ActiveCfg = Debug|Any CPU
		{3ED98277-068E-4834-B0D8-E94EFF678FEB}.Debug|Any CPU.Build.0 = Debug|Any CPU
		{3ED98277-068E-4834-B0D8-E94EFF678FEB}.Release|Any CPU.ActiveCfg = Release|Any CPU
		{3ED98277-068E-4834-B0D8-E94EFF678FEB}.Release|Any CPU.Build.0 = Release|Any CPU
		{F72528CF-E9E5-4B9F-BA5A-A886721DEA26}.Debug|Any CPU.ActiveCfg = Debug|Any CPU
		{F72528CF-E9E5-4B9F-BA5A-A886721DEA26}.Debug|Any CPU.Build.0 = Debug|Any CPU
		{F72528CF-E9E5-4B9F-BA5A-A886721DEA26}.Release|Any CPU.ActiveCfg = Release|Any CPU
		{F72528CF-E9E5-4B9F-BA5A-A886721DEA26}.Release|Any CPU.Build.0 = Release|Any CPU
		{B97C9413-1368-4266-A013-03F75E46233E}.Debug|Any CPU.ActiveCfg = Debug|Any CPU
		{B97C9413-1368-4266-A013-03F75E46233E}.Debug|Any CPU.Build.0 = Debug|Any CPU
		{B97C9413-1368-4266-A013-03F75E46233E}.Release|Any CPU.ActiveCfg = Release|Any CPU
		{B97C9413-1368-4266-A013-03F75E46233E}.Release|Any CPU.Build.0 = Release|Any CPU
		{92676C86-4192-420E-B434-2657C41D06C3}.Debug|Any CPU.ActiveCfg = Debug|Any CPU
		{92676C86-4192-420E-B434-2657C41D06C3}.Debug|Any CPU.Build.0 = Debug|Any CPU
		{92676C86-4192-420E-B434-2657C41D06C3}.Release|Any CPU.ActiveCfg = Release|Any CPU
		{92676C86-4192-420E-B434-2657C41D06C3}.Release|Any CPU.Build.0 = Release|Any CPU
		{452F47D0-3393-4B05-9A25-A54586B02977}.Debug|Any CPU.ActiveCfg = Debug|Any CPU
		{452F47D0-3393-4B05-9A25-A54586B02977}.Debug|Any CPU.Build.0 = Debug|Any CPU
		{452F47D0-3393-4B05-9A25-A54586B02977}.Release|Any CPU.ActiveCfg = Release|Any CPU
		{452F47D0-3393-4B05-9A25-A54586B02977}.Release|Any CPU.Build.0 = Release|Any CPU
		{153CF2D0-E646-49C5-9C3B-1E9D55201214}.Debug|Any CPU.ActiveCfg = Debug|Any CPU
		{153CF2D0-E646-49C5-9C3B-1E9D55201214}.Debug|Any CPU.Build.0 = Debug|Any CPU
		{153CF2D0-E646-49C5-9C3B-1E9D55201214}.Release|Any CPU.ActiveCfg = Release|Any CPU
		{153CF2D0-E646-49C5-9C3B-1E9D55201214}.Release|Any CPU.Build.0 = Release|Any CPU
		{24575CC5-4E7B-4A35-9ACF-0F292E6714F6}.Debug|Any CPU.ActiveCfg = Debug|Any CPU
		{24575CC5-4E7B-4A35-9ACF-0F292E6714F6}.Debug|Any CPU.Build.0 = Debug|Any CPU
		{24575CC5-4E7B-4A35-9ACF-0F292E6714F6}.Release|Any CPU.ActiveCfg = Release|Any CPU
		{24575CC5-4E7B-4A35-9ACF-0F292E6714F6}.Release|Any CPU.Build.0 = Release|Any CPU
		{2C3BF743-EADF-496C-BF05-E2F86571D3C1}.Debug|Any CPU.ActiveCfg = Debug|Any CPU
		{2C3BF743-EADF-496C-BF05-E2F86571D3C1}.Debug|Any CPU.Build.0 = Debug|Any CPU
		{2C3BF743-EADF-496C-BF05-E2F86571D3C1}.Release|Any CPU.ActiveCfg = Release|Any CPU
		{2C3BF743-EADF-496C-BF05-E2F86571D3C1}.Release|Any CPU.Build.0 = Release|Any CPU
		{7462C73C-D056-4987-B62A-B19EA9B32278}.Debug|Any CPU.ActiveCfg = Debug|Any CPU
		{7462C73C-D056-4987-B62A-B19EA9B32278}.Debug|Any CPU.Build.0 = Debug|Any CPU
		{7462C73C-D056-4987-B62A-B19EA9B32278}.Release|Any CPU.ActiveCfg = Release|Any CPU
		{7462C73C-D056-4987-B62A-B19EA9B32278}.Release|Any CPU.Build.0 = Release|Any CPU
		{D9C6C83F-C2E0-41ED-B4BF-C2B59A4FF40B}.Debug|Any CPU.ActiveCfg = Debug|Any CPU
		{D9C6C83F-C2E0-41ED-B4BF-C2B59A4FF40B}.Debug|Any CPU.Build.0 = Debug|Any CPU
		{D9C6C83F-C2E0-41ED-B4BF-C2B59A4FF40B}.Release|Any CPU.ActiveCfg = Release|Any CPU
		{D9C6C83F-C2E0-41ED-B4BF-C2B59A4FF40B}.Release|Any CPU.Build.0 = Release|Any CPU
		{A9E480C6-96ED-4AAF-B03E-B94331BB090D}.Debug|Any CPU.ActiveCfg = Debug|Any CPU
		{A9E480C6-96ED-4AAF-B03E-B94331BB090D}.Debug|Any CPU.Build.0 = Debug|Any CPU
		{A9E480C6-96ED-4AAF-B03E-B94331BB090D}.Release|Any CPU.ActiveCfg = Release|Any CPU
		{A9E480C6-96ED-4AAF-B03E-B94331BB090D}.Release|Any CPU.Build.0 = Release|Any CPU
		{331E6ACA-C437-4B53-9FA9-2EFDD41CD1D9}.Debug|Any CPU.ActiveCfg = Debug|Any CPU
		{331E6ACA-C437-4B53-9FA9-2EFDD41CD1D9}.Debug|Any CPU.Build.0 = Debug|Any CPU
		{331E6ACA-C437-4B53-9FA9-2EFDD41CD1D9}.Release|Any CPU.ActiveCfg = Release|Any CPU
		{331E6ACA-C437-4B53-9FA9-2EFDD41CD1D9}.Release|Any CPU.Build.0 = Release|Any CPU
		{50D44359-CFF7-4B2A-AF88-7CE0533D96C3}.Debug|Any CPU.ActiveCfg = Debug|Any CPU
		{50D44359-CFF7-4B2A-AF88-7CE0533D96C3}.Debug|Any CPU.Build.0 = Debug|Any CPU
		{50D44359-CFF7-4B2A-AF88-7CE0533D96C3}.Release|Any CPU.ActiveCfg = Release|Any CPU
		{50D44359-CFF7-4B2A-AF88-7CE0533D96C3}.Release|Any CPU.Build.0 = Release|Any CPU
		{C21759CF-0A8F-4739-8376-71645F802613}.Debug|Any CPU.ActiveCfg = Debug|Any CPU
		{C21759CF-0A8F-4739-8376-71645F802613}.Debug|Any CPU.Build.0 = Debug|Any CPU
		{C21759CF-0A8F-4739-8376-71645F802613}.Release|Any CPU.ActiveCfg = Release|Any CPU
		{C21759CF-0A8F-4739-8376-71645F802613}.Release|Any CPU.Build.0 = Release|Any CPU
		{6FB48FA8-EFDC-4AB0-81C9-A96A1562091C}.Debug|Any CPU.ActiveCfg = Debug|Any CPU
		{6FB48FA8-EFDC-4AB0-81C9-A96A1562091C}.Debug|Any CPU.Build.0 = Debug|Any CPU
		{6FB48FA8-EFDC-4AB0-81C9-A96A1562091C}.Release|Any CPU.ActiveCfg = Release|Any CPU
		{6FB48FA8-EFDC-4AB0-81C9-A96A1562091C}.Release|Any CPU.Build.0 = Release|Any CPU
		{A1342EC1-3925-4DF5-B032-4ED4606137F6}.Debug|Any CPU.ActiveCfg = Debug|Any CPU
		{A1342EC1-3925-4DF5-B032-4ED4606137F6}.Debug|Any CPU.Build.0 = Debug|Any CPU
		{A1342EC1-3925-4DF5-B032-4ED4606137F6}.Release|Any CPU.ActiveCfg = Release|Any CPU
		{A1342EC1-3925-4DF5-B032-4ED4606137F6}.Release|Any CPU.Build.0 = Release|Any CPU
		{EBF28D64-42D4-4829-838F-61F5E6E05227}.Debug|Any CPU.ActiveCfg = Debug|Any CPU
		{EBF28D64-42D4-4829-838F-61F5E6E05227}.Debug|Any CPU.Build.0 = Debug|Any CPU
		{EBF28D64-42D4-4829-838F-61F5E6E05227}.Release|Any CPU.ActiveCfg = Release|Any CPU
		{EBF28D64-42D4-4829-838F-61F5E6E05227}.Release|Any CPU.Build.0 = Release|Any CPU
		{83C77938-5908-4146-9A68-BE53431738D9}.Debug|Any CPU.ActiveCfg = Debug|Any CPU
		{83C77938-5908-4146-9A68-BE53431738D9}.Debug|Any CPU.Build.0 = Debug|Any CPU
		{83C77938-5908-4146-9A68-BE53431738D9}.Release|Any CPU.ActiveCfg = Release|Any CPU
		{83C77938-5908-4146-9A68-BE53431738D9}.Release|Any CPU.Build.0 = Release|Any CPU
		{F71F4402-8BFB-48CE-ACB4-8A470246443D}.Debug|Any CPU.ActiveCfg = Debug|Any CPU
		{F71F4402-8BFB-48CE-ACB4-8A470246443D}.Debug|Any CPU.Build.0 = Debug|Any CPU
		{F71F4402-8BFB-48CE-ACB4-8A470246443D}.Release|Any CPU.ActiveCfg = Release|Any CPU
		{F71F4402-8BFB-48CE-ACB4-8A470246443D}.Release|Any CPU.Build.0 = Release|Any CPU
		{268786AC-7D68-490D-AA23-9FC594089026}.Debug|Any CPU.ActiveCfg = Debug|Any CPU
		{268786AC-7D68-490D-AA23-9FC594089026}.Debug|Any CPU.Build.0 = Debug|Any CPU
		{268786AC-7D68-490D-AA23-9FC594089026}.Release|Any CPU.ActiveCfg = Release|Any CPU
		{268786AC-7D68-490D-AA23-9FC594089026}.Release|Any CPU.Build.0 = Release|Any CPU
		{E60C8975-EAF4-4F0D-8ED7-9C5D8129A703}.Debug|Any CPU.ActiveCfg = Debug|Any CPU
		{E60C8975-EAF4-4F0D-8ED7-9C5D8129A703}.Debug|Any CPU.Build.0 = Debug|Any CPU
		{E60C8975-EAF4-4F0D-8ED7-9C5D8129A703}.Release|Any CPU.ActiveCfg = Release|Any CPU
		{E60C8975-EAF4-4F0D-8ED7-9C5D8129A703}.Release|Any CPU.Build.0 = Release|Any CPU
		{B1E9CC47-4233-4494-A081-4EA40B24434E}.Debug|Any CPU.ActiveCfg = Debug|Any CPU
		{B1E9CC47-4233-4494-A081-4EA40B24434E}.Debug|Any CPU.Build.0 = Debug|Any CPU
		{B1E9CC47-4233-4494-A081-4EA40B24434E}.Release|Any CPU.ActiveCfg = Release|Any CPU
		{B1E9CC47-4233-4494-A081-4EA40B24434E}.Release|Any CPU.Build.0 = Release|Any CPU
		{5BADA780-C2AF-436F-B043-42046F82E60F}.Debug|Any CPU.ActiveCfg = Debug|Any CPU
		{5BADA780-C2AF-436F-B043-42046F82E60F}.Debug|Any CPU.Build.0 = Debug|Any CPU
		{5BADA780-C2AF-436F-B043-42046F82E60F}.Release|Any CPU.ActiveCfg = Release|Any CPU
		{5BADA780-C2AF-436F-B043-42046F82E60F}.Release|Any CPU.Build.0 = Release|Any CPU
		{3E83BDBF-AE34-4198-AFC9-983600F413BC}.Debug|Any CPU.ActiveCfg = Debug|Any CPU
		{3E83BDBF-AE34-4198-AFC9-983600F413BC}.Debug|Any CPU.Build.0 = Debug|Any CPU
		{3E83BDBF-AE34-4198-AFC9-983600F413BC}.Release|Any CPU.ActiveCfg = Release|Any CPU
		{3E83BDBF-AE34-4198-AFC9-983600F413BC}.Release|Any CPU.Build.0 = Release|Any CPU
		{DAECB5B1-F7C2-4191-B171-9F8D8896B1FA}.Debug|Any CPU.ActiveCfg = Debug|Any CPU
		{DAECB5B1-F7C2-4191-B171-9F8D8896B1FA}.Debug|Any CPU.Build.0 = Debug|Any CPU
		{DAECB5B1-F7C2-4191-B171-9F8D8896B1FA}.Release|Any CPU.ActiveCfg = Release|Any CPU
		{DAECB5B1-F7C2-4191-B171-9F8D8896B1FA}.Release|Any CPU.Build.0 = Release|Any CPU
		{915B370A-53DC-4A95-9D65-D24F239B771F}.Debug|Any CPU.ActiveCfg = Debug|Any CPU
		{915B370A-53DC-4A95-9D65-D24F239B771F}.Debug|Any CPU.Build.0 = Debug|Any CPU
		{915B370A-53DC-4A95-9D65-D24F239B771F}.Release|Any CPU.ActiveCfg = Release|Any CPU
		{915B370A-53DC-4A95-9D65-D24F239B771F}.Release|Any CPU.Build.0 = Release|Any CPU
		{1FD46164-C417-4FE4-A503-F04831344212}.Debug|Any CPU.ActiveCfg = Debug|Any CPU
		{1FD46164-C417-4FE4-A503-F04831344212}.Debug|Any CPU.Build.0 = Debug|Any CPU
		{1FD46164-C417-4FE4-A503-F04831344212}.Release|Any CPU.ActiveCfg = Release|Any CPU
		{1FD46164-C417-4FE4-A503-F04831344212}.Release|Any CPU.Build.0 = Release|Any CPU
		{36B87651-924A-4012-AF52-5C1ADE5E11E6}.Debug|Any CPU.ActiveCfg = Debug|Any CPU
		{36B87651-924A-4012-AF52-5C1ADE5E11E6}.Debug|Any CPU.Build.0 = Debug|Any CPU
		{36B87651-924A-4012-AF52-5C1ADE5E11E6}.Release|Any CPU.ActiveCfg = Release|Any CPU
		{36B87651-924A-4012-AF52-5C1ADE5E11E6}.Release|Any CPU.Build.0 = Release|Any CPU
		{06A43349-3001-41AA-8118-269595DB52AF}.Debug|Any CPU.ActiveCfg = Debug|Any CPU
		{06A43349-3001-41AA-8118-269595DB52AF}.Debug|Any CPU.Build.0 = Debug|Any CPU
		{06A43349-3001-41AA-8118-269595DB52AF}.Release|Any CPU.ActiveCfg = Release|Any CPU
		{06A43349-3001-41AA-8118-269595DB52AF}.Release|Any CPU.Build.0 = Release|Any CPU
		{553D7E26-7BEC-4353-8E71-31D0E5CA4197}.Debug|Any CPU.ActiveCfg = Debug|Any CPU
		{553D7E26-7BEC-4353-8E71-31D0E5CA4197}.Debug|Any CPU.Build.0 = Debug|Any CPU
		{553D7E26-7BEC-4353-8E71-31D0E5CA4197}.Release|Any CPU.ActiveCfg = Release|Any CPU
		{553D7E26-7BEC-4353-8E71-31D0E5CA4197}.Release|Any CPU.Build.0 = Release|Any CPU
		{ED444001-C01E-4127-8519-81B960EF367E}.Debug|Any CPU.ActiveCfg = Debug|Any CPU
		{ED444001-C01E-4127-8519-81B960EF367E}.Debug|Any CPU.Build.0 = Debug|Any CPU
		{ED444001-C01E-4127-8519-81B960EF367E}.Release|Any CPU.ActiveCfg = Release|Any CPU
		{ED444001-C01E-4127-8519-81B960EF367E}.Release|Any CPU.Build.0 = Release|Any CPU
		{43B7B97F-8A08-44BD-838C-FB7EF96B0938}.Debug|Any CPU.ActiveCfg = Debug|Any CPU
		{43B7B97F-8A08-44BD-838C-FB7EF96B0938}.Debug|Any CPU.Build.0 = Debug|Any CPU
		{43B7B97F-8A08-44BD-838C-FB7EF96B0938}.Release|Any CPU.ActiveCfg = Release|Any CPU
		{43B7B97F-8A08-44BD-838C-FB7EF96B0938}.Release|Any CPU.Build.0 = Release|Any CPU
		{9CB6C664-C184-4558-A996-813BCEE6216C}.Debug|Any CPU.ActiveCfg = Debug|Any CPU
		{9CB6C664-C184-4558-A996-813BCEE6216C}.Debug|Any CPU.Build.0 = Debug|Any CPU
		{9CB6C664-C184-4558-A996-813BCEE6216C}.Release|Any CPU.ActiveCfg = Release|Any CPU
		{9CB6C664-C184-4558-A996-813BCEE6216C}.Release|Any CPU.Build.0 = Release|Any CPU
		{FBA1B36A-8F4A-46B5-98C6-EA919A2DA9D4}.Debug|Any CPU.ActiveCfg = Debug|Any CPU
		{FBA1B36A-8F4A-46B5-98C6-EA919A2DA9D4}.Debug|Any CPU.Build.0 = Debug|Any CPU
		{FBA1B36A-8F4A-46B5-98C6-EA919A2DA9D4}.Release|Any CPU.ActiveCfg = Release|Any CPU
		{FBA1B36A-8F4A-46B5-98C6-EA919A2DA9D4}.Release|Any CPU.Build.0 = Release|Any CPU
		{AEEF7236-1A81-4056-8C5C-481782F6FC51}.Debug|Any CPU.ActiveCfg = Debug|Any CPU
		{AEEF7236-1A81-4056-8C5C-481782F6FC51}.Debug|Any CPU.Build.0 = Debug|Any CPU
		{AEEF7236-1A81-4056-8C5C-481782F6FC51}.Release|Any CPU.ActiveCfg = Release|Any CPU
		{AEEF7236-1A81-4056-8C5C-481782F6FC51}.Release|Any CPU.Build.0 = Release|Any CPU
		{B4C5EE49-54EC-4950-A3C5-1BB8862BAC03}.Debug|Any CPU.ActiveCfg = Debug|Any CPU
		{B4C5EE49-54EC-4950-A3C5-1BB8862BAC03}.Debug|Any CPU.Build.0 = Debug|Any CPU
		{B4C5EE49-54EC-4950-A3C5-1BB8862BAC03}.Release|Any CPU.ActiveCfg = Release|Any CPU
		{B4C5EE49-54EC-4950-A3C5-1BB8862BAC03}.Release|Any CPU.Build.0 = Release|Any CPU
		{E6A1EC19-A65D-4FCB-9747-DAB95629A60D}.Debug|Any CPU.ActiveCfg = Debug|Any CPU
		{E6A1EC19-A65D-4FCB-9747-DAB95629A60D}.Debug|Any CPU.Build.0 = Debug|Any CPU
		{E6A1EC19-A65D-4FCB-9747-DAB95629A60D}.Release|Any CPU.ActiveCfg = Release|Any CPU
		{E6A1EC19-A65D-4FCB-9747-DAB95629A60D}.Release|Any CPU.Build.0 = Release|Any CPU
		{D004B1AC-AE94-474E-99CA-0BE7C62677D6}.Debug|Any CPU.ActiveCfg = Debug|Any CPU
		{D004B1AC-AE94-474E-99CA-0BE7C62677D6}.Debug|Any CPU.Build.0 = Debug|Any CPU
		{D004B1AC-AE94-474E-99CA-0BE7C62677D6}.Release|Any CPU.ActiveCfg = Release|Any CPU
		{D004B1AC-AE94-474E-99CA-0BE7C62677D6}.Release|Any CPU.Build.0 = Release|Any CPU
		{A42F6F2C-71A3-40FF-BD5A-4D74492F603A}.Debug|Any CPU.ActiveCfg = Debug|Any CPU
		{A42F6F2C-71A3-40FF-BD5A-4D74492F603A}.Debug|Any CPU.Build.0 = Debug|Any CPU
		{A42F6F2C-71A3-40FF-BD5A-4D74492F603A}.Release|Any CPU.ActiveCfg = Release|Any CPU
		{A42F6F2C-71A3-40FF-BD5A-4D74492F603A}.Release|Any CPU.Build.0 = Release|Any CPU
		{9462C608-D736-4DD7-948E-DE8CF77C6AC5}.Debug|Any CPU.ActiveCfg = Debug|Any CPU
		{9462C608-D736-4DD7-948E-DE8CF77C6AC5}.Debug|Any CPU.Build.0 = Debug|Any CPU
		{9462C608-D736-4DD7-948E-DE8CF77C6AC5}.Release|Any CPU.ActiveCfg = Release|Any CPU
		{9462C608-D736-4DD7-948E-DE8CF77C6AC5}.Release|Any CPU.Build.0 = Release|Any CPU
		{63024659-FAAC-465B-B886-0DC028E70EBD}.Debug|Any CPU.ActiveCfg = Debug|Any CPU
		{63024659-FAAC-465B-B886-0DC028E70EBD}.Debug|Any CPU.Build.0 = Debug|Any CPU
		{63024659-FAAC-465B-B886-0DC028E70EBD}.Release|Any CPU.ActiveCfg = Release|Any CPU
		{63024659-FAAC-465B-B886-0DC028E70EBD}.Release|Any CPU.Build.0 = Release|Any CPU
		{689AE1C5-273A-4A66-8990-D69593C2DB2D}.Debug|Any CPU.ActiveCfg = Debug|Any CPU
		{689AE1C5-273A-4A66-8990-D69593C2DB2D}.Debug|Any CPU.Build.0 = Debug|Any CPU
		{689AE1C5-273A-4A66-8990-D69593C2DB2D}.Release|Any CPU.ActiveCfg = Release|Any CPU
		{689AE1C5-273A-4A66-8990-D69593C2DB2D}.Release|Any CPU.Build.0 = Release|Any CPU
		{5A87FECC-D3DF-4674-84D5-6A3E15959AE9}.Debug|Any CPU.ActiveCfg = Debug|Any CPU
		{5A87FECC-D3DF-4674-84D5-6A3E15959AE9}.Debug|Any CPU.Build.0 = Debug|Any CPU
		{5A87FECC-D3DF-4674-84D5-6A3E15959AE9}.Release|Any CPU.ActiveCfg = Release|Any CPU
		{5A87FECC-D3DF-4674-84D5-6A3E15959AE9}.Release|Any CPU.Build.0 = Release|Any CPU
		{A922C317-6662-496C-BB64-CFA4D1E5646F}.Debug|Any CPU.ActiveCfg = Debug|Any CPU
		{A922C317-6662-496C-BB64-CFA4D1E5646F}.Debug|Any CPU.Build.0 = Debug|Any CPU
		{A922C317-6662-496C-BB64-CFA4D1E5646F}.Release|Any CPU.ActiveCfg = Release|Any CPU
		{A922C317-6662-496C-BB64-CFA4D1E5646F}.Release|Any CPU.Build.0 = Release|Any CPU
		{77CFFD17-1998-4AB5-B289-321F023D6273}.Debug|Any CPU.ActiveCfg = Debug|Any CPU
		{77CFFD17-1998-4AB5-B289-321F023D6273}.Debug|Any CPU.Build.0 = Debug|Any CPU
		{77CFFD17-1998-4AB5-B289-321F023D6273}.Release|Any CPU.ActiveCfg = Release|Any CPU
		{77CFFD17-1998-4AB5-B289-321F023D6273}.Release|Any CPU.Build.0 = Release|Any CPU
		{2F6BC73B-0A8C-452F-9D8E-B6CDDE86A736}.Debug|Any CPU.ActiveCfg = Debug|Any CPU
		{2F6BC73B-0A8C-452F-9D8E-B6CDDE86A736}.Debug|Any CPU.Build.0 = Debug|Any CPU
		{2F6BC73B-0A8C-452F-9D8E-B6CDDE86A736}.Release|Any CPU.ActiveCfg = Release|Any CPU
		{2F6BC73B-0A8C-452F-9D8E-B6CDDE86A736}.Release|Any CPU.Build.0 = Release|Any CPU
		{EDD8AE9F-A174-4753-92D7-5C10AE9326E6}.Debug|Any CPU.ActiveCfg = Debug|Any CPU
		{EDD8AE9F-A174-4753-92D7-5C10AE9326E6}.Debug|Any CPU.Build.0 = Debug|Any CPU
		{EDD8AE9F-A174-4753-92D7-5C10AE9326E6}.Release|Any CPU.ActiveCfg = Release|Any CPU
		{EDD8AE9F-A174-4753-92D7-5C10AE9326E6}.Release|Any CPU.Build.0 = Release|Any CPU
		{48366104-553D-4F11-9D0D-0192AFE74F29}.Debug|Any CPU.ActiveCfg = Debug|Any CPU
		{48366104-553D-4F11-9D0D-0192AFE74F29}.Debug|Any CPU.Build.0 = Debug|Any CPU
		{48366104-553D-4F11-9D0D-0192AFE74F29}.Release|Any CPU.ActiveCfg = Release|Any CPU
		{48366104-553D-4F11-9D0D-0192AFE74F29}.Release|Any CPU.Build.0 = Release|Any CPU
		{8348C747-D3E9-4A28-A66A-8B1FD2D70AAB}.Debug|Any CPU.ActiveCfg = Debug|Any CPU
		{8348C747-D3E9-4A28-A66A-8B1FD2D70AAB}.Debug|Any CPU.Build.0 = Debug|Any CPU
		{8348C747-D3E9-4A28-A66A-8B1FD2D70AAB}.Release|Any CPU.ActiveCfg = Release|Any CPU
		{8348C747-D3E9-4A28-A66A-8B1FD2D70AAB}.Release|Any CPU.Build.0 = Release|Any CPU
		{D3ED8B26-C5AD-4514-8AEE-6F1A5B61021E}.Debug|Any CPU.ActiveCfg = Debug|Any CPU
		{D3ED8B26-C5AD-4514-8AEE-6F1A5B61021E}.Debug|Any CPU.Build.0 = Debug|Any CPU
		{D3ED8B26-C5AD-4514-8AEE-6F1A5B61021E}.Release|Any CPU.ActiveCfg = Release|Any CPU
		{D3ED8B26-C5AD-4514-8AEE-6F1A5B61021E}.Release|Any CPU.Build.0 = Release|Any CPU
		{DA36989E-CCA7-4CF8-A3A8-0E4FCC6F3790}.Debug|Any CPU.ActiveCfg = Debug|Any CPU
		{DA36989E-CCA7-4CF8-A3A8-0E4FCC6F3790}.Debug|Any CPU.Build.0 = Debug|Any CPU
		{DA36989E-CCA7-4CF8-A3A8-0E4FCC6F3790}.Release|Any CPU.ActiveCfg = Release|Any CPU
		{DA36989E-CCA7-4CF8-A3A8-0E4FCC6F3790}.Release|Any CPU.Build.0 = Release|Any CPU
		{EA3FDF74-F382-4E59-A8FE-01DC2EEA7685}.Debug|Any CPU.ActiveCfg = Debug|Any CPU
		{EA3FDF74-F382-4E59-A8FE-01DC2EEA7685}.Debug|Any CPU.Build.0 = Debug|Any CPU
		{EA3FDF74-F382-4E59-A8FE-01DC2EEA7685}.Release|Any CPU.ActiveCfg = Release|Any CPU
		{EA3FDF74-F382-4E59-A8FE-01DC2EEA7685}.Release|Any CPU.Build.0 = Release|Any CPU
		{0B6CB075-0C86-47C0-972F-BE429F7D336E}.Debug|Any CPU.ActiveCfg = Debug|Any CPU
		{0B6CB075-0C86-47C0-972F-BE429F7D336E}.Debug|Any CPU.Build.0 = Debug|Any CPU
		{0B6CB075-0C86-47C0-972F-BE429F7D336E}.Release|Any CPU.ActiveCfg = Release|Any CPU
		{0B6CB075-0C86-47C0-972F-BE429F7D336E}.Release|Any CPU.Build.0 = Release|Any CPU
		{72982C70-6879-4E7C-B02F-3E09128F539D}.Debug|Any CPU.ActiveCfg = Debug|Any CPU
		{72982C70-6879-4E7C-B02F-3E09128F539D}.Debug|Any CPU.Build.0 = Debug|Any CPU
		{72982C70-6879-4E7C-B02F-3E09128F539D}.Release|Any CPU.ActiveCfg = Release|Any CPU
		{72982C70-6879-4E7C-B02F-3E09128F539D}.Release|Any CPU.Build.0 = Release|Any CPU
		{0A3A22D2-D8CB-43E3-886B-4C4AAF8E0FC3}.Debug|Any CPU.ActiveCfg = Debug|Any CPU
		{0A3A22D2-D8CB-43E3-886B-4C4AAF8E0FC3}.Debug|Any CPU.Build.0 = Debug|Any CPU
		{0A3A22D2-D8CB-43E3-886B-4C4AAF8E0FC3}.Release|Any CPU.ActiveCfg = Release|Any CPU
		{0A3A22D2-D8CB-43E3-886B-4C4AAF8E0FC3}.Release|Any CPU.Build.0 = Release|Any CPU
		{1D4658E8-2F0A-4D82-8242-1BE6D1A53AB0}.Debug|Any CPU.ActiveCfg = Debug|Any CPU
		{1D4658E8-2F0A-4D82-8242-1BE6D1A53AB0}.Debug|Any CPU.Build.0 = Debug|Any CPU
		{1D4658E8-2F0A-4D82-8242-1BE6D1A53AB0}.Release|Any CPU.ActiveCfg = Release|Any CPU
		{1D4658E8-2F0A-4D82-8242-1BE6D1A53AB0}.Release|Any CPU.Build.0 = Release|Any CPU
		{54FCC5F5-2192-42D0-B377-DC7D6F1866EC}.Debug|Any CPU.ActiveCfg = Debug|Any CPU
		{54FCC5F5-2192-42D0-B377-DC7D6F1866EC}.Debug|Any CPU.Build.0 = Debug|Any CPU
		{54FCC5F5-2192-42D0-B377-DC7D6F1866EC}.Release|Any CPU.ActiveCfg = Release|Any CPU
		{54FCC5F5-2192-42D0-B377-DC7D6F1866EC}.Release|Any CPU.Build.0 = Release|Any CPU
		{7E741A99-426D-4503-8AFF-8741D10B101F}.Debug|Any CPU.ActiveCfg = Debug|Any CPU
		{7E741A99-426D-4503-8AFF-8741D10B101F}.Debug|Any CPU.Build.0 = Debug|Any CPU
		{7E741A99-426D-4503-8AFF-8741D10B101F}.Release|Any CPU.ActiveCfg = Release|Any CPU
		{7E741A99-426D-4503-8AFF-8741D10B101F}.Release|Any CPU.Build.0 = Release|Any CPU
		{7492088F-096F-406E-8B8A-E90ECFC1C7F3}.Debug|Any CPU.ActiveCfg = Debug|Any CPU
		{7492088F-096F-406E-8B8A-E90ECFC1C7F3}.Debug|Any CPU.Build.0 = Debug|Any CPU
		{7492088F-096F-406E-8B8A-E90ECFC1C7F3}.Release|Any CPU.ActiveCfg = Release|Any CPU
		{7492088F-096F-406E-8B8A-E90ECFC1C7F3}.Release|Any CPU.Build.0 = Release|Any CPU
		{19831E4E-14FC-47FD-B52A-EC0086E63701}.Debug|Any CPU.ActiveCfg = Debug|Any CPU
		{19831E4E-14FC-47FD-B52A-EC0086E63701}.Debug|Any CPU.Build.0 = Debug|Any CPU
		{19831E4E-14FC-47FD-B52A-EC0086E63701}.Release|Any CPU.ActiveCfg = Release|Any CPU
		{19831E4E-14FC-47FD-B52A-EC0086E63701}.Release|Any CPU.Build.0 = Release|Any CPU
		{F4D7C79F-11DD-45BE-9280-B9E8CFEE030B}.Debug|Any CPU.ActiveCfg = Debug|Any CPU
		{F4D7C79F-11DD-45BE-9280-B9E8CFEE030B}.Debug|Any CPU.Build.0 = Debug|Any CPU
		{F4D7C79F-11DD-45BE-9280-B9E8CFEE030B}.Release|Any CPU.ActiveCfg = Release|Any CPU
		{F4D7C79F-11DD-45BE-9280-B9E8CFEE030B}.Release|Any CPU.Build.0 = Release|Any CPU
		{3F7716F3-72A4-4206-9B29-09BC4200AD46}.Debug|Any CPU.ActiveCfg = Debug|Any CPU
		{3F7716F3-72A4-4206-9B29-09BC4200AD46}.Debug|Any CPU.Build.0 = Debug|Any CPU
		{3F7716F3-72A4-4206-9B29-09BC4200AD46}.Release|Any CPU.ActiveCfg = Release|Any CPU
		{3F7716F3-72A4-4206-9B29-09BC4200AD46}.Release|Any CPU.Build.0 = Release|Any CPU
		{75B5003F-C1B7-464E-A8E7-7B8080399CE3}.Debug|Any CPU.ActiveCfg = Debug|Any CPU
		{75B5003F-C1B7-464E-A8E7-7B8080399CE3}.Debug|Any CPU.Build.0 = Debug|Any CPU
		{75B5003F-C1B7-464E-A8E7-7B8080399CE3}.Release|Any CPU.ActiveCfg = Release|Any CPU
		{75B5003F-C1B7-464E-A8E7-7B8080399CE3}.Release|Any CPU.Build.0 = Release|Any CPU
		{300CB55F-E723-41DB-BCA7-D94BA4826DDF}.Debug|Any CPU.ActiveCfg = Debug|Any CPU
		{300CB55F-E723-41DB-BCA7-D94BA4826DDF}.Debug|Any CPU.Build.0 = Debug|Any CPU
		{300CB55F-E723-41DB-BCA7-D94BA4826DDF}.Release|Any CPU.ActiveCfg = Release|Any CPU
		{300CB55F-E723-41DB-BCA7-D94BA4826DDF}.Release|Any CPU.Build.0 = Release|Any CPU
		{EE5A580F-2FF9-429B-94DB-5E6E007DD203}.Debug|Any CPU.ActiveCfg = Debug|Any CPU
		{EE5A580F-2FF9-429B-94DB-5E6E007DD203}.Debug|Any CPU.Build.0 = Debug|Any CPU
		{EE5A580F-2FF9-429B-94DB-5E6E007DD203}.Release|Any CPU.ActiveCfg = Release|Any CPU
		{EE5A580F-2FF9-429B-94DB-5E6E007DD203}.Release|Any CPU.Build.0 = Release|Any CPU
		{B4DA7CCB-7B8A-4347-A84B-EFC66FE57C4F}.Debug|Any CPU.ActiveCfg = Debug|Any CPU
		{B4DA7CCB-7B8A-4347-A84B-EFC66FE57C4F}.Debug|Any CPU.Build.0 = Debug|Any CPU
		{B4DA7CCB-7B8A-4347-A84B-EFC66FE57C4F}.Release|Any CPU.ActiveCfg = Release|Any CPU
		{B4DA7CCB-7B8A-4347-A84B-EFC66FE57C4F}.Release|Any CPU.Build.0 = Release|Any CPU
		{DDEBF4BF-4518-4F44-9B1B-B779480385E6}.Debug|Any CPU.ActiveCfg = Debug|Any CPU
		{DDEBF4BF-4518-4F44-9B1B-B779480385E6}.Debug|Any CPU.Build.0 = Debug|Any CPU
		{DDEBF4BF-4518-4F44-9B1B-B779480385E6}.Release|Any CPU.ActiveCfg = Release|Any CPU
		{DDEBF4BF-4518-4F44-9B1B-B779480385E6}.Release|Any CPU.Build.0 = Release|Any CPU
		{EB9979B7-7115-4A4A-85D0-004D82003225}.Debug|Any CPU.ActiveCfg = Debug|Any CPU
		{EB9979B7-7115-4A4A-85D0-004D82003225}.Debug|Any CPU.Build.0 = Debug|Any CPU
		{EB9979B7-7115-4A4A-85D0-004D82003225}.Release|Any CPU.ActiveCfg = Release|Any CPU
		{EB9979B7-7115-4A4A-85D0-004D82003225}.Release|Any CPU.Build.0 = Release|Any CPU
		{CB9F2F9D-92E7-4076-92AE-DF221F568263}.Debug|Any CPU.ActiveCfg = Debug|Any CPU
		{CB9F2F9D-92E7-4076-92AE-DF221F568263}.Debug|Any CPU.Build.0 = Debug|Any CPU
		{CB9F2F9D-92E7-4076-92AE-DF221F568263}.Release|Any CPU.ActiveCfg = Release|Any CPU
		{CB9F2F9D-92E7-4076-92AE-DF221F568263}.Release|Any CPU.Build.0 = Release|Any CPU
		{83D892F8-4D33-49B6-80E0-84346C37F1BC}.Debug|Any CPU.ActiveCfg = Debug|Any CPU
		{83D892F8-4D33-49B6-80E0-84346C37F1BC}.Debug|Any CPU.Build.0 = Debug|Any CPU
		{83D892F8-4D33-49B6-80E0-84346C37F1BC}.Release|Any CPU.ActiveCfg = Release|Any CPU
		{83D892F8-4D33-49B6-80E0-84346C37F1BC}.Release|Any CPU.Build.0 = Release|Any CPU
		{F8072EDD-44D9-42E8-BE30-2EB854A77DB5}.Debug|Any CPU.ActiveCfg = Debug|Any CPU
		{F8072EDD-44D9-42E8-BE30-2EB854A77DB5}.Debug|Any CPU.Build.0 = Debug|Any CPU
		{F8072EDD-44D9-42E8-BE30-2EB854A77DB5}.Release|Any CPU.ActiveCfg = Release|Any CPU
		{F8072EDD-44D9-42E8-BE30-2EB854A77DB5}.Release|Any CPU.Build.0 = Release|Any CPU
		{21F2EA82-9023-4488-8674-12E5680242AA}.Debug|Any CPU.ActiveCfg = Debug|Any CPU
		{21F2EA82-9023-4488-8674-12E5680242AA}.Debug|Any CPU.Build.0 = Debug|Any CPU
		{21F2EA82-9023-4488-8674-12E5680242AA}.Release|Any CPU.ActiveCfg = Release|Any CPU
		{21F2EA82-9023-4488-8674-12E5680242AA}.Release|Any CPU.Build.0 = Release|Any CPU
		{BF34D981-6915-4C4F-902E-5E36A221119F}.Debug|Any CPU.ActiveCfg = Debug|Any CPU
		{BF34D981-6915-4C4F-902E-5E36A221119F}.Debug|Any CPU.Build.0 = Debug|Any CPU
		{BF34D981-6915-4C4F-902E-5E36A221119F}.Release|Any CPU.ActiveCfg = Release|Any CPU
		{BF34D981-6915-4C4F-902E-5E36A221119F}.Release|Any CPU.Build.0 = Release|Any CPU
		{9863357F-7764-4604-8B70-D70692570FFE}.Debug|Any CPU.ActiveCfg = Debug|Any CPU
		{9863357F-7764-4604-8B70-D70692570FFE}.Debug|Any CPU.Build.0 = Debug|Any CPU
		{9863357F-7764-4604-8B70-D70692570FFE}.Release|Any CPU.ActiveCfg = Release|Any CPU
		{9863357F-7764-4604-8B70-D70692570FFE}.Release|Any CPU.Build.0 = Release|Any CPU
		{55AF5A07-B64C-4ED8-8A1D-BBE5F399250E}.Debug|Any CPU.ActiveCfg = Debug|Any CPU
		{55AF5A07-B64C-4ED8-8A1D-BBE5F399250E}.Debug|Any CPU.Build.0 = Debug|Any CPU
		{55AF5A07-B64C-4ED8-8A1D-BBE5F399250E}.Release|Any CPU.ActiveCfg = Release|Any CPU
		{55AF5A07-B64C-4ED8-8A1D-BBE5F399250E}.Release|Any CPU.Build.0 = Release|Any CPU
		{E11D24DC-4C44-40DD-980D-1F38A81EFD30}.Debug|Any CPU.ActiveCfg = Debug|Any CPU
		{E11D24DC-4C44-40DD-980D-1F38A81EFD30}.Debug|Any CPU.Build.0 = Debug|Any CPU
		{E11D24DC-4C44-40DD-980D-1F38A81EFD30}.Release|Any CPU.ActiveCfg = Release|Any CPU
		{E11D24DC-4C44-40DD-980D-1F38A81EFD30}.Release|Any CPU.Build.0 = Release|Any CPU
		{2D7240F1-A7D1-4C21-9CB3-04803810D921}.Debug|Any CPU.ActiveCfg = Debug|Any CPU
		{2D7240F1-A7D1-4C21-9CB3-04803810D921}.Debug|Any CPU.Build.0 = Debug|Any CPU
		{2D7240F1-A7D1-4C21-9CB3-04803810D921}.Release|Any CPU.ActiveCfg = Release|Any CPU
		{2D7240F1-A7D1-4C21-9CB3-04803810D921}.Release|Any CPU.Build.0 = Release|Any CPU
		{165059B1-6E39-40F1-87A4-5443C90C1671}.Debug|Any CPU.ActiveCfg = Debug|Any CPU
		{165059B1-6E39-40F1-87A4-5443C90C1671}.Debug|Any CPU.Build.0 = Debug|Any CPU
		{165059B1-6E39-40F1-87A4-5443C90C1671}.Release|Any CPU.ActiveCfg = Release|Any CPU
		{165059B1-6E39-40F1-87A4-5443C90C1671}.Release|Any CPU.Build.0 = Release|Any CPU
		{CB710B0F-38C5-4347-A2A5-6CC63A8D36D2}.Debug|Any CPU.ActiveCfg = Debug|Any CPU
		{CB710B0F-38C5-4347-A2A5-6CC63A8D36D2}.Debug|Any CPU.Build.0 = Debug|Any CPU
		{CB710B0F-38C5-4347-A2A5-6CC63A8D36D2}.Release|Any CPU.ActiveCfg = Release|Any CPU
		{CB710B0F-38C5-4347-A2A5-6CC63A8D36D2}.Release|Any CPU.Build.0 = Release|Any CPU
		{03FE91B8-68F4-43FC-827E-97731334E8B4}.Debug|Any CPU.ActiveCfg = Debug|Any CPU
		{03FE91B8-68F4-43FC-827E-97731334E8B4}.Debug|Any CPU.Build.0 = Debug|Any CPU
		{03FE91B8-68F4-43FC-827E-97731334E8B4}.Release|Any CPU.ActiveCfg = Release|Any CPU
		{03FE91B8-68F4-43FC-827E-97731334E8B4}.Release|Any CPU.Build.0 = Release|Any CPU
		{1DC5168F-BA48-4FDE-86C6-45901429C6E5}.Debug|Any CPU.ActiveCfg = Debug|Any CPU
		{1DC5168F-BA48-4FDE-86C6-45901429C6E5}.Debug|Any CPU.Build.0 = Debug|Any CPU
		{1DC5168F-BA48-4FDE-86C6-45901429C6E5}.Release|Any CPU.ActiveCfg = Release|Any CPU
		{1DC5168F-BA48-4FDE-86C6-45901429C6E5}.Release|Any CPU.Build.0 = Release|Any CPU
		{54BC3076-5288-479D-928B-81EEAF7C00D9}.Debug|Any CPU.ActiveCfg = Debug|Any CPU
		{54BC3076-5288-479D-928B-81EEAF7C00D9}.Debug|Any CPU.Build.0 = Debug|Any CPU
		{54BC3076-5288-479D-928B-81EEAF7C00D9}.Release|Any CPU.ActiveCfg = Release|Any CPU
		{54BC3076-5288-479D-928B-81EEAF7C00D9}.Release|Any CPU.Build.0 = Release|Any CPU
		{00355B09-6841-45DE-8CF9-3068A90E92D6}.Debug|Any CPU.ActiveCfg = Debug|Any CPU
		{00355B09-6841-45DE-8CF9-3068A90E92D6}.Debug|Any CPU.Build.0 = Debug|Any CPU
		{00355B09-6841-45DE-8CF9-3068A90E92D6}.Release|Any CPU.ActiveCfg = Release|Any CPU
		{00355B09-6841-45DE-8CF9-3068A90E92D6}.Release|Any CPU.Build.0 = Release|Any CPU
		{DA20F93D-F2F8-4CF3-96E4-F90D848C7DEA}.Debug|Any CPU.ActiveCfg = Debug|Any CPU
		{DA20F93D-F2F8-4CF3-96E4-F90D848C7DEA}.Debug|Any CPU.Build.0 = Debug|Any CPU
		{DA20F93D-F2F8-4CF3-96E4-F90D848C7DEA}.Release|Any CPU.ActiveCfg = Release|Any CPU
		{DA20F93D-F2F8-4CF3-96E4-F90D848C7DEA}.Release|Any CPU.Build.0 = Release|Any CPU
		{B69B5ADB-5023-4B51-960A-5F7A7BC766E3}.Debug|Any CPU.ActiveCfg = Debug|Any CPU
		{B69B5ADB-5023-4B51-960A-5F7A7BC766E3}.Debug|Any CPU.Build.0 = Debug|Any CPU
		{B69B5ADB-5023-4B51-960A-5F7A7BC766E3}.Release|Any CPU.ActiveCfg = Release|Any CPU
		{B69B5ADB-5023-4B51-960A-5F7A7BC766E3}.Release|Any CPU.Build.0 = Release|Any CPU
		{0FF1B504-E4E6-4AFD-9CB5-913F3997085E}.Debug|Any CPU.ActiveCfg = Debug|Any CPU
		{0FF1B504-E4E6-4AFD-9CB5-913F3997085E}.Debug|Any CPU.Build.0 = Debug|Any CPU
		{0FF1B504-E4E6-4AFD-9CB5-913F3997085E}.Release|Any CPU.ActiveCfg = Release|Any CPU
		{0FF1B504-E4E6-4AFD-9CB5-913F3997085E}.Release|Any CPU.Build.0 = Release|Any CPU
		{15B6630E-4929-4F71-9890-7BED93CB3F42}.Debug|Any CPU.ActiveCfg = Debug|Any CPU
		{15B6630E-4929-4F71-9890-7BED93CB3F42}.Debug|Any CPU.Build.0 = Debug|Any CPU
		{15B6630E-4929-4F71-9890-7BED93CB3F42}.Release|Any CPU.ActiveCfg = Release|Any CPU
		{15B6630E-4929-4F71-9890-7BED93CB3F42}.Release|Any CPU.Build.0 = Release|Any CPU
		{5C9E77E6-3FF0-4B7B-91DA-68D6F38F01F7}.Debug|Any CPU.ActiveCfg = Debug|Any CPU
		{5C9E77E6-3FF0-4B7B-91DA-68D6F38F01F7}.Debug|Any CPU.Build.0 = Debug|Any CPU
		{5C9E77E6-3FF0-4B7B-91DA-68D6F38F01F7}.Release|Any CPU.ActiveCfg = Release|Any CPU
		{5C9E77E6-3FF0-4B7B-91DA-68D6F38F01F7}.Release|Any CPU.Build.0 = Release|Any CPU
		{BD665A98-BBA5-4D95-86A2-BD2FBA32D5DC}.Debug|Any CPU.ActiveCfg = Debug|Any CPU
		{BD665A98-BBA5-4D95-86A2-BD2FBA32D5DC}.Debug|Any CPU.Build.0 = Debug|Any CPU
		{BD665A98-BBA5-4D95-86A2-BD2FBA32D5DC}.Release|Any CPU.ActiveCfg = Release|Any CPU
		{BD665A98-BBA5-4D95-86A2-BD2FBA32D5DC}.Release|Any CPU.Build.0 = Release|Any CPU
		{E845CA50-4782-4FB9-A7AA-2DD34B548DE2}.Debug|Any CPU.ActiveCfg = Debug|Any CPU
		{E845CA50-4782-4FB9-A7AA-2DD34B548DE2}.Debug|Any CPU.Build.0 = Debug|Any CPU
		{E845CA50-4782-4FB9-A7AA-2DD34B548DE2}.Release|Any CPU.ActiveCfg = Release|Any CPU
		{E845CA50-4782-4FB9-A7AA-2DD34B548DE2}.Release|Any CPU.Build.0 = Release|Any CPU
		{B29EB252-1437-4DD3-921F-C43AE4464DB1}.Debug|Any CPU.ActiveCfg = Debug|Any CPU
		{B29EB252-1437-4DD3-921F-C43AE4464DB1}.Debug|Any CPU.Build.0 = Debug|Any CPU
		{B29EB252-1437-4DD3-921F-C43AE4464DB1}.Release|Any CPU.ActiveCfg = Release|Any CPU
		{B29EB252-1437-4DD3-921F-C43AE4464DB1}.Release|Any CPU.Build.0 = Release|Any CPU
		{AA7F4ECF-CF53-4F3E-B559-1F56ED750652}.Debug|Any CPU.ActiveCfg = Debug|Any CPU
		{AA7F4ECF-CF53-4F3E-B559-1F56ED750652}.Debug|Any CPU.Build.0 = Debug|Any CPU
		{AA7F4ECF-CF53-4F3E-B559-1F56ED750652}.Release|Any CPU.ActiveCfg = Release|Any CPU
		{AA7F4ECF-CF53-4F3E-B559-1F56ED750652}.Release|Any CPU.Build.0 = Release|Any CPU
		{CEEB0896-2B6B-433C-A16C-2EF31277500E}.Debug|Any CPU.ActiveCfg = Debug|Any CPU
		{CEEB0896-2B6B-433C-A16C-2EF31277500E}.Debug|Any CPU.Build.0 = Debug|Any CPU
		{CEEB0896-2B6B-433C-A16C-2EF31277500E}.Release|Any CPU.ActiveCfg = Release|Any CPU
		{CEEB0896-2B6B-433C-A16C-2EF31277500E}.Release|Any CPU.Build.0 = Release|Any CPU
		{95FBCEF3-B47D-4725-B02F-31A22C83DD19}.Debug|Any CPU.ActiveCfg = Debug|Any CPU
		{95FBCEF3-B47D-4725-B02F-31A22C83DD19}.Debug|Any CPU.Build.0 = Debug|Any CPU
		{95FBCEF3-B47D-4725-B02F-31A22C83DD19}.Release|Any CPU.ActiveCfg = Release|Any CPU
		{95FBCEF3-B47D-4725-B02F-31A22C83DD19}.Release|Any CPU.Build.0 = Release|Any CPU
		{70E267B9-4025-48D3-BE1E-E7DE547CF368}.Debug|Any CPU.ActiveCfg = Debug|Any CPU
		{70E267B9-4025-48D3-BE1E-E7DE547CF368}.Debug|Any CPU.Build.0 = Debug|Any CPU
		{70E267B9-4025-48D3-BE1E-E7DE547CF368}.Release|Any CPU.ActiveCfg = Release|Any CPU
		{70E267B9-4025-48D3-BE1E-E7DE547CF368}.Release|Any CPU.Build.0 = Release|Any CPU
		{52762638-3881-4D78-80E3-14ADFE6B034E}.Debug|Any CPU.ActiveCfg = Debug|Any CPU
		{52762638-3881-4D78-80E3-14ADFE6B034E}.Debug|Any CPU.Build.0 = Debug|Any CPU
		{52762638-3881-4D78-80E3-14ADFE6B034E}.Release|Any CPU.ActiveCfg = Release|Any CPU
		{52762638-3881-4D78-80E3-14ADFE6B034E}.Release|Any CPU.Build.0 = Release|Any CPU
		{342789FC-00F5-4A53-9DC8-AE31B4525C54}.Debug|Any CPU.ActiveCfg = Debug|Any CPU
		{342789FC-00F5-4A53-9DC8-AE31B4525C54}.Debug|Any CPU.Build.0 = Debug|Any CPU
		{342789FC-00F5-4A53-9DC8-AE31B4525C54}.Release|Any CPU.ActiveCfg = Release|Any CPU
		{342789FC-00F5-4A53-9DC8-AE31B4525C54}.Release|Any CPU.Build.0 = Release|Any CPU
		{A7197863-7E26-4485-B04E-49F95C73767F}.Debug|Any CPU.ActiveCfg = Debug|Any CPU
		{A7197863-7E26-4485-B04E-49F95C73767F}.Debug|Any CPU.Build.0 = Debug|Any CPU
		{A7197863-7E26-4485-B04E-49F95C73767F}.Release|Any CPU.ActiveCfg = Release|Any CPU
		{A7197863-7E26-4485-B04E-49F95C73767F}.Release|Any CPU.Build.0 = Release|Any CPU
		{F4672017-B239-40B3-A396-348BF36C646E}.Debug|Any CPU.ActiveCfg = Debug|Any CPU
		{F4672017-B239-40B3-A396-348BF36C646E}.Debug|Any CPU.Build.0 = Debug|Any CPU
		{F4672017-B239-40B3-A396-348BF36C646E}.Release|Any CPU.ActiveCfg = Release|Any CPU
		{F4672017-B239-40B3-A396-348BF36C646E}.Release|Any CPU.Build.0 = Release|Any CPU
		{7B200664-C61E-43DF-9EF1-B5FCFA1646D3}.Debug|Any CPU.ActiveCfg = Debug|Any CPU
		{7B200664-C61E-43DF-9EF1-B5FCFA1646D3}.Debug|Any CPU.Build.0 = Debug|Any CPU
		{7B200664-C61E-43DF-9EF1-B5FCFA1646D3}.Release|Any CPU.ActiveCfg = Release|Any CPU
		{7B200664-C61E-43DF-9EF1-B5FCFA1646D3}.Release|Any CPU.Build.0 = Release|Any CPU
		{3C918AA8-CED6-44D5-934D-343C1E802A98}.Debug|Any CPU.ActiveCfg = Debug|Any CPU
		{3C918AA8-CED6-44D5-934D-343C1E802A98}.Debug|Any CPU.Build.0 = Debug|Any CPU
		{3C918AA8-CED6-44D5-934D-343C1E802A98}.Release|Any CPU.ActiveCfg = Release|Any CPU
		{3C918AA8-CED6-44D5-934D-343C1E802A98}.Release|Any CPU.Build.0 = Release|Any CPU
	EndGlobalSection
	GlobalSection(SolutionProperties) = preSolution
		HideSolutionNode = FALSE
	EndGlobalSection
	GlobalSection(ExtensibilityGlobals) = postSolution
		SolutionGuid = {6C17F1C0-692C-4187-8D7A-80334D1BC0E0}
	EndGlobalSection
EndGlobal
